
Microsoft Visual Studio Solution File, Format Version 12.00
# Visual Studio 2013
VisualStudioVersion = 12.0.30723.0
MinimumVisualStudioVersion = 10.0.40219.1
Project("{FAE04EC0-301F-11D3-BF4B-00C04F79EFBC}") = "NugetTests_net35", "NugetTests_net35\NugetTests_net35.csproj", "{E6D28865-5094-46C1-8816-9640623B26E4}"
EndProject
Project("{FAE04EC0-301F-11D3-BF4B-00C04F79EFBC}") = "NugetTests_net40", "NugetTests_net40\NugetTests_net40.csproj", "{5CBA5DC0-AF86-4FC0-8D13-C3324EC51DDD}"
EndProject
Project("{FAE04EC0-301F-11D3-BF4B-00C04F79EFBC}") = "NugetTests_net45", "NugetTests_net45\NugetTests_net45.csproj", "{AA376A70-0C4E-4777-B1A8-0107F8D6BFB2}"
EndProject
Project("{FAE04EC0-301F-11D3-BF4B-00C04F79EFBC}") = "NugetTests_wsa", "NugetTests_wsa\NugetTests_wsa.csproj", "{2611D4FB-FAB2-4723-9E0A-1D1285F40CCA}"
EndProject
Global
	GlobalSection(SolutionConfigurationPlatforms) = preSolution
		Debug|Any CPU = Debug|Any CPU
		Debug|ARM = Debug|ARM
		Debug|x64 = Debug|x64
		Debug|x86 = Debug|x86
		Release|Any CPU = Release|Any CPU
		Release|ARM = Release|ARM
		Release|x64 = Release|x64
		Release|x86 = Release|x86
	EndGlobalSection
	GlobalSection(ProjectConfigurationPlatforms) = postSolution
		{E6D28865-5094-46C1-8816-9640623B26E4}.Debug|Any CPU.ActiveCfg = Debug|Any CPU
		{E6D28865-5094-46C1-8816-9640623B26E4}.Debug|Any CPU.Build.0 = Debug|Any CPU
		{E6D28865-5094-46C1-8816-9640623B26E4}.Debug|ARM.ActiveCfg = Debug|Any CPU
		{E6D28865-5094-46C1-8816-9640623B26E4}.Debug|x64.ActiveCfg = Debug|Any CPU
		{E6D28865-5094-46C1-8816-9640623B26E4}.Debug|x86.ActiveCfg = Debug|Any CPU
		{E6D28865-5094-46C1-8816-9640623B26E4}.Release|Any CPU.ActiveCfg = Release|Any CPU
		{E6D28865-5094-46C1-8816-9640623B26E4}.Release|Any CPU.Build.0 = Release|Any CPU
		{E6D28865-5094-46C1-8816-9640623B26E4}.Release|ARM.ActiveCfg = Release|Any CPU
		{E6D28865-5094-46C1-8816-9640623B26E4}.Release|x64.ActiveCfg = Release|Any CPU
		{E6D28865-5094-46C1-8816-9640623B26E4}.Release|x86.ActiveCfg = Release|Any CPU
		{5CBA5DC0-AF86-4FC0-8D13-C3324EC51DDD}.Debug|Any CPU.ActiveCfg = Debug|Any CPU
		{5CBA5DC0-AF86-4FC0-8D13-C3324EC51DDD}.Debug|Any CPU.Build.0 = Debug|Any CPU
		{5CBA5DC0-AF86-4FC0-8D13-C3324EC51DDD}.Debug|ARM.ActiveCfg = Debug|Any CPU
		{5CBA5DC0-AF86-4FC0-8D13-C3324EC51DDD}.Debug|x64.ActiveCfg = Debug|Any CPU
		{5CBA5DC0-AF86-4FC0-8D13-C3324EC51DDD}.Debug|x86.ActiveCfg = Debug|Any CPU
		{5CBA5DC0-AF86-4FC0-8D13-C3324EC51DDD}.Release|Any CPU.ActiveCfg = Release|Any CPU
		{5CBA5DC0-AF86-4FC0-8D13-C3324EC51DDD}.Release|Any CPU.Build.0 = Release|Any CPU
		{5CBA5DC0-AF86-4FC0-8D13-C3324EC51DDD}.Release|ARM.ActiveCfg = Release|Any CPU
		{5CBA5DC0-AF86-4FC0-8D13-C3324EC51DDD}.Release|x64.ActiveCfg = Release|Any CPU
		{5CBA5DC0-AF86-4FC0-8D13-C3324EC51DDD}.Release|x86.ActiveCfg = Release|Any CPU
		{AA376A70-0C4E-4777-B1A8-0107F8D6BFB2}.Debug|Any CPU.ActiveCfg = Debug|Any CPU
		{AA376A70-0C4E-4777-B1A8-0107F8D6BFB2}.Debug|Any CPU.Build.0 = Debug|Any CPU
		{AA376A70-0C4E-4777-B1A8-0107F8D6BFB2}.Debug|ARM.ActiveCfg = Debug|Any CPU
		{AA376A70-0C4E-4777-B1A8-0107F8D6BFB2}.Debug|x64.ActiveCfg = Debug|Any CPU
		{AA376A70-0C4E-4777-B1A8-0107F8D6BFB2}.Debug|x86.ActiveCfg = Debug|Any CPU
		{AA376A70-0C4E-4777-B1A8-0107F8D6BFB2}.Release|Any CPU.ActiveCfg = Release|Any CPU
		{AA376A70-0C4E-4777-B1A8-0107F8D6BFB2}.Release|Any CPU.Build.0 = Release|Any CPU
		{AA376A70-0C4E-4777-B1A8-0107F8D6BFB2}.Release|ARM.ActiveCfg = Release|Any CPU
		{AA376A70-0C4E-4777-B1A8-0107F8D6BFB2}.Release|x64.ActiveCfg = Release|Any CPU
		{AA376A70-0C4E-4777-B1A8-0107F8D6BFB2}.Release|x86.ActiveCfg = Release|Any CPU
		{2611D4FB-FAB2-4723-9E0A-1D1285F40CCA}.Debug|Any CPU.ActiveCfg = Debug|Any CPU
		{2611D4FB-FAB2-4723-9E0A-1D1285F40CCA}.Debug|Any CPU.Build.0 = Debug|Any CPU
		{2611D4FB-FAB2-4723-9E0A-1D1285F40CCA}.Debug|Any CPU.Deploy.0 = Debug|Any CPU
		{2611D4FB-FAB2-4723-9E0A-1D1285F40CCA}.Debug|ARM.ActiveCfg = Debug|ARM
		{2611D4FB-FAB2-4723-9E0A-1D1285F40CCA}.Debug|ARM.Build.0 = Debug|ARM
		{2611D4FB-FAB2-4723-9E0A-1D1285F40CCA}.Debug|ARM.Deploy.0 = Debug|ARM
		{2611D4FB-FAB2-4723-9E0A-1D1285F40CCA}.Debug|x64.ActiveCfg = Debug|x64
		{2611D4FB-FAB2-4723-9E0A-1D1285F40CCA}.Debug|x64.Build.0 = Debug|x64
		{2611D4FB-FAB2-4723-9E0A-1D1285F40CCA}.Debug|x64.Deploy.0 = Debug|x64
		{2611D4FB-FAB2-4723-9E0A-1D1285F40CCA}.Debug|x86.ActiveCfg = Debug|x86
		{2611D4FB-FAB2-4723-9E0A-1D1285F40CCA}.Debug|x86.Build.0 = Debug|x86
		{2611D4FB-FAB2-4723-9E0A-1D1285F40CCA}.Debug|x86.Deploy.0 = Debug|x86
		{2611D4FB-FAB2-4723-9E0A-1D1285F40CCA}.Release|Any CPU.ActiveCfg = Release|Any CPU
		{2611D4FB-FAB2-4723-9E0A-1D1285F40CCA}.Release|Any CPU.Build.0 = Release|Any CPU
		{2611D4FB-FAB2-4723-9E0A-1D1285F40CCA}.Release|Any CPU.Deploy.0 = Release|Any CPU
		{2611D4FB-FAB2-4723-9E0A-1D1285F40CCA}.Release|ARM.ActiveCfg = Release|ARM
		{2611D4FB-FAB2-4723-9E0A-1D1285F40CCA}.Release|ARM.Build.0 = Release|ARM
		{2611D4FB-FAB2-4723-9E0A-1D1285F40CCA}.Release|ARM.Deploy.0 = Release|ARM
		{2611D4FB-FAB2-4723-9E0A-1D1285F40CCA}.Release|x64.ActiveCfg = Release|x64
		{2611D4FB-FAB2-4723-9E0A-1D1285F40CCA}.Release|x64.Build.0 = Release|x64
		{2611D4FB-FAB2-4723-9E0A-1D1285F40CCA}.Release|x64.Deploy.0 = Release|x64
		{2611D4FB-FAB2-4723-9E0A-1D1285F40CCA}.Release|x86.ActiveCfg = Release|x86
		{2611D4FB-FAB2-4723-9E0A-1D1285F40CCA}.Release|x86.Build.0 = Release|x86
		{2611D4FB-FAB2-4723-9E0A-1D1285F40CCA}.Release|x86.Deploy.0 = Release|x86
	EndGlobalSection
	GlobalSection(SolutionProperties) = preSolution
		HideSolutionNode = FALSE
	EndGlobalSection
EndGlobal
