
Microsoft Visual Studio Solution File, Format Version 12.00
# Visual Studio 2013
Project("{FAE04EC0-301F-11D3-BF4B-00C04F79EFBC}") = "UnityVS.UnityTestBed.CSharp", "UnityVS.UnityTestBed.CSharp.csproj", "{AB7EF7C3-E7B9-30AA-7BD5-D186BE943024}"
EndProject
Global
	GlobalSection(SolutionConfigurationPlatforms) = preSolution
		Debug|Any CPU = Debug|Any CPU
		Release|Any CPU = Release|Any CPU
	EndGlobalSection
	GlobalSection(ProjectConfigurationPlatforms) = postSolution
		{AB7EF7C3-E7B9-30AA-7BD5-D186BE943024}.Debug|Any CPU.ActiveCfg = Debug|Any CPU
		{AB7EF7C3-E7B9-30AA-7BD5-D186BE943024}.Debug|Any CPU.Build.0 = Debug|Any CPU
		{AB7EF7C3-E7B9-30AA-7BD5-D186BE943024}.Release|Any CPU.ActiveCfg = Release|Any CPU
		{AB7EF7C3-E7B9-30AA-7BD5-D186BE943024}.Release|Any CPU.Build.0 = Release|Any CPU
	EndGlobalSection
	GlobalSection(SolutionProperties) = preSolution
		HideSolutionNode = FALSE
	EndGlobalSection
EndGlobal
