
Microsoft Visual Studio Solution File, Format Version 12.00
# Visual Studio 2013
VisualStudioVersion = 12.0.31101.0
MinimumVisualStudioVersion = 10.0.40219.1
Project("{FAE04EC0-301F-11D3-BF4B-00C04F79EFBC}") = "MoonSharp", "MoonSharp\MoonSharp.csproj", "{2A4BD262-D6EB-4611-A28B-27B6DAEB089B}"
EndProject
Project("{FAE04EC0-301F-11D3-BF4B-00C04F79EFBC}") = "MoonSharp.Interpreter.net35-client", "MoonSharp.Interpreter\MoonSharp.Interpreter.net35-client.csproj", "{91EA9B9D-FE03-4273-BDAF-8AD42EDE1E59}"
EndProject
Project("{2150E333-8FDC-42A3-9474-1A3956D46DE8}") = "root", "root", "{F02DBEDA-6AEB-461A-9557-DA7E2CB56C5A}"
	ProjectSection(SolutionItems) = preProject
		..\LICENSE = ..\LICENSE
		..\README.md = ..\README.md
	EndProjectSection
EndProject
Project("{FAE04EC0-301F-11D3-BF4B-00C04F79EFBC}") = "MoonSharp.RemoteDebugger.net35-client", "MoonSharp.RemoteDebugger\MoonSharp.RemoteDebugger.net35-client.csproj", "{43D3AD52-FED5-4305-B0F4-6B991220CD0A}"
EndProject
Project("{2150E333-8FDC-42A3-9474-1A3956D46DE8}") = "Interpreters", "Interpreters", "{16A9EA72-79A5-448D-B7A3-55E7D8362479}"
EndProject
Project("{2150E333-8FDC-42A3-9474-1A3956D46DE8}") = "RemoteDebuggers", "RemoteDebuggers", "{5014C740-F6C7-4995-8D40-C250FB159A20}"
EndProject
Project("{2150E333-8FDC-42A3-9474-1A3956D46DE8}") = "Distribution", "Distribution", "{59F722D5-6E5C-4544-A849-18E7CE876FDF}"
EndProject
Project("{2150E333-8FDC-42A3-9474-1A3956D46DE8}") = "Tests", "Tests", "{FA582319-EA17-4C52-870D-C00EF793628F}"
EndProject
Project("{2150E333-8FDC-42A3-9474-1A3956D46DE8}") = "TestRunners", "TestRunners", "{023F1F7D-5F49-430F-9CC4-5FF891439548}"
EndProject
Project("{FAE04EC0-301F-11D3-BF4B-00C04F79EFBC}") = "MoonSharp.Interpreter.Tests.net35-client", "MoonSharp.Interpreter.Tests\MoonSharp.Interpreter.Tests.net35-client.csproj", "{4AD350E6-E296-43EF-9FEA-CB70358467E4}"
EndProject
Project("{2150E333-8FDC-42A3-9474-1A3956D46DE8}") = "Extensions", "Extensions", "{32D6B30B-3970-45A0-AE63-2150CAEC325A}"
EndProject
Project("{2150E333-8FDC-42A3-9474-1A3956D46DE8}") = "DevTools", "DevTools", "{500D1F06-7CD8-4A02-92F5-15140CD4C043}"
EndProject
Project("{FAE04EC0-301F-11D3-BF4B-00C04F79EFBC}") = "MoonSharp.VmDebugger", "DevTools\MoonSharp.VmDebugger\MoonSharp.VmDebugger.csproj", "{F4F82CCE-2E13-441B-939C-63CF2343B1C9}"
EndProject
Project("{FAE04EC0-301F-11D3-BF4B-00C04F79EFBC}") = "Playground", "DevTools\Playground\Playground.csproj", "{F039D7BE-0761-4618-BFA4-924E96584219}"
EndProject
Global
	GlobalSection(SolutionConfigurationPlatforms) = preSolution
		Debug|Any CPU = Debug|Any CPU
		Debug|ARM = Debug|ARM
		Debug|x64 = Debug|x64
		Debug|x86 = Debug|x86
		Dev|Any CPU = Dev|Any CPU
		Dev|ARM = Dev|ARM
		Dev|x64 = Dev|x64
		Dev|x86 = Dev|x86
		Devp4|Any CPU = Devp4|Any CPU
		Devp4|ARM = Devp4|ARM
		Devp4|x64 = Devp4|x64
		Devp4|x86 = Devp4|x86
		Release|Any CPU = Release|Any CPU
		Release|ARM = Release|ARM
		Release|x64 = Release|x64
		Release|x86 = Release|x86
	EndGlobalSection
	GlobalSection(ProjectConfigurationPlatforms) = postSolution
		{2A4BD262-D6EB-4611-A28B-27B6DAEB089B}.Debug|Any CPU.ActiveCfg = Debug|Any CPU
		{2A4BD262-D6EB-4611-A28B-27B6DAEB089B}.Debug|Any CPU.Build.0 = Debug|Any CPU
		{2A4BD262-D6EB-4611-A28B-27B6DAEB089B}.Debug|ARM.ActiveCfg = Debug|Any CPU
		{2A4BD262-D6EB-4611-A28B-27B6DAEB089B}.Debug|x64.ActiveCfg = Debug|Any CPU
		{2A4BD262-D6EB-4611-A28B-27B6DAEB089B}.Debug|x86.ActiveCfg = Debug|x86
		{2A4BD262-D6EB-4611-A28B-27B6DAEB089B}.Debug|x86.Build.0 = Debug|x86
		{2A4BD262-D6EB-4611-A28B-27B6DAEB089B}.Dev|Any CPU.ActiveCfg = Dev|Any CPU
		{2A4BD262-D6EB-4611-A28B-27B6DAEB089B}.Dev|Any CPU.Build.0 = Dev|Any CPU
		{2A4BD262-D6EB-4611-A28B-27B6DAEB089B}.Dev|ARM.ActiveCfg = Dev|Any CPU
		{2A4BD262-D6EB-4611-A28B-27B6DAEB089B}.Dev|x64.ActiveCfg = Dev|Any CPU
		{2A4BD262-D6EB-4611-A28B-27B6DAEB089B}.Dev|x86.ActiveCfg = Dev|x86
		{2A4BD262-D6EB-4611-A28B-27B6DAEB089B}.Dev|x86.Build.0 = Dev|x86
		{2A4BD262-D6EB-4611-A28B-27B6DAEB089B}.Devp4|Any CPU.ActiveCfg = Devp4|Any CPU
		{2A4BD262-D6EB-4611-A28B-27B6DAEB089B}.Devp4|ARM.ActiveCfg = Devp4|Any CPU
		{2A4BD262-D6EB-4611-A28B-27B6DAEB089B}.Devp4|x64.ActiveCfg = Devp4|Any CPU
		{2A4BD262-D6EB-4611-A28B-27B6DAEB089B}.Devp4|x86.ActiveCfg = Devp4|x86
		{2A4BD262-D6EB-4611-A28B-27B6DAEB089B}.Devp4|x86.Build.0 = Devp4|x86
		{2A4BD262-D6EB-4611-A28B-27B6DAEB089B}.Release|Any CPU.ActiveCfg = Release|Any CPU
		{2A4BD262-D6EB-4611-A28B-27B6DAEB089B}.Release|Any CPU.Build.0 = Release|Any CPU
		{2A4BD262-D6EB-4611-A28B-27B6DAEB089B}.Release|ARM.ActiveCfg = Release|Any CPU
		{2A4BD262-D6EB-4611-A28B-27B6DAEB089B}.Release|x64.ActiveCfg = Release|Any CPU
		{2A4BD262-D6EB-4611-A28B-27B6DAEB089B}.Release|x86.ActiveCfg = Release|x86
		{2A4BD262-D6EB-4611-A28B-27B6DAEB089B}.Release|x86.Build.0 = Release|x86
		{91EA9B9D-FE03-4273-BDAF-8AD42EDE1E59}.Debug|Any CPU.ActiveCfg = Debug|Any CPU
		{91EA9B9D-FE03-4273-BDAF-8AD42EDE1E59}.Debug|Any CPU.Build.0 = Debug|Any CPU
		{91EA9B9D-FE03-4273-BDAF-8AD42EDE1E59}.Debug|ARM.ActiveCfg = Debug|Any CPU
		{91EA9B9D-FE03-4273-BDAF-8AD42EDE1E59}.Debug|x64.ActiveCfg = Debug|Any CPU
		{91EA9B9D-FE03-4273-BDAF-8AD42EDE1E59}.Debug|x86.ActiveCfg = Debug|x86
		{91EA9B9D-FE03-4273-BDAF-8AD42EDE1E59}.Debug|x86.Build.0 = Debug|x86
		{91EA9B9D-FE03-4273-BDAF-8AD42EDE1E59}.Dev|Any CPU.ActiveCfg = Dev|Any CPU
		{91EA9B9D-FE03-4273-BDAF-8AD42EDE1E59}.Dev|Any CPU.Build.0 = Dev|Any CPU
		{91EA9B9D-FE03-4273-BDAF-8AD42EDE1E59}.Dev|ARM.ActiveCfg = Dev|Any CPU
		{91EA9B9D-FE03-4273-BDAF-8AD42EDE1E59}.Dev|x64.ActiveCfg = Dev|Any CPU
		{91EA9B9D-FE03-4273-BDAF-8AD42EDE1E59}.Dev|x86.ActiveCfg = Dev|x86
		{91EA9B9D-FE03-4273-BDAF-8AD42EDE1E59}.Dev|x86.Build.0 = Dev|x86
		{91EA9B9D-FE03-4273-BDAF-8AD42EDE1E59}.Devp4|Any CPU.ActiveCfg = Devp4|Any CPU
		{91EA9B9D-FE03-4273-BDAF-8AD42EDE1E59}.Devp4|ARM.ActiveCfg = Devp4|Any CPU
		{91EA9B9D-FE03-4273-BDAF-8AD42EDE1E59}.Devp4|x64.ActiveCfg = Devp4|Any CPU
		{91EA9B9D-FE03-4273-BDAF-8AD42EDE1E59}.Devp4|x86.ActiveCfg = Devp4|x86
		{91EA9B9D-FE03-4273-BDAF-8AD42EDE1E59}.Devp4|x86.Build.0 = Devp4|x86
		{91EA9B9D-FE03-4273-BDAF-8AD42EDE1E59}.Release|Any CPU.ActiveCfg = Release|Any CPU
		{91EA9B9D-FE03-4273-BDAF-8AD42EDE1E59}.Release|Any CPU.Build.0 = Release|Any CPU
		{91EA9B9D-FE03-4273-BDAF-8AD42EDE1E59}.Release|ARM.ActiveCfg = Release|Any CPU
		{91EA9B9D-FE03-4273-BDAF-8AD42EDE1E59}.Release|x64.ActiveCfg = Release|Any CPU
		{91EA9B9D-FE03-4273-BDAF-8AD42EDE1E59}.Release|x86.ActiveCfg = Release|x86
		{91EA9B9D-FE03-4273-BDAF-8AD42EDE1E59}.Release|x86.Build.0 = Release|x86
		{43D3AD52-FED5-4305-B0F4-6B991220CD0A}.Debug|Any CPU.ActiveCfg = Debug|Any CPU
		{43D3AD52-FED5-4305-B0F4-6B991220CD0A}.Debug|Any CPU.Build.0 = Debug|Any CPU
		{43D3AD52-FED5-4305-B0F4-6B991220CD0A}.Debug|ARM.ActiveCfg = Debug|Any CPU
		{43D3AD52-FED5-4305-B0F4-6B991220CD0A}.Debug|x64.ActiveCfg = Debug|Any CPU
		{43D3AD52-FED5-4305-B0F4-6B991220CD0A}.Debug|x86.ActiveCfg = Debug|Any CPU
		{43D3AD52-FED5-4305-B0F4-6B991220CD0A}.Dev|Any CPU.ActiveCfg = Dev|Any CPU
		{43D3AD52-FED5-4305-B0F4-6B991220CD0A}.Dev|Any CPU.Build.0 = Dev|Any CPU
		{43D3AD52-FED5-4305-B0F4-6B991220CD0A}.Dev|ARM.ActiveCfg = Dev|Any CPU
		{43D3AD52-FED5-4305-B0F4-6B991220CD0A}.Dev|x64.ActiveCfg = Dev|Any CPU
		{43D3AD52-FED5-4305-B0F4-6B991220CD0A}.Dev|x86.ActiveCfg = Dev|Any CPU
		{43D3AD52-FED5-4305-B0F4-6B991220CD0A}.Devp4|Any CPU.ActiveCfg = Devp4|Any CPU
		{43D3AD52-FED5-4305-B0F4-6B991220CD0A}.Devp4|ARM.ActiveCfg = Devp4|Any CPU
		{43D3AD52-FED5-4305-B0F4-6B991220CD0A}.Devp4|x64.ActiveCfg = Devp4|Any CPU
		{43D3AD52-FED5-4305-B0F4-6B991220CD0A}.Devp4|x86.ActiveCfg = Devp4|Any CPU
		{43D3AD52-FED5-4305-B0F4-6B991220CD0A}.Release|Any CPU.ActiveCfg = Release|Any CPU
		{43D3AD52-FED5-4305-B0F4-6B991220CD0A}.Release|Any CPU.Build.0 = Release|Any CPU
		{43D3AD52-FED5-4305-B0F4-6B991220CD0A}.Release|ARM.ActiveCfg = Release|Any CPU
		{43D3AD52-FED5-4305-B0F4-6B991220CD0A}.Release|x64.ActiveCfg = Release|Any CPU
		{43D3AD52-FED5-4305-B0F4-6B991220CD0A}.Release|x86.ActiveCfg = Release|Any CPU
		{4AD350E6-E296-43EF-9FEA-CB70358467E4}.Debug|Any CPU.ActiveCfg = Debug|Any CPU
		{4AD350E6-E296-43EF-9FEA-CB70358467E4}.Debug|Any CPU.Build.0 = Debug|Any CPU
		{4AD350E6-E296-43EF-9FEA-CB70358467E4}.Debug|ARM.ActiveCfg = Debug|Any CPU
		{4AD350E6-E296-43EF-9FEA-CB70358467E4}.Debug|x64.ActiveCfg = Debug|Any CPU
		{4AD350E6-E296-43EF-9FEA-CB70358467E4}.Debug|x86.ActiveCfg = Debug|x86
		{4AD350E6-E296-43EF-9FEA-CB70358467E4}.Debug|x86.Build.0 = Debug|x86
		{4AD350E6-E296-43EF-9FEA-CB70358467E4}.Dev|Any CPU.ActiveCfg = Dev|Any CPU
		{4AD350E6-E296-43EF-9FEA-CB70358467E4}.Dev|Any CPU.Build.0 = Dev|Any CPU
		{4AD350E6-E296-43EF-9FEA-CB70358467E4}.Dev|ARM.ActiveCfg = Dev|Any CPU
		{4AD350E6-E296-43EF-9FEA-CB70358467E4}.Dev|x64.ActiveCfg = Dev|Any CPU
		{4AD350E6-E296-43EF-9FEA-CB70358467E4}.Dev|x86.ActiveCfg = Dev|x86
		{4AD350E6-E296-43EF-9FEA-CB70358467E4}.Dev|x86.Build.0 = Dev|x86
		{4AD350E6-E296-43EF-9FEA-CB70358467E4}.Devp4|Any CPU.ActiveCfg = Devp4|Any CPU
		{4AD350E6-E296-43EF-9FEA-CB70358467E4}.Devp4|ARM.ActiveCfg = Devp4|Any CPU
		{4AD350E6-E296-43EF-9FEA-CB70358467E4}.Devp4|x64.ActiveCfg = Devp4|Any CPU
		{4AD350E6-E296-43EF-9FEA-CB70358467E4}.Devp4|x86.ActiveCfg = Devp4|x86
		{4AD350E6-E296-43EF-9FEA-CB70358467E4}.Devp4|x86.Build.0 = Devp4|x86
		{4AD350E6-E296-43EF-9FEA-CB70358467E4}.Release|Any CPU.ActiveCfg = Release|Any CPU
		{4AD350E6-E296-43EF-9FEA-CB70358467E4}.Release|Any CPU.Build.0 = Release|Any CPU
		{4AD350E6-E296-43EF-9FEA-CB70358467E4}.Release|ARM.ActiveCfg = Release|Any CPU
		{4AD350E6-E296-43EF-9FEA-CB70358467E4}.Release|x64.ActiveCfg = Release|Any CPU
		{4AD350E6-E296-43EF-9FEA-CB70358467E4}.Release|x86.ActiveCfg = Release|x86
		{4AD350E6-E296-43EF-9FEA-CB70358467E4}.Release|x86.Build.0 = Release|x86
		{F4F82CCE-2E13-441B-939C-63CF2343B1C9}.Debug|Any CPU.ActiveCfg = Debug|Any CPU
		{F4F82CCE-2E13-441B-939C-63CF2343B1C9}.Debug|Any CPU.Build.0 = Debug|Any CPU
		{F4F82CCE-2E13-441B-939C-63CF2343B1C9}.Debug|ARM.ActiveCfg = Debug|Any CPU
		{F4F82CCE-2E13-441B-939C-63CF2343B1C9}.Debug|x64.ActiveCfg = Debug|Any CPU
		{F4F82CCE-2E13-441B-939C-63CF2343B1C9}.Debug|x86.ActiveCfg = Debug|x86
		{F4F82CCE-2E13-441B-939C-63CF2343B1C9}.Debug|x86.Build.0 = Debug|x86
		{F4F82CCE-2E13-441B-939C-63CF2343B1C9}.Dev|Any CPU.ActiveCfg = Dev|Any CPU
		{F4F82CCE-2E13-441B-939C-63CF2343B1C9}.Dev|Any CPU.Build.0 = Dev|Any CPU
		{F4F82CCE-2E13-441B-939C-63CF2343B1C9}.Dev|ARM.ActiveCfg = Dev|Any CPU
		{F4F82CCE-2E13-441B-939C-63CF2343B1C9}.Dev|x64.ActiveCfg = Dev|Any CPU
		{F4F82CCE-2E13-441B-939C-63CF2343B1C9}.Dev|x86.ActiveCfg = Dev|x86
		{F4F82CCE-2E13-441B-939C-63CF2343B1C9}.Dev|x86.Build.0 = Dev|x86
		{F4F82CCE-2E13-441B-939C-63CF2343B1C9}.Devp4|Any CPU.ActiveCfg = Devp4|Any CPU
		{F4F82CCE-2E13-441B-939C-63CF2343B1C9}.Devp4|Any CPU.Build.0 = Devp4|Any CPU
		{F4F82CCE-2E13-441B-939C-63CF2343B1C9}.Devp4|ARM.ActiveCfg = Devp4|Any CPU
		{F4F82CCE-2E13-441B-939C-63CF2343B1C9}.Devp4|x64.ActiveCfg = Devp4|Any CPU
		{F4F82CCE-2E13-441B-939C-63CF2343B1C9}.Devp4|x86.ActiveCfg = Devp4|x86
		{F4F82CCE-2E13-441B-939C-63CF2343B1C9}.Devp4|x86.Build.0 = Devp4|x86
		{F4F82CCE-2E13-441B-939C-63CF2343B1C9}.Release|Any CPU.ActiveCfg = Release|Any CPU
		{F4F82CCE-2E13-441B-939C-63CF2343B1C9}.Release|Any CPU.Build.0 = Release|Any CPU
		{F4F82CCE-2E13-441B-939C-63CF2343B1C9}.Release|ARM.ActiveCfg = Release|Any CPU
		{F4F82CCE-2E13-441B-939C-63CF2343B1C9}.Release|x64.ActiveCfg = Release|Any CPU
		{F4F82CCE-2E13-441B-939C-63CF2343B1C9}.Release|x86.ActiveCfg = Release|x86
		{F4F82CCE-2E13-441B-939C-63CF2343B1C9}.Release|x86.Build.0 = Release|x86
		{F039D7BE-0761-4618-BFA4-924E96584219}.Debug|Any CPU.ActiveCfg = Debug|Any CPU
		{F039D7BE-0761-4618-BFA4-924E96584219}.Debug|Any CPU.Build.0 = Debug|Any CPU
		{F039D7BE-0761-4618-BFA4-924E96584219}.Debug|ARM.ActiveCfg = Debug|Any CPU
		{F039D7BE-0761-4618-BFA4-924E96584219}.Debug|x64.ActiveCfg = Debug|Any CPU
		{F039D7BE-0761-4618-BFA4-924E96584219}.Debug|x86.ActiveCfg = Debug|Any CPU
		{F039D7BE-0761-4618-BFA4-924E96584219}.Dev|Any CPU.ActiveCfg = Debug|Any CPU
		{F039D7BE-0761-4618-BFA4-924E96584219}.Dev|Any CPU.Build.0 = Debug|Any CPU
		{F039D7BE-0761-4618-BFA4-924E96584219}.Dev|ARM.ActiveCfg = Debug|Any CPU
		{F039D7BE-0761-4618-BFA4-924E96584219}.Dev|x64.ActiveCfg = Debug|Any CPU
		{F039D7BE-0761-4618-BFA4-924E96584219}.Dev|x86.ActiveCfg = Debug|Any CPU
		{F039D7BE-0761-4618-BFA4-924E96584219}.Devp4|Any CPU.ActiveCfg = Debug|Any CPU
		{F039D7BE-0761-4618-BFA4-924E96584219}.Devp4|Any CPU.Build.0 = Debug|Any CPU
		{F039D7BE-0761-4618-BFA4-924E96584219}.Devp4|ARM.ActiveCfg = Debug|Any CPU
		{F039D7BE-0761-4618-BFA4-924E96584219}.Devp4|x64.ActiveCfg = Debug|Any CPU
		{F039D7BE-0761-4618-BFA4-924E96584219}.Devp4|x86.ActiveCfg = Debug|Any CPU
		{F039D7BE-0761-4618-BFA4-924E96584219}.Release|Any CPU.ActiveCfg = Release|Any CPU
		{F039D7BE-0761-4618-BFA4-924E96584219}.Release|Any CPU.Build.0 = Release|Any CPU
		{F039D7BE-0761-4618-BFA4-924E96584219}.Release|ARM.ActiveCfg = Release|Any CPU
		{F039D7BE-0761-4618-BFA4-924E96584219}.Release|x64.ActiveCfg = Release|Any CPU
		{F039D7BE-0761-4618-BFA4-924E96584219}.Release|x86.ActiveCfg = Release|Any CPU
	EndGlobalSection
	GlobalSection(SolutionProperties) = preSolution
		HideSolutionNode = FALSE
	EndGlobalSection
	GlobalSection(NestedProjects) = preSolution
		{2A4BD262-D6EB-4611-A28B-27B6DAEB089B} = {59F722D5-6E5C-4544-A849-18E7CE876FDF}
		{91EA9B9D-FE03-4273-BDAF-8AD42EDE1E59} = {16A9EA72-79A5-448D-B7A3-55E7D8362479}
		{43D3AD52-FED5-4305-B0F4-6B991220CD0A} = {5014C740-F6C7-4995-8D40-C250FB159A20}
		{4AD350E6-E296-43EF-9FEA-CB70358467E4} = {FA582319-EA17-4C52-870D-C00EF793628F}
		{F4F82CCE-2E13-441B-939C-63CF2343B1C9} = {500D1F06-7CD8-4A02-92F5-15140CD4C043}
		{F039D7BE-0761-4618-BFA4-924E96584219} = {500D1F06-7CD8-4A02-92F5-15140CD4C043}
	EndGlobalSection
EndGlobal
