
Microsoft Visual Studio Solution File, Format Version 12.00
# Visual Studio 14
VisualStudioVersion = 14.0.25420.1
MinimumVisualStudioVersion = 10.0.40219.1
Project("{2150E333-8FDC-42A3-9474-1A3956D46DE8}") = "root", "root", "{F02DBEDA-6AEB-461A-9557-DA7E2CB56C5A}"
	ProjectSection(SolutionItems) = preProject
		..\.travis.yml = ..\.travis.yml
		..\LICENSE = ..\LICENSE
		..\README.md = ..\README.md
	EndProjectSection
EndProject
Project("{2150E333-8FDC-42A3-9474-1A3956D46DE8}") = "Interpreters", "Interpreters", "{16A9EA72-79A5-448D-B7A3-55E7D8362479}"
EndProject
Project("{2150E333-8FDC-42A3-9474-1A3956D46DE8}") = "RemoteDebuggers", "RemoteDebuggers", "{5014C740-F6C7-4995-8D40-C250FB159A20}"
EndProject
Project("{2150E333-8FDC-42A3-9474-1A3956D46DE8}") = "Distribution", "Distribution", "{59F722D5-6E5C-4544-A849-18E7CE876FDF}"
EndProject
Project("{2150E333-8FDC-42A3-9474-1A3956D46DE8}") = "Tests", "Tests", "{FA582319-EA17-4C52-870D-C00EF793628F}"
EndProject
Project("{2150E333-8FDC-42A3-9474-1A3956D46DE8}") = "TestRunners", "TestRunners", "{023F1F7D-5F49-430F-9CC4-5FF891439548}"
EndProject
Project("{2150E333-8FDC-42A3-9474-1A3956D46DE8}") = "Extensions", "Extensions", "{32D6B30B-3970-45A0-AE63-2150CAEC325A}"
EndProject
Project("{2150E333-8FDC-42A3-9474-1A3956D46DE8}") = "Tutorial", "Tutorial", "{1AD0980F-0C79-4F83-A638-5CB22ED62675}"
EndProject
Project("{FAE04EC0-301F-11D3-BF4B-00C04F79EFBC}") = "MoonSharp", "MoonSharp\MoonSharp.csproj", "{2A4BD262-D6EB-4611-A28B-27B6DAEB089B}"
EndProject
Project("{FAE04EC0-301F-11D3-BF4B-00C04F79EFBC}") = "ConsoleTestRunner", "TestRunners\ConsoleTestRunner\ConsoleTestRunner.csproj", "{470C034F-1F1F-499C-9499-DC00B9EEEDE9}"
EndProject
Project("{8BB2217D-0F2D-49D1-97BC-3654ED321F3B}") = "DotNetCoreTestRunner", "TestRunners\DotNetCoreTestRunner\DotNetCoreTestRunner.csproj", "{541C9DCC-3656-459D-AD99-A0CD03D264D6}"
EndProject
Project("{FAE04EC0-301F-11D3-BF4B-00C04F79EFBC}") = "MoonSharp.Interpreter", "MoonSharp.Interpreter\MoonSharp.Interpreter.csproj", "{622B4C20-A315-4E5C-BFE2-A8F6B5E97CAD}"
EndProject
Project("{FAE04EC0-301F-11D3-BF4B-00C04F79EFBC}") = "MoonSharp.RemoteDebugger", "MoonSharp.RemoteDebugger\MoonSharp.RemoteDebugger.csproj", "{BCF0F753-208A-45AB-8198-17D089459791}"
EndProject
Project("{FAE04EC0-301F-11D3-BF4B-00C04F79EFBC}") = "MoonSharp.VsCodeDebugger", "MoonSharp.VsCodeDebugger\MoonSharp.VsCodeDebugger.csproj", "{CF08906A-B8E8-4D2F-81EF-819DEFD1E357}"
EndProject
Project("{FAE04EC0-301F-11D3-BF4B-00C04F79EFBC}") = "MoonSharp.Interpreter.Tests", "MoonSharp.Interpreter.Tests\MoonSharp.Interpreter.Tests.csproj", "{F2DAAE19-5E3A-48C0-98CB-A632DF726C13}"
EndProject
Project("{FAE04EC0-301F-11D3-BF4B-00C04F79EFBC}") = "MoonSharp.Hardwire", "MoonSharp.Hardwire\MoonSharp.Hardwire.csproj", "{23C58CE0-B124-47FD-90AF-AA8A545129D0}"
EndProject
Global
	GlobalSection(SolutionConfigurationPlatforms) = preSolution
		CI|Any CPU = CI|Any CPU
		CI|ARM = CI|ARM
		CI|x64 = CI|x64
		CI|x86 = CI|x86
		Debug|Any CPU = Debug|Any CPU
		Debug|ARM = Debug|ARM
		Debug|x64 = Debug|x64
		Debug|x86 = Debug|x86
		Dev|Any CPU = Dev|Any CPU
		Dev|ARM = Dev|ARM
		Dev|x64 = Dev|x64
		Dev|x86 = Dev|x86
		Devp4|Any CPU = Devp4|Any CPU
		Devp4|ARM = Devp4|ARM
		Devp4|x64 = Devp4|x64
		Devp4|x86 = Devp4|x86
		Release|Any CPU = Release|Any CPU
		Release|ARM = Release|ARM
		Release|x64 = Release|x64
		Release|x86 = Release|x86
	EndGlobalSection
	GlobalSection(ProjectConfigurationPlatforms) = postSolution
		{2A4BD262-D6EB-4611-A28B-27B6DAEB089B}.CI|Any CPU.ActiveCfg = Release|Any CPU
		{2A4BD262-D6EB-4611-A28B-27B6DAEB089B}.CI|Any CPU.Build.0 = Release|Any CPU
		{2A4BD262-D6EB-4611-A28B-27B6DAEB089B}.CI|ARM.ActiveCfg = Release|Any CPU
		{2A4BD262-D6EB-4611-A28B-27B6DAEB089B}.CI|x64.ActiveCfg = Release|Any CPU
		{2A4BD262-D6EB-4611-A28B-27B6DAEB089B}.CI|x86.ActiveCfg = Release|x86
		{2A4BD262-D6EB-4611-A28B-27B6DAEB089B}.CI|x86.Build.0 = Release|x86
		{2A4BD262-D6EB-4611-A28B-27B6DAEB089B}.Debug|Any CPU.ActiveCfg = Debug|Any CPU
		{2A4BD262-D6EB-4611-A28B-27B6DAEB089B}.Debug|Any CPU.Build.0 = Debug|Any CPU
		{2A4BD262-D6EB-4611-A28B-27B6DAEB089B}.Debug|ARM.ActiveCfg = Debug|Any CPU
		{2A4BD262-D6EB-4611-A28B-27B6DAEB089B}.Debug|x64.ActiveCfg = Debug|Any CPU
		{2A4BD262-D6EB-4611-A28B-27B6DAEB089B}.Debug|x86.ActiveCfg = Debug|x86
		{2A4BD262-D6EB-4611-A28B-27B6DAEB089B}.Debug|x86.Build.0 = Debug|x86
		{2A4BD262-D6EB-4611-A28B-27B6DAEB089B}.Dev|Any CPU.ActiveCfg = Dev|Any CPU
		{2A4BD262-D6EB-4611-A28B-27B6DAEB089B}.Dev|Any CPU.Build.0 = Dev|Any CPU
		{2A4BD262-D6EB-4611-A28B-27B6DAEB089B}.Dev|ARM.ActiveCfg = Dev|Any CPU
		{2A4BD262-D6EB-4611-A28B-27B6DAEB089B}.Dev|x64.ActiveCfg = Dev|Any CPU
		{2A4BD262-D6EB-4611-A28B-27B6DAEB089B}.Dev|x86.ActiveCfg = Dev|x86
		{2A4BD262-D6EB-4611-A28B-27B6DAEB089B}.Dev|x86.Build.0 = Dev|x86
		{2A4BD262-D6EB-4611-A28B-27B6DAEB089B}.Devp4|Any CPU.ActiveCfg = Devp4|Any CPU
		{2A4BD262-D6EB-4611-A28B-27B6DAEB089B}.Devp4|ARM.ActiveCfg = Devp4|Any CPU
		{2A4BD262-D6EB-4611-A28B-27B6DAEB089B}.Devp4|x64.ActiveCfg = Devp4|Any CPU
		{2A4BD262-D6EB-4611-A28B-27B6DAEB089B}.Devp4|x86.ActiveCfg = Devp4|x86
		{2A4BD262-D6EB-4611-A28B-27B6DAEB089B}.Devp4|x86.Build.0 = Devp4|x86
		{2A4BD262-D6EB-4611-A28B-27B6DAEB089B}.Release|Any CPU.ActiveCfg = Release|Any CPU
		{2A4BD262-D6EB-4611-A28B-27B6DAEB089B}.Release|Any CPU.Build.0 = Release|Any CPU
		{2A4BD262-D6EB-4611-A28B-27B6DAEB089B}.Release|ARM.ActiveCfg = Release|Any CPU
		{2A4BD262-D6EB-4611-A28B-27B6DAEB089B}.Release|x64.ActiveCfg = Release|Any CPU
		{2A4BD262-D6EB-4611-A28B-27B6DAEB089B}.Release|x86.ActiveCfg = Release|x86
		{2A4BD262-D6EB-4611-A28B-27B6DAEB089B}.Release|x86.Build.0 = Release|x86
		{470C034F-1F1F-499C-9499-DC00B9EEEDE9}.CI|Any CPU.ActiveCfg = Release|Any CPU
		{470C034F-1F1F-499C-9499-DC00B9EEEDE9}.CI|Any CPU.Build.0 = Release|Any CPU
		{470C034F-1F1F-499C-9499-DC00B9EEEDE9}.CI|ARM.ActiveCfg = Release|Any CPU
		{470C034F-1F1F-499C-9499-DC00B9EEEDE9}.CI|x64.ActiveCfg = Release|Any CPU
		{470C034F-1F1F-499C-9499-DC00B9EEEDE9}.CI|x86.ActiveCfg = Release|x86
		{470C034F-1F1F-499C-9499-DC00B9EEEDE9}.CI|x86.Build.0 = Release|x86
		{470C034F-1F1F-499C-9499-DC00B9EEEDE9}.Debug|Any CPU.ActiveCfg = Debug|Any CPU
		{470C034F-1F1F-499C-9499-DC00B9EEEDE9}.Debug|Any CPU.Build.0 = Debug|Any CPU
		{470C034F-1F1F-499C-9499-DC00B9EEEDE9}.Debug|ARM.ActiveCfg = Debug|Any CPU
		{470C034F-1F1F-499C-9499-DC00B9EEEDE9}.Debug|x64.ActiveCfg = Debug|Any CPU
		{470C034F-1F1F-499C-9499-DC00B9EEEDE9}.Debug|x86.ActiveCfg = Debug|x86
		{470C034F-1F1F-499C-9499-DC00B9EEEDE9}.Debug|x86.Build.0 = Debug|x86
		{470C034F-1F1F-499C-9499-DC00B9EEEDE9}.Dev|Any CPU.ActiveCfg = Dev|Any CPU
		{470C034F-1F1F-499C-9499-DC00B9EEEDE9}.Dev|ARM.ActiveCfg = Dev|Any CPU
		{470C034F-1F1F-499C-9499-DC00B9EEEDE9}.Dev|x64.ActiveCfg = Dev|Any CPU
		{470C034F-1F1F-499C-9499-DC00B9EEEDE9}.Dev|x86.ActiveCfg = Dev|x86
		{470C034F-1F1F-499C-9499-DC00B9EEEDE9}.Dev|x86.Build.0 = Dev|x86
		{470C034F-1F1F-499C-9499-DC00B9EEEDE9}.Devp4|Any CPU.ActiveCfg = Devp4|Any CPU
		{470C034F-1F1F-499C-9499-DC00B9EEEDE9}.Devp4|ARM.ActiveCfg = Devp4|Any CPU
		{470C034F-1F1F-499C-9499-DC00B9EEEDE9}.Devp4|x64.ActiveCfg = Devp4|Any CPU
		{470C034F-1F1F-499C-9499-DC00B9EEEDE9}.Devp4|x86.ActiveCfg = Devp4|x86
		{470C034F-1F1F-499C-9499-DC00B9EEEDE9}.Devp4|x86.Build.0 = Devp4|x86
		{470C034F-1F1F-499C-9499-DC00B9EEEDE9}.Release|Any CPU.ActiveCfg = Release|Any CPU
		{470C034F-1F1F-499C-9499-DC00B9EEEDE9}.Release|Any CPU.Build.0 = Release|Any CPU
		{470C034F-1F1F-499C-9499-DC00B9EEEDE9}.Release|ARM.ActiveCfg = Release|Any CPU
		{470C034F-1F1F-499C-9499-DC00B9EEEDE9}.Release|x64.ActiveCfg = Release|Any CPU
		{470C034F-1F1F-499C-9499-DC00B9EEEDE9}.Release|x86.ActiveCfg = Release|x86
		{470C034F-1F1F-499C-9499-DC00B9EEEDE9}.Release|x86.Build.0 = Release|x86
		{541C9DCC-3656-459D-AD99-A0CD03D264D6}.CI|Any CPU.ActiveCfg = Debug|Any CPU
		{541C9DCC-3656-459D-AD99-A0CD03D264D6}.CI|Any CPU.Build.0 = Debug|Any CPU
		{541C9DCC-3656-459D-AD99-A0CD03D264D6}.CI|ARM.ActiveCfg = Debug|Any CPU
		{541C9DCC-3656-459D-AD99-A0CD03D264D6}.CI|ARM.Build.0 = Debug|Any CPU
		{541C9DCC-3656-459D-AD99-A0CD03D264D6}.CI|x64.ActiveCfg = Debug|Any CPU
		{541C9DCC-3656-459D-AD99-A0CD03D264D6}.CI|x64.Build.0 = Debug|Any CPU
		{541C9DCC-3656-459D-AD99-A0CD03D264D6}.CI|x86.ActiveCfg = Debug|Any CPU
		{541C9DCC-3656-459D-AD99-A0CD03D264D6}.CI|x86.Build.0 = Debug|Any CPU
		{541C9DCC-3656-459D-AD99-A0CD03D264D6}.Debug|Any CPU.ActiveCfg = Debug|Any CPU
		{541C9DCC-3656-459D-AD99-A0CD03D264D6}.Debug|Any CPU.Build.0 = Debug|Any CPU
		{541C9DCC-3656-459D-AD99-A0CD03D264D6}.Debug|ARM.ActiveCfg = Debug|Any CPU
		{541C9DCC-3656-459D-AD99-A0CD03D264D6}.Debug|ARM.Build.0 = Debug|Any CPU
		{541C9DCC-3656-459D-AD99-A0CD03D264D6}.Debug|x64.ActiveCfg = Debug|Any CPU
		{541C9DCC-3656-459D-AD99-A0CD03D264D6}.Debug|x64.Build.0 = Debug|Any CPU
		{541C9DCC-3656-459D-AD99-A0CD03D264D6}.Debug|x86.ActiveCfg = Debug|Any CPU
		{541C9DCC-3656-459D-AD99-A0CD03D264D6}.Debug|x86.Build.0 = Debug|Any CPU
		{541C9DCC-3656-459D-AD99-A0CD03D264D6}.Dev|Any CPU.ActiveCfg = Debug|Any CPU
		{541C9DCC-3656-459D-AD99-A0CD03D264D6}.Dev|Any CPU.Build.0 = Debug|Any CPU
		{541C9DCC-3656-459D-AD99-A0CD03D264D6}.Dev|ARM.ActiveCfg = Debug|Any CPU
		{541C9DCC-3656-459D-AD99-A0CD03D264D6}.Dev|ARM.Build.0 = Debug|Any CPU
		{541C9DCC-3656-459D-AD99-A0CD03D264D6}.Dev|x64.ActiveCfg = Debug|Any CPU
		{541C9DCC-3656-459D-AD99-A0CD03D264D6}.Dev|x64.Build.0 = Debug|Any CPU
		{541C9DCC-3656-459D-AD99-A0CD03D264D6}.Dev|x86.ActiveCfg = Debug|Any CPU
		{541C9DCC-3656-459D-AD99-A0CD03D264D6}.Dev|x86.Build.0 = Debug|Any CPU
		{541C9DCC-3656-459D-AD99-A0CD03D264D6}.Devp4|Any CPU.ActiveCfg = Debug|Any CPU
		{541C9DCC-3656-459D-AD99-A0CD03D264D6}.Devp4|Any CPU.Build.0 = Debug|Any CPU
		{541C9DCC-3656-459D-AD99-A0CD03D264D6}.Devp4|ARM.ActiveCfg = Debug|Any CPU
		{541C9DCC-3656-459D-AD99-A0CD03D264D6}.Devp4|ARM.Build.0 = Debug|Any CPU
		{541C9DCC-3656-459D-AD99-A0CD03D264D6}.Devp4|x64.ActiveCfg = Debug|Any CPU
		{541C9DCC-3656-459D-AD99-A0CD03D264D6}.Devp4|x64.Build.0 = Debug|Any CPU
		{541C9DCC-3656-459D-AD99-A0CD03D264D6}.Devp4|x86.ActiveCfg = Debug|Any CPU
		{541C9DCC-3656-459D-AD99-A0CD03D264D6}.Devp4|x86.Build.0 = Debug|Any CPU
		{541C9DCC-3656-459D-AD99-A0CD03D264D6}.Release|Any CPU.ActiveCfg = Release|Any CPU
		{541C9DCC-3656-459D-AD99-A0CD03D264D6}.Release|Any CPU.Build.0 = Release|Any CPU
		{541C9DCC-3656-459D-AD99-A0CD03D264D6}.Release|ARM.ActiveCfg = Release|Any CPU
		{541C9DCC-3656-459D-AD99-A0CD03D264D6}.Release|ARM.Build.0 = Release|Any CPU
		{541C9DCC-3656-459D-AD99-A0CD03D264D6}.Release|x64.ActiveCfg = Release|Any CPU
		{541C9DCC-3656-459D-AD99-A0CD03D264D6}.Release|x64.Build.0 = Release|Any CPU
		{541C9DCC-3656-459D-AD99-A0CD03D264D6}.Release|x86.ActiveCfg = Release|Any CPU
		{541C9DCC-3656-459D-AD99-A0CD03D264D6}.Release|x86.Build.0 = Release|Any CPU
		{622B4C20-A315-4E5C-BFE2-A8F6B5E97CAD}.Debug|Any CPU.ActiveCfg = Debug|Any CPU
		{622B4C20-A315-4E5C-BFE2-A8F6B5E97CAD}.Debug|Any CPU.Build.0 = Debug|Any CPU
		{BCF0F753-208A-45AB-8198-17D089459791}.CI|Any CPU.ActiveCfg = Debug|Any CPU
		{BCF0F753-208A-45AB-8198-17D089459791}.CI|Any CPU.Build.0 = Debug|Any CPU
		{BCF0F753-208A-45AB-8198-17D089459791}.CI|ARM.ActiveCfg = Debug|Any CPU
		{BCF0F753-208A-45AB-8198-17D089459791}.CI|ARM.Build.0 = Debug|Any CPU
		{BCF0F753-208A-45AB-8198-17D089459791}.CI|x64.ActiveCfg = Debug|Any CPU
		{BCF0F753-208A-45AB-8198-17D089459791}.CI|x64.Build.0 = Debug|Any CPU
		{BCF0F753-208A-45AB-8198-17D089459791}.CI|x86.ActiveCfg = Debug|Any CPU
		{BCF0F753-208A-45AB-8198-17D089459791}.CI|x86.Build.0 = Debug|Any CPU
		{BCF0F753-208A-45AB-8198-17D089459791}.Debug|Any CPU.ActiveCfg = Debug|Any CPU
		{BCF0F753-208A-45AB-8198-17D089459791}.Debug|Any CPU.Build.0 = Debug|Any CPU
		{BCF0F753-208A-45AB-8198-17D089459791}.Debug|ARM.ActiveCfg = Debug|Any CPU
		{BCF0F753-208A-45AB-8198-17D089459791}.Debug|ARM.Build.0 = Debug|Any CPU
		{BCF0F753-208A-45AB-8198-17D089459791}.Debug|x64.ActiveCfg = Debug|Any CPU
		{BCF0F753-208A-45AB-8198-17D089459791}.Debug|x64.Build.0 = Debug|Any CPU
		{BCF0F753-208A-45AB-8198-17D089459791}.Debug|x86.ActiveCfg = Debug|Any CPU
		{BCF0F753-208A-45AB-8198-17D089459791}.Debug|x86.Build.0 = Debug|Any CPU
		{BCF0F753-208A-45AB-8198-17D089459791}.Dev|Any CPU.ActiveCfg = Debug|Any CPU
		{BCF0F753-208A-45AB-8198-17D089459791}.Dev|Any CPU.Build.0 = Debug|Any CPU
		{BCF0F753-208A-45AB-8198-17D089459791}.Dev|ARM.ActiveCfg = Debug|Any CPU
		{BCF0F753-208A-45AB-8198-17D089459791}.Dev|ARM.Build.0 = Debug|Any CPU
		{BCF0F753-208A-45AB-8198-17D089459791}.Dev|x64.ActiveCfg = Debug|Any CPU
		{BCF0F753-208A-45AB-8198-17D089459791}.Dev|x64.Build.0 = Debug|Any CPU
		{BCF0F753-208A-45AB-8198-17D089459791}.Dev|x86.ActiveCfg = Debug|Any CPU
		{BCF0F753-208A-45AB-8198-17D089459791}.Dev|x86.Build.0 = Debug|Any CPU
		{BCF0F753-208A-45AB-8198-17D089459791}.Devp4|Any CPU.ActiveCfg = Debug|Any CPU
		{BCF0F753-208A-45AB-8198-17D089459791}.Devp4|Any CPU.Build.0 = Debug|Any CPU
		{BCF0F753-208A-45AB-8198-17D089459791}.Devp4|ARM.ActiveCfg = Debug|Any CPU
		{BCF0F753-208A-45AB-8198-17D089459791}.Devp4|ARM.Build.0 = Debug|Any CPU
		{BCF0F753-208A-45AB-8198-17D089459791}.Devp4|x64.ActiveCfg = Debug|Any CPU
		{BCF0F753-208A-45AB-8198-17D089459791}.Devp4|x64.Build.0 = Debug|Any CPU
		{BCF0F753-208A-45AB-8198-17D089459791}.Devp4|x86.ActiveCfg = Debug|Any CPU
		{BCF0F753-208A-45AB-8198-17D089459791}.Devp4|x86.Build.0 = Debug|Any CPU
		{BCF0F753-208A-45AB-8198-17D089459791}.Release|Any CPU.ActiveCfg = Release|Any CPU
		{BCF0F753-208A-45AB-8198-17D089459791}.Release|Any CPU.Build.0 = Release|Any CPU
		{BCF0F753-208A-45AB-8198-17D089459791}.Release|ARM.ActiveCfg = Release|Any CPU
		{BCF0F753-208A-45AB-8198-17D089459791}.Release|ARM.Build.0 = Release|Any CPU
		{BCF0F753-208A-45AB-8198-17D089459791}.Release|x64.ActiveCfg = Release|Any CPU
		{BCF0F753-208A-45AB-8198-17D089459791}.Release|x64.Build.0 = Release|Any CPU
		{BCF0F753-208A-45AB-8198-17D089459791}.Release|x86.ActiveCfg = Release|Any CPU
		{BCF0F753-208A-45AB-8198-17D089459791}.Release|x86.Build.0 = Release|Any CPU
		{CF08906A-B8E8-4D2F-81EF-819DEFD1E357}.CI|Any CPU.ActiveCfg = Debug|Any CPU
		{CF08906A-B8E8-4D2F-81EF-819DEFD1E357}.CI|Any CPU.Build.0 = Debug|Any CPU
		{CF08906A-B8E8-4D2F-81EF-819DEFD1E357}.CI|ARM.ActiveCfg = Debug|Any CPU
		{CF08906A-B8E8-4D2F-81EF-819DEFD1E357}.CI|ARM.Build.0 = Debug|Any CPU
		{CF08906A-B8E8-4D2F-81EF-819DEFD1E357}.CI|x64.ActiveCfg = Debug|Any CPU
		{CF08906A-B8E8-4D2F-81EF-819DEFD1E357}.CI|x64.Build.0 = Debug|Any CPU
		{CF08906A-B8E8-4D2F-81EF-819DEFD1E357}.CI|x86.ActiveCfg = Debug|Any CPU
		{CF08906A-B8E8-4D2F-81EF-819DEFD1E357}.CI|x86.Build.0 = Debug|Any CPU
		{CF08906A-B8E8-4D2F-81EF-819DEFD1E357}.Debug|Any CPU.ActiveCfg = Debug|Any CPU
		{CF08906A-B8E8-4D2F-81EF-819DEFD1E357}.Debug|Any CPU.Build.0 = Debug|Any CPU
		{CF08906A-B8E8-4D2F-81EF-819DEFD1E357}.Debug|ARM.ActiveCfg = Debug|Any CPU
		{CF08906A-B8E8-4D2F-81EF-819DEFD1E357}.Debug|ARM.Build.0 = Debug|Any CPU
		{CF08906A-B8E8-4D2F-81EF-819DEFD1E357}.Debug|x64.ActiveCfg = Debug|Any CPU
		{CF08906A-B8E8-4D2F-81EF-819DEFD1E357}.Debug|x64.Build.0 = Debug|Any CPU
		{CF08906A-B8E8-4D2F-81EF-819DEFD1E357}.Debug|x86.ActiveCfg = Debug|Any CPU
		{CF08906A-B8E8-4D2F-81EF-819DEFD1E357}.Debug|x86.Build.0 = Debug|Any CPU
		{CF08906A-B8E8-4D2F-81EF-819DEFD1E357}.Dev|Any CPU.ActiveCfg = Debug|Any CPU
		{CF08906A-B8E8-4D2F-81EF-819DEFD1E357}.Dev|Any CPU.Build.0 = Debug|Any CPU
		{CF08906A-B8E8-4D2F-81EF-819DEFD1E357}.Dev|ARM.ActiveCfg = Debug|Any CPU
		{CF08906A-B8E8-4D2F-81EF-819DEFD1E357}.Dev|ARM.Build.0 = Debug|Any CPU
		{CF08906A-B8E8-4D2F-81EF-819DEFD1E357}.Dev|x64.ActiveCfg = Debug|Any CPU
		{CF08906A-B8E8-4D2F-81EF-819DEFD1E357}.Dev|x64.Build.0 = Debug|Any CPU
		{CF08906A-B8E8-4D2F-81EF-819DEFD1E357}.Dev|x86.ActiveCfg = Debug|Any CPU
		{CF08906A-B8E8-4D2F-81EF-819DEFD1E357}.Dev|x86.Build.0 = Debug|Any CPU
		{CF08906A-B8E8-4D2F-81EF-819DEFD1E357}.Devp4|Any CPU.ActiveCfg = Debug|Any CPU
		{CF08906A-B8E8-4D2F-81EF-819DEFD1E357}.Devp4|Any CPU.Build.0 = Debug|Any CPU
		{CF08906A-B8E8-4D2F-81EF-819DEFD1E357}.Devp4|ARM.ActiveCfg = Debug|Any CPU
		{CF08906A-B8E8-4D2F-81EF-819DEFD1E357}.Devp4|ARM.Build.0 = Debug|Any CPU
		{CF08906A-B8E8-4D2F-81EF-819DEFD1E357}.Devp4|x64.ActiveCfg = Debug|Any CPU
		{CF08906A-B8E8-4D2F-81EF-819DEFD1E357}.Devp4|x64.Build.0 = Debug|Any CPU
		{CF08906A-B8E8-4D2F-81EF-819DEFD1E357}.Devp4|x86.ActiveCfg = Debug|Any CPU
		{CF08906A-B8E8-4D2F-81EF-819DEFD1E357}.Devp4|x86.Build.0 = Debug|Any CPU
		{CF08906A-B8E8-4D2F-81EF-819DEFD1E357}.Release|Any CPU.ActiveCfg = Release|Any CPU
		{CF08906A-B8E8-4D2F-81EF-819DEFD1E357}.Release|Any CPU.Build.0 = Release|Any CPU
		{CF08906A-B8E8-4D2F-81EF-819DEFD1E357}.Release|ARM.ActiveCfg = Release|Any CPU
		{CF08906A-B8E8-4D2F-81EF-819DEFD1E357}.Release|ARM.Build.0 = Release|Any CPU
		{CF08906A-B8E8-4D2F-81EF-819DEFD1E357}.Release|x64.ActiveCfg = Release|Any CPU
		{CF08906A-B8E8-4D2F-81EF-819DEFD1E357}.Release|x64.Build.0 = Release|Any CPU
		{CF08906A-B8E8-4D2F-81EF-819DEFD1E357}.Release|x86.ActiveCfg = Release|Any CPU
		{CF08906A-B8E8-4D2F-81EF-819DEFD1E357}.Release|x86.Build.0 = Release|Any CPU
		{F2DAAE19-5E3A-48C0-98CB-A632DF726C13}.CI|Any CPU.ActiveCfg = Debug|Any CPU
		{F2DAAE19-5E3A-48C0-98CB-A632DF726C13}.CI|Any CPU.Build.0 = Debug|Any CPU
		{F2DAAE19-5E3A-48C0-98CB-A632DF726C13}.CI|ARM.ActiveCfg = Debug|Any CPU
		{F2DAAE19-5E3A-48C0-98CB-A632DF726C13}.CI|ARM.Build.0 = Debug|Any CPU
		{F2DAAE19-5E3A-48C0-98CB-A632DF726C13}.CI|x64.ActiveCfg = Debug|Any CPU
		{F2DAAE19-5E3A-48C0-98CB-A632DF726C13}.CI|x64.Build.0 = Debug|Any CPU
		{F2DAAE19-5E3A-48C0-98CB-A632DF726C13}.CI|x86.ActiveCfg = Debug|Any CPU
		{F2DAAE19-5E3A-48C0-98CB-A632DF726C13}.CI|x86.Build.0 = Debug|Any CPU
		{F2DAAE19-5E3A-48C0-98CB-A632DF726C13}.Debug|Any CPU.ActiveCfg = Debug|Any CPU
		{F2DAAE19-5E3A-48C0-98CB-A632DF726C13}.Debug|Any CPU.Build.0 = Debug|Any CPU
		{F2DAAE19-5E3A-48C0-98CB-A632DF726C13}.Debug|ARM.ActiveCfg = Debug|Any CPU
		{F2DAAE19-5E3A-48C0-98CB-A632DF726C13}.Debug|ARM.Build.0 = Debug|Any CPU
		{F2DAAE19-5E3A-48C0-98CB-A632DF726C13}.Debug|x64.ActiveCfg = Debug|Any CPU
		{F2DAAE19-5E3A-48C0-98CB-A632DF726C13}.Debug|x64.Build.0 = Debug|Any CPU
		{F2DAAE19-5E3A-48C0-98CB-A632DF726C13}.Debug|x86.ActiveCfg = Debug|Any CPU
		{F2DAAE19-5E3A-48C0-98CB-A632DF726C13}.Debug|x86.Build.0 = Debug|Any CPU
		{F2DAAE19-5E3A-48C0-98CB-A632DF726C13}.Dev|Any CPU.ActiveCfg = Debug|Any CPU
		{F2DAAE19-5E3A-48C0-98CB-A632DF726C13}.Dev|Any CPU.Build.0 = Debug|Any CPU
		{F2DAAE19-5E3A-48C0-98CB-A632DF726C13}.Dev|ARM.ActiveCfg = Debug|Any CPU
		{F2DAAE19-5E3A-48C0-98CB-A632DF726C13}.Dev|ARM.Build.0 = Debug|Any CPU
		{F2DAAE19-5E3A-48C0-98CB-A632DF726C13}.Dev|x64.ActiveCfg = Debug|Any CPU
		{F2DAAE19-5E3A-48C0-98CB-A632DF726C13}.Dev|x64.Build.0 = Debug|Any CPU
		{F2DAAE19-5E3A-48C0-98CB-A632DF726C13}.Dev|x86.ActiveCfg = Debug|Any CPU
		{F2DAAE19-5E3A-48C0-98CB-A632DF726C13}.Dev|x86.Build.0 = Debug|Any CPU
		{F2DAAE19-5E3A-48C0-98CB-A632DF726C13}.Devp4|Any CPU.ActiveCfg = Debug|Any CPU
		{F2DAAE19-5E3A-48C0-98CB-A632DF726C13}.Devp4|Any CPU.Build.0 = Debug|Any CPU
		{F2DAAE19-5E3A-48C0-98CB-A632DF726C13}.Devp4|ARM.ActiveCfg = Debug|Any CPU
		{F2DAAE19-5E3A-48C0-98CB-A632DF726C13}.Devp4|ARM.Build.0 = Debug|Any CPU
		{F2DAAE19-5E3A-48C0-98CB-A632DF726C13}.Devp4|x64.ActiveCfg = Debug|Any CPU
		{F2DAAE19-5E3A-48C0-98CB-A632DF726C13}.Devp4|x64.Build.0 = Debug|Any CPU
		{F2DAAE19-5E3A-48C0-98CB-A632DF726C13}.Devp4|x86.ActiveCfg = Debug|Any CPU
		{F2DAAE19-5E3A-48C0-98CB-A632DF726C13}.Devp4|x86.Build.0 = Debug|Any CPU
		{F2DAAE19-5E3A-48C0-98CB-A632DF726C13}.Release|Any CPU.ActiveCfg = Release|Any CPU
		{F2DAAE19-5E3A-48C0-98CB-A632DF726C13}.Release|Any CPU.Build.0 = Release|Any CPU
		{F2DAAE19-5E3A-48C0-98CB-A632DF726C13}.Release|ARM.ActiveCfg = Release|Any CPU
		{F2DAAE19-5E3A-48C0-98CB-A632DF726C13}.Release|ARM.Build.0 = Release|Any CPU
		{F2DAAE19-5E3A-48C0-98CB-A632DF726C13}.Release|x64.ActiveCfg = Release|Any CPU
		{F2DAAE19-5E3A-48C0-98CB-A632DF726C13}.Release|x64.Build.0 = Release|Any CPU
		{F2DAAE19-5E3A-48C0-98CB-A632DF726C13}.Release|x86.ActiveCfg = Release|Any CPU
		{F2DAAE19-5E3A-48C0-98CB-A632DF726C13}.Release|x86.Build.0 = Release|Any CPU
		{23C58CE0-B124-47FD-90AF-AA8A545129D0}.CI|Any CPU.ActiveCfg = Debug|Any CPU
		{23C58CE0-B124-47FD-90AF-AA8A545129D0}.CI|Any CPU.Build.0 = Debug|Any CPU
		{23C58CE0-B124-47FD-90AF-AA8A545129D0}.CI|ARM.ActiveCfg = Debug|Any CPU
		{23C58CE0-B124-47FD-90AF-AA8A545129D0}.CI|ARM.Build.0 = Debug|Any CPU
		{23C58CE0-B124-47FD-90AF-AA8A545129D0}.CI|x64.ActiveCfg = Debug|Any CPU
		{23C58CE0-B124-47FD-90AF-AA8A545129D0}.CI|x64.Build.0 = Debug|Any CPU
		{23C58CE0-B124-47FD-90AF-AA8A545129D0}.CI|x86.ActiveCfg = Debug|Any CPU
		{23C58CE0-B124-47FD-90AF-AA8A545129D0}.CI|x86.Build.0 = Debug|Any CPU
		{23C58CE0-B124-47FD-90AF-AA8A545129D0}.Debug|Any CPU.ActiveCfg = Debug|Any CPU
		{23C58CE0-B124-47FD-90AF-AA8A545129D0}.Debug|Any CPU.Build.0 = Debug|Any CPU
		{23C58CE0-B124-47FD-90AF-AA8A545129D0}.Debug|ARM.ActiveCfg = Debug|Any CPU
		{23C58CE0-B124-47FD-90AF-AA8A545129D0}.Debug|ARM.Build.0 = Debug|Any CPU
		{23C58CE0-B124-47FD-90AF-AA8A545129D0}.Debug|x64.ActiveCfg = Debug|Any CPU
		{23C58CE0-B124-47FD-90AF-AA8A545129D0}.Debug|x64.Build.0 = Debug|Any CPU
		{23C58CE0-B124-47FD-90AF-AA8A545129D0}.Debug|x86.ActiveCfg = Debug|Any CPU
		{23C58CE0-B124-47FD-90AF-AA8A545129D0}.Debug|x86.Build.0 = Debug|Any CPU
		{23C58CE0-B124-47FD-90AF-AA8A545129D0}.Dev|Any CPU.ActiveCfg = Debug|Any CPU
		{23C58CE0-B124-47FD-90AF-AA8A545129D0}.Dev|Any CPU.Build.0 = Debug|Any CPU
		{23C58CE0-B124-47FD-90AF-AA8A545129D0}.Dev|ARM.ActiveCfg = Debug|Any CPU
		{23C58CE0-B124-47FD-90AF-AA8A545129D0}.Dev|ARM.Build.0 = Debug|Any CPU
		{23C58CE0-B124-47FD-90AF-AA8A545129D0}.Dev|x64.ActiveCfg = Debug|Any CPU
		{23C58CE0-B124-47FD-90AF-AA8A545129D0}.Dev|x64.Build.0 = Debug|Any CPU
		{23C58CE0-B124-47FD-90AF-AA8A545129D0}.Dev|x86.ActiveCfg = Debug|Any CPU
		{23C58CE0-B124-47FD-90AF-AA8A545129D0}.Dev|x86.Build.0 = Debug|Any CPU
		{23C58CE0-B124-47FD-90AF-AA8A545129D0}.Devp4|Any CPU.ActiveCfg = Debug|Any CPU
		{23C58CE0-B124-47FD-90AF-AA8A545129D0}.Devp4|Any CPU.Build.0 = Debug|Any CPU
		{23C58CE0-B124-47FD-90AF-AA8A545129D0}.Devp4|ARM.ActiveCfg = Debug|Any CPU
		{23C58CE0-B124-47FD-90AF-AA8A545129D0}.Devp4|ARM.Build.0 = Debug|Any CPU
		{23C58CE0-B124-47FD-90AF-AA8A545129D0}.Devp4|x64.ActiveCfg = Debug|Any CPU
		{23C58CE0-B124-47FD-90AF-AA8A545129D0}.Devp4|x64.Build.0 = Debug|Any CPU
		{23C58CE0-B124-47FD-90AF-AA8A545129D0}.Devp4|x86.ActiveCfg = Debug|Any CPU
		{23C58CE0-B124-47FD-90AF-AA8A545129D0}.Devp4|x86.Build.0 = Debug|Any CPU
		{23C58CE0-B124-47FD-90AF-AA8A545129D0}.Release|Any CPU.ActiveCfg = Release|Any CPU
		{23C58CE0-B124-47FD-90AF-AA8A545129D0}.Release|Any CPU.Build.0 = Release|Any CPU
		{23C58CE0-B124-47FD-90AF-AA8A545129D0}.Release|ARM.ActiveCfg = Release|Any CPU
		{23C58CE0-B124-47FD-90AF-AA8A545129D0}.Release|ARM.Build.0 = Release|Any CPU
		{23C58CE0-B124-47FD-90AF-AA8A545129D0}.Release|x64.ActiveCfg = Release|Any CPU
		{23C58CE0-B124-47FD-90AF-AA8A545129D0}.Release|x64.Build.0 = Release|Any CPU
		{23C58CE0-B124-47FD-90AF-AA8A545129D0}.Release|x86.ActiveCfg = Release|Any CPU
		{23C58CE0-B124-47FD-90AF-AA8A545129D0}.Release|x86.Build.0 = Release|Any CPU
	EndGlobalSection
	GlobalSection(SolutionProperties) = preSolution
		HideSolutionNode = FALSE
	EndGlobalSection
	GlobalSection(NestedProjects) = preSolution
		{2A4BD262-D6EB-4611-A28B-27B6DAEB089B} = {59F722D5-6E5C-4544-A849-18E7CE876FDF}
		{470C034F-1F1F-499C-9499-DC00B9EEEDE9} = {023F1F7D-5F49-430F-9CC4-5FF891439548}
		{541C9DCC-3656-459D-AD99-A0CD03D264D6} = {023F1F7D-5F49-430F-9CC4-5FF891439548}
		{622B4C20-A315-4E5C-BFE2-A8F6B5E97CAD} = {16A9EA72-79A5-448D-B7A3-55E7D8362479}
		{BCF0F753-208A-45AB-8198-17D089459791} = {5014C740-F6C7-4995-8D40-C250FB159A20}
		{CF08906A-B8E8-4D2F-81EF-819DEFD1E357} = {5014C740-F6C7-4995-8D40-C250FB159A20}
		{F2DAAE19-5E3A-48C0-98CB-A632DF726C13} = {FA582319-EA17-4C52-870D-C00EF793628F}
		{23C58CE0-B124-47FD-90AF-AA8A545129D0} = {59F722D5-6E5C-4544-A849-18E7CE876FDF}
	EndGlobalSection
EndGlobal
