
Microsoft Visual Studio Solution File, Format Version 12.00
# Visual Studio 2013
VisualStudioVersion = 12.0.30723.0
MinimumVisualStudioVersion = 10.0.40219.1
Project("{FAE04EC0-301F-11D3-BF4B-00C04F79EFBC}") = "MoonSharp.Interpreter.net35-client", "MoonSharp.Interpreter\MoonSharp.Interpreter.net35-client.csproj", "{91EA9B9D-FE03-4273-BDAF-8AD42EDE1E59}"
EndProject
Project("{FAE04EC0-301F-11D3-BF4B-00C04F79EFBC}") = "MoonSharp.RemoteDebugger.net35-client", "MoonSharp.RemoteDebugger\MoonSharp.RemoteDebugger.net35-client.csproj", "{43D3AD52-FED5-4305-B0F4-6B991220CD0A}"
EndProject
Project("{FAE04EC0-301F-11D3-BF4B-00C04F79EFBC}") = "MoonSharp.Interpreter.Tests.net35-client", "MoonSharp.Interpreter.Tests\MoonSharp.Interpreter.Tests.net35-client.csproj", "{4AD350E6-E296-43EF-9FEA-CB70358467E4}"
EndProject
Project("{2150E333-8FDC-42A3-9474-1A3956D46DE8}") = "root", "root", "{CE0C6D33-ABF0-4CFB-B3FB-0F10A6095F25}"
	ProjectSection(SolutionItems) = preProject
		..\.travis.yml = ..\.travis.yml
		..\README.md = ..\README.md
	EndProjectSection
EndProject
Project("{FAE04EC0-301F-11D3-BF4B-00C04F79EFBC}") = "ConsoleTestRunner", "TestRunners\ConsoleTestRunner\ConsoleTestRunner.csproj", "{470C034F-1F1F-499C-9499-DC00B9EEEDE9}"
EndProject
Global
	GlobalSection(SolutionConfigurationPlatforms) = preSolution
		Debug|Any CPU = Debug|Any CPU
		Debug|x86 = Debug|x86
		Dev|Any CPU = Dev|Any CPU
		Dev|x86 = Dev|x86
		Devp4|Any CPU = Devp4|Any CPU
		Devp4|x86 = Devp4|x86
		Release|Any CPU = Release|Any CPU
		Release|x86 = Release|x86
	EndGlobalSection
	GlobalSection(ProjectConfigurationPlatforms) = postSolution
		{91EA9B9D-FE03-4273-BDAF-8AD42EDE1E59}.Debug|Any CPU.ActiveCfg = Debug|Any CPU
		{91EA9B9D-FE03-4273-BDAF-8AD42EDE1E59}.Debug|Any CPU.Build.0 = Debug|Any CPU
		{91EA9B9D-FE03-4273-BDAF-8AD42EDE1E59}.Debug|x86.ActiveCfg = Debug|x86
		{91EA9B9D-FE03-4273-BDAF-8AD42EDE1E59}.Debug|x86.Build.0 = Debug|x86
		{91EA9B9D-FE03-4273-BDAF-8AD42EDE1E59}.Dev|Any CPU.ActiveCfg = Dev|Any CPU
		{91EA9B9D-FE03-4273-BDAF-8AD42EDE1E59}.Dev|Any CPU.Build.0 = Dev|Any CPU
		{91EA9B9D-FE03-4273-BDAF-8AD42EDE1E59}.Dev|x86.ActiveCfg = Dev|x86
		{91EA9B9D-FE03-4273-BDAF-8AD42EDE1E59}.Dev|x86.Build.0 = Dev|x86
		{91EA9B9D-FE03-4273-BDAF-8AD42EDE1E59}.Devp4|Any CPU.ActiveCfg = Devp4|Any CPU
		{91EA9B9D-FE03-4273-BDAF-8AD42EDE1E59}.Devp4|Any CPU.Build.0 = Devp4|Any CPU
		{91EA9B9D-FE03-4273-BDAF-8AD42EDE1E59}.Devp4|x86.ActiveCfg = Devp4|x86
		{91EA9B9D-FE03-4273-BDAF-8AD42EDE1E59}.Devp4|x86.Build.0 = Devp4|x86
		{91EA9B9D-FE03-4273-BDAF-8AD42EDE1E59}.Release|Any CPU.ActiveCfg = Release|Any CPU
		{91EA9B9D-FE03-4273-BDAF-8AD42EDE1E59}.Release|Any CPU.Build.0 = Release|Any CPU
		{91EA9B9D-FE03-4273-BDAF-8AD42EDE1E59}.Release|x86.ActiveCfg = Release|x86
		{91EA9B9D-FE03-4273-BDAF-8AD42EDE1E59}.Release|x86.Build.0 = Release|x86
		{43D3AD52-FED5-4305-B0F4-6B991220CD0A}.Debug|Any CPU.ActiveCfg = Debug|Any CPU
		{43D3AD52-FED5-4305-B0F4-6B991220CD0A}.Debug|Any CPU.Build.0 = Debug|Any CPU
		{43D3AD52-FED5-4305-B0F4-6B991220CD0A}.Debug|x86.ActiveCfg = Debug|Any CPU
		{43D3AD52-FED5-4305-B0F4-6B991220CD0A}.Dev|Any CPU.ActiveCfg = Dev|Any CPU
		{43D3AD52-FED5-4305-B0F4-6B991220CD0A}.Dev|Any CPU.Build.0 = Dev|Any CPU
		{43D3AD52-FED5-4305-B0F4-6B991220CD0A}.Dev|x86.ActiveCfg = Dev|Any CPU
		{43D3AD52-FED5-4305-B0F4-6B991220CD0A}.Devp4|Any CPU.ActiveCfg = Devp4|Any CPU
		{43D3AD52-FED5-4305-B0F4-6B991220CD0A}.Devp4|Any CPU.Build.0 = Devp4|Any CPU
		{43D3AD52-FED5-4305-B0F4-6B991220CD0A}.Devp4|x86.ActiveCfg = Devp4|Any CPU
		{43D3AD52-FED5-4305-B0F4-6B991220CD0A}.Release|Any CPU.ActiveCfg = Release|Any CPU
		{43D3AD52-FED5-4305-B0F4-6B991220CD0A}.Release|Any CPU.Build.0 = Release|Any CPU
		{43D3AD52-FED5-4305-B0F4-6B991220CD0A}.Release|x86.ActiveCfg = Release|Any CPU
		{4AD350E6-E296-43EF-9FEA-CB70358467E4}.Debug|Any CPU.ActiveCfg = Debug|Any CPU
		{4AD350E6-E296-43EF-9FEA-CB70358467E4}.Debug|Any CPU.Build.0 = Debug|Any CPU
		{4AD350E6-E296-43EF-9FEA-CB70358467E4}.Debug|x86.ActiveCfg = Debug|x86
		{4AD350E6-E296-43EF-9FEA-CB70358467E4}.Debug|x86.Build.0 = Debug|x86
		{4AD350E6-E296-43EF-9FEA-CB70358467E4}.Dev|Any CPU.ActiveCfg = Dev|Any CPU
		{4AD350E6-E296-43EF-9FEA-CB70358467E4}.Dev|Any CPU.Build.0 = Dev|Any CPU
		{4AD350E6-E296-43EF-9FEA-CB70358467E4}.Dev|x86.ActiveCfg = Dev|x86
		{4AD350E6-E296-43EF-9FEA-CB70358467E4}.Dev|x86.Build.0 = Dev|x86
		{4AD350E6-E296-43EF-9FEA-CB70358467E4}.Devp4|Any CPU.ActiveCfg = Devp4|Any CPU
		{4AD350E6-E296-43EF-9FEA-CB70358467E4}.Devp4|Any CPU.Build.0 = Devp4|Any CPU
		{4AD350E6-E296-43EF-9FEA-CB70358467E4}.Devp4|x86.ActiveCfg = Devp4|x86
		{4AD350E6-E296-43EF-9FEA-CB70358467E4}.Devp4|x86.Build.0 = Devp4|x86
		{4AD350E6-E296-43EF-9FEA-CB70358467E4}.Release|Any CPU.ActiveCfg = Release|Any CPU
		{4AD350E6-E296-43EF-9FEA-CB70358467E4}.Release|Any CPU.Build.0 = Release|Any CPU
		{4AD350E6-E296-43EF-9FEA-CB70358467E4}.Release|x86.ActiveCfg = Release|x86
		{4AD350E6-E296-43EF-9FEA-CB70358467E4}.Release|x86.Build.0 = Release|x86
		{470C034F-1F1F-499C-9499-DC00B9EEEDE9}.Debug|Any CPU.ActiveCfg = Debug|Any CPU
		{470C034F-1F1F-499C-9499-DC00B9EEEDE9}.Debug|Any CPU.Build.0 = Debug|Any CPU
		{470C034F-1F1F-499C-9499-DC00B9EEEDE9}.Debug|x86.ActiveCfg = Debug|x86
		{470C034F-1F1F-499C-9499-DC00B9EEEDE9}.Debug|x86.Build.0 = Debug|x86
		{470C034F-1F1F-499C-9499-DC00B9EEEDE9}.Dev|Any CPU.ActiveCfg = Dev|Any CPU
		{470C034F-1F1F-499C-9499-DC00B9EEEDE9}.Dev|Any CPU.Build.0 = Dev|Any CPU
		{470C034F-1F1F-499C-9499-DC00B9EEEDE9}.Dev|x86.ActiveCfg = Dev|x86
		{470C034F-1F1F-499C-9499-DC00B9EEEDE9}.Dev|x86.Build.0 = Dev|x86
		{470C034F-1F1F-499C-9499-DC00B9EEEDE9}.Devp4|Any CPU.ActiveCfg = Devp4|Any CPU
		{470C034F-1F1F-499C-9499-DC00B9EEEDE9}.Devp4|Any CPU.Build.0 = Devp4|Any CPU
		{470C034F-1F1F-499C-9499-DC00B9EEEDE9}.Devp4|x86.ActiveCfg = Devp4|x86
		{470C034F-1F1F-499C-9499-DC00B9EEEDE9}.Devp4|x86.Build.0 = Devp4|x86
		{470C034F-1F1F-499C-9499-DC00B9EEEDE9}.Release|Any CPU.ActiveCfg = Release|Any CPU
		{470C034F-1F1F-499C-9499-DC00B9EEEDE9}.Release|Any CPU.Build.0 = Release|Any CPU
		{470C034F-1F1F-499C-9499-DC00B9EEEDE9}.Release|x86.ActiveCfg = Release|x86
		{470C034F-1F1F-499C-9499-DC00B9EEEDE9}.Release|x86.Build.0 = Release|x86
	EndGlobalSection
	GlobalSection(SolutionProperties) = preSolution
		HideSolutionNode = FALSE
	EndGlobalSection
EndGlobal
