
Microsoft Visual Studio Solution File, Format Version 12.00
# Visual Studio 14
VisualStudioVersion = 14.0.25420.1
MinimumVisualStudioVersion = 10.0.40219.1
Project("{FAE04EC0-301F-11D3-BF4B-00C04F79EFBC}") = "MoonSharp", "MoonSharp\MoonSharp.csproj", "{2A4BD262-D6EB-4611-A28B-27B6DAEB089B}"
EndProject
Project("{2150E333-8FDC-42A3-9474-1A3956D46DE8}") = "root", "root", "{F02DBEDA-6AEB-461A-9557-DA7E2CB56C5A}"
	ProjectSection(SolutionItems) = preProject
		..\LICENSE = ..\LICENSE
		..\README.md = ..\README.md
	EndProjectSection
EndProject
Project("{2150E333-8FDC-42A3-9474-1A3956D46DE8}") = "Interpreters", "Interpreters", "{16A9EA72-79A5-448D-B7A3-55E7D8362479}"
EndProject
Project("{2150E333-8FDC-42A3-9474-1A3956D46DE8}") = "RemoteDebuggers", "RemoteDebuggers", "{5014C740-F6C7-4995-8D40-C250FB159A20}"
EndProject
Project("{2150E333-8FDC-42A3-9474-1A3956D46DE8}") = "Distribution", "Distribution", "{59F722D5-6E5C-4544-A849-18E7CE876FDF}"
EndProject
Project("{2150E333-8FDC-42A3-9474-1A3956D46DE8}") = "Tests", "Tests", "{FA582319-EA17-4C52-870D-C00EF793628F}"
EndProject
Project("{2150E333-8FDC-42A3-9474-1A3956D46DE8}") = "TestRunners", "TestRunners", "{023F1F7D-5F49-430F-9CC4-5FF891439548}"
EndProject
Project("{2150E333-8FDC-42A3-9474-1A3956D46DE8}") = "Extensions", "Extensions", "{32D6B30B-3970-45A0-AE63-2150CAEC325A}"
EndProject
Project("{2150E333-8FDC-42A3-9474-1A3956D46DE8}") = "DevTools", "DevTools", "{500D1F06-7CD8-4A02-92F5-15140CD4C043}"
EndProject
Project("{FAE04EC0-301F-11D3-BF4B-00C04F79EFBC}") = "Playground", "DevTools\Playground\Playground.csproj", "{F039D7BE-0761-4618-BFA4-924E96584219}"
EndProject
Project("{FAE04EC0-301F-11D3-BF4B-00C04F79EFBC}") = "ConsoleTestRunner", "TestRunners\ConsoleTestRunner\ConsoleTestRunner.csproj", "{470C034F-1F1F-499C-9499-DC00B9EEEDE9}"
EndProject
Project("{FAE04EC0-301F-11D3-BF4B-00C04F79EFBC}") = "VsCodeDebugger_Testbed", "DevTools\VsCodeDebugger_Testbed\VsCodeDebugger_Testbed.csproj", "{D17DD647-76CF-4D87-BDF7-75E1704E8783}"
EndProject
Project("{FAE04EC0-301F-11D3-BF4B-00C04F79EFBC}") = "MoonSharp.Interpreter.Tests", "MoonSharp.Interpreter.Tests\MoonSharp.Interpreter.Tests.csproj", "{3F27EC2C-1972-4F4D-9560-D89A4F86C459}"
EndProject
Project("{FAE04EC0-301F-11D3-BF4B-00C04F79EFBC}") = "MoonSharp.RemoteDebugger", "MoonSharp.RemoteDebugger\MoonSharp.RemoteDebugger.csproj", "{DD67297D-2682-4748-8394-F0D4964586C8}"
EndProject
Project("{FAE04EC0-301F-11D3-BF4B-00C04F79EFBC}") = "MoonSharp.VsCodeDebugger", "MoonSharp.VsCodeDebugger\MoonSharp.VsCodeDebugger.csproj", "{05B3942E-35CB-4B41-8EF2-956279487107}"
EndProject
Project("{FAE04EC0-301F-11D3-BF4B-00C04F79EFBC}") = "MoonSharp.Hardwire", "MoonSharp.Hardwire\MoonSharp.Hardwire.csproj", "{5FB03C6C-9078-4F9B-89DF-6D1A866BBAA4}"
EndProject
Project("{FAE04EC0-301F-11D3-BF4B-00C04F79EFBC}") = "MoonSharp.Interpreter", "MoonSharp.Interpreter\MoonSharp.Interpreter.csproj", "{678D2A7D-01C6-447F-9E3A-153CED2F2F25}"
EndProject
Global
	GlobalSection(SolutionConfigurationPlatforms) = preSolution
		Debug|Any CPU = Debug|Any CPU
		Debug|ARM = Debug|ARM
		Debug|x64 = Debug|x64
		Debug|x86 = Debug|x86
		Dev|Any CPU = Dev|Any CPU
		Dev|ARM = Dev|ARM
		Dev|x64 = Dev|x64
		Dev|x86 = Dev|x86
		Devp4|Any CPU = Devp4|Any CPU
		Devp4|ARM = Devp4|ARM
		Devp4|x64 = Devp4|x64
		Devp4|x86 = Devp4|x86
		Release|Any CPU = Release|Any CPU
		Release|ARM = Release|ARM
		Release|x64 = Release|x64
		Release|x86 = Release|x86
	EndGlobalSection
	GlobalSection(ProjectConfigurationPlatforms) = postSolution
		{2A4BD262-D6EB-4611-A28B-27B6DAEB089B}.Debug|Any CPU.ActiveCfg = Debug|Any CPU
		{2A4BD262-D6EB-4611-A28B-27B6DAEB089B}.Debug|Any CPU.Build.0 = Debug|Any CPU
		{2A4BD262-D6EB-4611-A28B-27B6DAEB089B}.Debug|ARM.ActiveCfg = Debug|Any CPU
		{2A4BD262-D6EB-4611-A28B-27B6DAEB089B}.Debug|x64.ActiveCfg = Debug|Any CPU
		{2A4BD262-D6EB-4611-A28B-27B6DAEB089B}.Debug|x86.ActiveCfg = Debug|x86
		{2A4BD262-D6EB-4611-A28B-27B6DAEB089B}.Debug|x86.Build.0 = Debug|x86
		{2A4BD262-D6EB-4611-A28B-27B6DAEB089B}.Dev|Any CPU.ActiveCfg = Dev|Any CPU
		{2A4BD262-D6EB-4611-A28B-27B6DAEB089B}.Dev|Any CPU.Build.0 = Dev|Any CPU
		{2A4BD262-D6EB-4611-A28B-27B6DAEB089B}.Dev|ARM.ActiveCfg = Dev|Any CPU
		{2A4BD262-D6EB-4611-A28B-27B6DAEB089B}.Dev|x64.ActiveCfg = Dev|Any CPU
		{2A4BD262-D6EB-4611-A28B-27B6DAEB089B}.Dev|x86.ActiveCfg = Dev|x86
		{2A4BD262-D6EB-4611-A28B-27B6DAEB089B}.Dev|x86.Build.0 = Dev|x86
		{2A4BD262-D6EB-4611-A28B-27B6DAEB089B}.Devp4|Any CPU.ActiveCfg = Devp4|Any CPU
		{2A4BD262-D6EB-4611-A28B-27B6DAEB089B}.Devp4|ARM.ActiveCfg = Devp4|Any CPU
		{2A4BD262-D6EB-4611-A28B-27B6DAEB089B}.Devp4|x64.ActiveCfg = Devp4|Any CPU
		{2A4BD262-D6EB-4611-A28B-27B6DAEB089B}.Devp4|x86.ActiveCfg = Devp4|x86
		{2A4BD262-D6EB-4611-A28B-27B6DAEB089B}.Devp4|x86.Build.0 = Devp4|x86
		{2A4BD262-D6EB-4611-A28B-27B6DAEB089B}.Release|Any CPU.ActiveCfg = Release|Any CPU
		{2A4BD262-D6EB-4611-A28B-27B6DAEB089B}.Release|Any CPU.Build.0 = Release|Any CPU
		{2A4BD262-D6EB-4611-A28B-27B6DAEB089B}.Release|ARM.ActiveCfg = Release|Any CPU
		{2A4BD262-D6EB-4611-A28B-27B6DAEB089B}.Release|x64.ActiveCfg = Release|Any CPU
		{2A4BD262-D6EB-4611-A28B-27B6DAEB089B}.Release|x86.ActiveCfg = Release|x86
		{2A4BD262-D6EB-4611-A28B-27B6DAEB089B}.Release|x86.Build.0 = Release|x86
		{F039D7BE-0761-4618-BFA4-924E96584219}.Debug|Any CPU.ActiveCfg = Debug|Any CPU
		{F039D7BE-0761-4618-BFA4-924E96584219}.Debug|Any CPU.Build.0 = Debug|Any CPU
		{F039D7BE-0761-4618-BFA4-924E96584219}.Debug|ARM.ActiveCfg = Debug|Any CPU
		{F039D7BE-0761-4618-BFA4-924E96584219}.Debug|x64.ActiveCfg = Debug|Any CPU
		{F039D7BE-0761-4618-BFA4-924E96584219}.Debug|x86.ActiveCfg = Debug|Any CPU
		{F039D7BE-0761-4618-BFA4-924E96584219}.Dev|Any CPU.ActiveCfg = Debug|Any CPU
		{F039D7BE-0761-4618-BFA4-924E96584219}.Dev|Any CPU.Build.0 = Debug|Any CPU
		{F039D7BE-0761-4618-BFA4-924E96584219}.Dev|ARM.ActiveCfg = Debug|Any CPU
		{F039D7BE-0761-4618-BFA4-924E96584219}.Dev|x64.ActiveCfg = Debug|Any CPU
		{F039D7BE-0761-4618-BFA4-924E96584219}.Dev|x86.ActiveCfg = Debug|Any CPU
		{F039D7BE-0761-4618-BFA4-924E96584219}.Devp4|Any CPU.ActiveCfg = Debug|Any CPU
		{F039D7BE-0761-4618-BFA4-924E96584219}.Devp4|Any CPU.Build.0 = Debug|Any CPU
		{F039D7BE-0761-4618-BFA4-924E96584219}.Devp4|ARM.ActiveCfg = Debug|Any CPU
		{F039D7BE-0761-4618-BFA4-924E96584219}.Devp4|x64.ActiveCfg = Debug|Any CPU
		{F039D7BE-0761-4618-BFA4-924E96584219}.Devp4|x86.ActiveCfg = Debug|Any CPU
		{F039D7BE-0761-4618-BFA4-924E96584219}.Release|Any CPU.ActiveCfg = Release|Any CPU
		{F039D7BE-0761-4618-BFA4-924E96584219}.Release|Any CPU.Build.0 = Release|Any CPU
		{F039D7BE-0761-4618-BFA4-924E96584219}.Release|ARM.ActiveCfg = Release|Any CPU
		{F039D7BE-0761-4618-BFA4-924E96584219}.Release|x64.ActiveCfg = Release|Any CPU
		{F039D7BE-0761-4618-BFA4-924E96584219}.Release|x86.ActiveCfg = Release|Any CPU
		{470C034F-1F1F-499C-9499-DC00B9EEEDE9}.Debug|Any CPU.ActiveCfg = Debug|Any CPU
		{470C034F-1F1F-499C-9499-DC00B9EEEDE9}.Debug|Any CPU.Build.0 = Debug|Any CPU
		{470C034F-1F1F-499C-9499-DC00B9EEEDE9}.Debug|ARM.ActiveCfg = Debug|Any CPU
		{470C034F-1F1F-499C-9499-DC00B9EEEDE9}.Debug|x64.ActiveCfg = Debug|Any CPU
		{470C034F-1F1F-499C-9499-DC00B9EEEDE9}.Debug|x86.ActiveCfg = Debug|x86
		{470C034F-1F1F-499C-9499-DC00B9EEEDE9}.Debug|x86.Build.0 = Debug|x86
		{470C034F-1F1F-499C-9499-DC00B9EEEDE9}.Dev|Any CPU.ActiveCfg = Dev|Any CPU
		{470C034F-1F1F-499C-9499-DC00B9EEEDE9}.Dev|Any CPU.Build.0 = Dev|Any CPU
		{470C034F-1F1F-499C-9499-DC00B9EEEDE9}.Dev|ARM.ActiveCfg = Dev|Any CPU
		{470C034F-1F1F-499C-9499-DC00B9EEEDE9}.Dev|x64.ActiveCfg = Dev|Any CPU
		{470C034F-1F1F-499C-9499-DC00B9EEEDE9}.Dev|x86.ActiveCfg = Dev|x86
		{470C034F-1F1F-499C-9499-DC00B9EEEDE9}.Dev|x86.Build.0 = Dev|x86
		{470C034F-1F1F-499C-9499-DC00B9EEEDE9}.Devp4|Any CPU.ActiveCfg = Devp4|Any CPU
		{470C034F-1F1F-499C-9499-DC00B9EEEDE9}.Devp4|Any CPU.Build.0 = Devp4|Any CPU
		{470C034F-1F1F-499C-9499-DC00B9EEEDE9}.Devp4|ARM.ActiveCfg = Devp4|Any CPU
		{470C034F-1F1F-499C-9499-DC00B9EEEDE9}.Devp4|x64.ActiveCfg = Devp4|Any CPU
		{470C034F-1F1F-499C-9499-DC00B9EEEDE9}.Devp4|x86.ActiveCfg = Devp4|x86
		{470C034F-1F1F-499C-9499-DC00B9EEEDE9}.Devp4|x86.Build.0 = Devp4|x86
		{470C034F-1F1F-499C-9499-DC00B9EEEDE9}.Release|Any CPU.ActiveCfg = Release|Any CPU
		{470C034F-1F1F-499C-9499-DC00B9EEEDE9}.Release|Any CPU.Build.0 = Release|Any CPU
		{470C034F-1F1F-499C-9499-DC00B9EEEDE9}.Release|ARM.ActiveCfg = Release|Any CPU
		{470C034F-1F1F-499C-9499-DC00B9EEEDE9}.Release|x64.ActiveCfg = Release|Any CPU
		{470C034F-1F1F-499C-9499-DC00B9EEEDE9}.Release|x86.ActiveCfg = Release|x86
		{470C034F-1F1F-499C-9499-DC00B9EEEDE9}.Release|x86.Build.0 = Release|x86
		{D17DD647-76CF-4D87-BDF7-75E1704E8783}.Debug|Any CPU.ActiveCfg = Debug|Any CPU
		{D17DD647-76CF-4D87-BDF7-75E1704E8783}.Debug|Any CPU.Build.0 = Debug|Any CPU
		{D17DD647-76CF-4D87-BDF7-75E1704E8783}.Debug|ARM.ActiveCfg = Debug|Any CPU
		{D17DD647-76CF-4D87-BDF7-75E1704E8783}.Debug|ARM.Build.0 = Debug|Any CPU
		{D17DD647-76CF-4D87-BDF7-75E1704E8783}.Debug|x64.ActiveCfg = Debug|Any CPU
		{D17DD647-76CF-4D87-BDF7-75E1704E8783}.Debug|x64.Build.0 = Debug|Any CPU
		{D17DD647-76CF-4D87-BDF7-75E1704E8783}.Debug|x86.ActiveCfg = Debug|Any CPU
		{D17DD647-76CF-4D87-BDF7-75E1704E8783}.Debug|x86.Build.0 = Debug|Any CPU
		{D17DD647-76CF-4D87-BDF7-75E1704E8783}.Dev|Any CPU.ActiveCfg = Debug|Any CPU
		{D17DD647-76CF-4D87-BDF7-75E1704E8783}.Dev|Any CPU.Build.0 = Debug|Any CPU
		{D17DD647-76CF-4D87-BDF7-75E1704E8783}.Dev|ARM.ActiveCfg = Debug|Any CPU
		{D17DD647-76CF-4D87-BDF7-75E1704E8783}.Dev|ARM.Build.0 = Debug|Any CPU
		{D17DD647-76CF-4D87-BDF7-75E1704E8783}.Dev|x64.ActiveCfg = Debug|Any CPU
		{D17DD647-76CF-4D87-BDF7-75E1704E8783}.Dev|x64.Build.0 = Debug|Any CPU
		{D17DD647-76CF-4D87-BDF7-75E1704E8783}.Dev|x86.ActiveCfg = Debug|Any CPU
		{D17DD647-76CF-4D87-BDF7-75E1704E8783}.Dev|x86.Build.0 = Debug|Any CPU
		{D17DD647-76CF-4D87-BDF7-75E1704E8783}.Devp4|Any CPU.ActiveCfg = Debug|Any CPU
		{D17DD647-76CF-4D87-BDF7-75E1704E8783}.Devp4|Any CPU.Build.0 = Debug|Any CPU
		{D17DD647-76CF-4D87-BDF7-75E1704E8783}.Devp4|ARM.ActiveCfg = Debug|Any CPU
		{D17DD647-76CF-4D87-BDF7-75E1704E8783}.Devp4|ARM.Build.0 = Debug|Any CPU
		{D17DD647-76CF-4D87-BDF7-75E1704E8783}.Devp4|x64.ActiveCfg = Debug|Any CPU
		{D17DD647-76CF-4D87-BDF7-75E1704E8783}.Devp4|x64.Build.0 = Debug|Any CPU
		{D17DD647-76CF-4D87-BDF7-75E1704E8783}.Devp4|x86.ActiveCfg = Debug|Any CPU
		{D17DD647-76CF-4D87-BDF7-75E1704E8783}.Devp4|x86.Build.0 = Debug|Any CPU
		{D17DD647-76CF-4D87-BDF7-75E1704E8783}.Release|Any CPU.ActiveCfg = Release|Any CPU
		{D17DD647-76CF-4D87-BDF7-75E1704E8783}.Release|Any CPU.Build.0 = Release|Any CPU
		{D17DD647-76CF-4D87-BDF7-75E1704E8783}.Release|ARM.ActiveCfg = Release|Any CPU
		{D17DD647-76CF-4D87-BDF7-75E1704E8783}.Release|ARM.Build.0 = Release|Any CPU
		{D17DD647-76CF-4D87-BDF7-75E1704E8783}.Release|x64.ActiveCfg = Release|Any CPU
		{D17DD647-76CF-4D87-BDF7-75E1704E8783}.Release|x64.Build.0 = Release|Any CPU
		{D17DD647-76CF-4D87-BDF7-75E1704E8783}.Release|x86.ActiveCfg = Release|Any CPU
		{D17DD647-76CF-4D87-BDF7-75E1704E8783}.Release|x86.Build.0 = Release|Any CPU
		{3F27EC2C-1972-4F4D-9560-D89A4F86C459}.Debug|Any CPU.ActiveCfg = Debug|Any CPU
		{3F27EC2C-1972-4F4D-9560-D89A4F86C459}.Debug|Any CPU.Build.0 = Debug|Any CPU
		{3F27EC2C-1972-4F4D-9560-D89A4F86C459}.Debug|ARM.ActiveCfg = Debug|Any CPU
		{3F27EC2C-1972-4F4D-9560-D89A4F86C459}.Debug|ARM.Build.0 = Debug|Any CPU
		{3F27EC2C-1972-4F4D-9560-D89A4F86C459}.Debug|x64.ActiveCfg = Debug|Any CPU
		{3F27EC2C-1972-4F4D-9560-D89A4F86C459}.Debug|x64.Build.0 = Debug|Any CPU
		{3F27EC2C-1972-4F4D-9560-D89A4F86C459}.Debug|x86.ActiveCfg = Debug|Any CPU
		{3F27EC2C-1972-4F4D-9560-D89A4F86C459}.Debug|x86.Build.0 = Debug|Any CPU
		{3F27EC2C-1972-4F4D-9560-D89A4F86C459}.Dev|Any CPU.ActiveCfg = Debug|Any CPU
		{3F27EC2C-1972-4F4D-9560-D89A4F86C459}.Dev|Any CPU.Build.0 = Debug|Any CPU
		{3F27EC2C-1972-4F4D-9560-D89A4F86C459}.Dev|ARM.ActiveCfg = Debug|Any CPU
		{3F27EC2C-1972-4F4D-9560-D89A4F86C459}.Dev|ARM.Build.0 = Debug|Any CPU
		{3F27EC2C-1972-4F4D-9560-D89A4F86C459}.Dev|x64.ActiveCfg = Debug|Any CPU
		{3F27EC2C-1972-4F4D-9560-D89A4F86C459}.Dev|x64.Build.0 = Debug|Any CPU
		{3F27EC2C-1972-4F4D-9560-D89A4F86C459}.Dev|x86.ActiveCfg = Debug|Any CPU
		{3F27EC2C-1972-4F4D-9560-D89A4F86C459}.Dev|x86.Build.0 = Debug|Any CPU
		{3F27EC2C-1972-4F4D-9560-D89A4F86C459}.Devp4|Any CPU.ActiveCfg = Debug|Any CPU
		{3F27EC2C-1972-4F4D-9560-D89A4F86C459}.Devp4|Any CPU.Build.0 = Debug|Any CPU
		{3F27EC2C-1972-4F4D-9560-D89A4F86C459}.Devp4|ARM.ActiveCfg = Debug|Any CPU
		{3F27EC2C-1972-4F4D-9560-D89A4F86C459}.Devp4|ARM.Build.0 = Debug|Any CPU
		{3F27EC2C-1972-4F4D-9560-D89A4F86C459}.Devp4|x64.ActiveCfg = Debug|Any CPU
		{3F27EC2C-1972-4F4D-9560-D89A4F86C459}.Devp4|x64.Build.0 = Debug|Any CPU
		{3F27EC2C-1972-4F4D-9560-D89A4F86C459}.Devp4|x86.ActiveCfg = Debug|Any CPU
		{3F27EC2C-1972-4F4D-9560-D89A4F86C459}.Devp4|x86.Build.0 = Debug|Any CPU
		{3F27EC2C-1972-4F4D-9560-D89A4F86C459}.Release|Any CPU.ActiveCfg = Release|Any CPU
		{3F27EC2C-1972-4F4D-9560-D89A4F86C459}.Release|Any CPU.Build.0 = Release|Any CPU
		{3F27EC2C-1972-4F4D-9560-D89A4F86C459}.Release|ARM.ActiveCfg = Release|Any CPU
		{3F27EC2C-1972-4F4D-9560-D89A4F86C459}.Release|ARM.Build.0 = Release|Any CPU
		{3F27EC2C-1972-4F4D-9560-D89A4F86C459}.Release|x64.ActiveCfg = Release|Any CPU
		{3F27EC2C-1972-4F4D-9560-D89A4F86C459}.Release|x64.Build.0 = Release|Any CPU
		{3F27EC2C-1972-4F4D-9560-D89A4F86C459}.Release|x86.ActiveCfg = Release|Any CPU
		{3F27EC2C-1972-4F4D-9560-D89A4F86C459}.Release|x86.Build.0 = Release|Any CPU
		{DD67297D-2682-4748-8394-F0D4964586C8}.Debug|Any CPU.ActiveCfg = Debug|Any CPU
		{DD67297D-2682-4748-8394-F0D4964586C8}.Debug|Any CPU.Build.0 = Debug|Any CPU
		{DD67297D-2682-4748-8394-F0D4964586C8}.Debug|ARM.ActiveCfg = Debug|Any CPU
		{DD67297D-2682-4748-8394-F0D4964586C8}.Debug|ARM.Build.0 = Debug|Any CPU
		{DD67297D-2682-4748-8394-F0D4964586C8}.Debug|x64.ActiveCfg = Debug|Any CPU
		{DD67297D-2682-4748-8394-F0D4964586C8}.Debug|x64.Build.0 = Debug|Any CPU
		{DD67297D-2682-4748-8394-F0D4964586C8}.Debug|x86.ActiveCfg = Debug|Any CPU
		{DD67297D-2682-4748-8394-F0D4964586C8}.Debug|x86.Build.0 = Debug|Any CPU
		{DD67297D-2682-4748-8394-F0D4964586C8}.Dev|Any CPU.ActiveCfg = Debug|Any CPU
		{DD67297D-2682-4748-8394-F0D4964586C8}.Dev|Any CPU.Build.0 = Debug|Any CPU
		{DD67297D-2682-4748-8394-F0D4964586C8}.Dev|ARM.ActiveCfg = Debug|Any CPU
		{DD67297D-2682-4748-8394-F0D4964586C8}.Dev|ARM.Build.0 = Debug|Any CPU
		{DD67297D-2682-4748-8394-F0D4964586C8}.Dev|x64.ActiveCfg = Debug|Any CPU
		{DD67297D-2682-4748-8394-F0D4964586C8}.Dev|x64.Build.0 = Debug|Any CPU
		{DD67297D-2682-4748-8394-F0D4964586C8}.Dev|x86.ActiveCfg = Debug|Any CPU
		{DD67297D-2682-4748-8394-F0D4964586C8}.Dev|x86.Build.0 = Debug|Any CPU
		{DD67297D-2682-4748-8394-F0D4964586C8}.Devp4|Any CPU.ActiveCfg = Debug|Any CPU
		{DD67297D-2682-4748-8394-F0D4964586C8}.Devp4|Any CPU.Build.0 = Debug|Any CPU
		{DD67297D-2682-4748-8394-F0D4964586C8}.Devp4|ARM.ActiveCfg = Debug|Any CPU
		{DD67297D-2682-4748-8394-F0D4964586C8}.Devp4|ARM.Build.0 = Debug|Any CPU
		{DD67297D-2682-4748-8394-F0D4964586C8}.Devp4|x64.ActiveCfg = Debug|Any CPU
		{DD67297D-2682-4748-8394-F0D4964586C8}.Devp4|x64.Build.0 = Debug|Any CPU
		{DD67297D-2682-4748-8394-F0D4964586C8}.Devp4|x86.ActiveCfg = Debug|Any CPU
		{DD67297D-2682-4748-8394-F0D4964586C8}.Devp4|x86.Build.0 = Debug|Any CPU
		{DD67297D-2682-4748-8394-F0D4964586C8}.Release|Any CPU.ActiveCfg = Release|Any CPU
		{DD67297D-2682-4748-8394-F0D4964586C8}.Release|Any CPU.Build.0 = Release|Any CPU
		{DD67297D-2682-4748-8394-F0D4964586C8}.Release|ARM.ActiveCfg = Release|Any CPU
		{DD67297D-2682-4748-8394-F0D4964586C8}.Release|ARM.Build.0 = Release|Any CPU
		{DD67297D-2682-4748-8394-F0D4964586C8}.Release|x64.ActiveCfg = Release|Any CPU
		{DD67297D-2682-4748-8394-F0D4964586C8}.Release|x64.Build.0 = Release|Any CPU
		{DD67297D-2682-4748-8394-F0D4964586C8}.Release|x86.ActiveCfg = Release|Any CPU
		{DD67297D-2682-4748-8394-F0D4964586C8}.Release|x86.Build.0 = Release|Any CPU
		{05B3942E-35CB-4B41-8EF2-956279487107}.Debug|Any CPU.ActiveCfg = Debug|Any CPU
		{05B3942E-35CB-4B41-8EF2-956279487107}.Debug|Any CPU.Build.0 = Debug|Any CPU
		{05B3942E-35CB-4B41-8EF2-956279487107}.Debug|ARM.ActiveCfg = Debug|Any CPU
		{05B3942E-35CB-4B41-8EF2-956279487107}.Debug|ARM.Build.0 = Debug|Any CPU
		{05B3942E-35CB-4B41-8EF2-956279487107}.Debug|x64.ActiveCfg = Debug|Any CPU
		{05B3942E-35CB-4B41-8EF2-956279487107}.Debug|x64.Build.0 = Debug|Any CPU
		{05B3942E-35CB-4B41-8EF2-956279487107}.Debug|x86.ActiveCfg = Debug|Any CPU
		{05B3942E-35CB-4B41-8EF2-956279487107}.Debug|x86.Build.0 = Debug|Any CPU
		{05B3942E-35CB-4B41-8EF2-956279487107}.Dev|Any CPU.ActiveCfg = Debug|Any CPU
		{05B3942E-35CB-4B41-8EF2-956279487107}.Dev|Any CPU.Build.0 = Debug|Any CPU
		{05B3942E-35CB-4B41-8EF2-956279487107}.Dev|ARM.ActiveCfg = Debug|Any CPU
		{05B3942E-35CB-4B41-8EF2-956279487107}.Dev|ARM.Build.0 = Debug|Any CPU
		{05B3942E-35CB-4B41-8EF2-956279487107}.Dev|x64.ActiveCfg = Debug|Any CPU
		{05B3942E-35CB-4B41-8EF2-956279487107}.Dev|x64.Build.0 = Debug|Any CPU
		{05B3942E-35CB-4B41-8EF2-956279487107}.Dev|x86.ActiveCfg = Debug|Any CPU
		{05B3942E-35CB-4B41-8EF2-956279487107}.Dev|x86.Build.0 = Debug|Any CPU
		{05B3942E-35CB-4B41-8EF2-956279487107}.Devp4|Any CPU.ActiveCfg = Debug|Any CPU
		{05B3942E-35CB-4B41-8EF2-956279487107}.Devp4|Any CPU.Build.0 = Debug|Any CPU
		{05B3942E-35CB-4B41-8EF2-956279487107}.Devp4|ARM.ActiveCfg = Debug|Any CPU
		{05B3942E-35CB-4B41-8EF2-956279487107}.Devp4|ARM.Build.0 = Debug|Any CPU
		{05B3942E-35CB-4B41-8EF2-956279487107}.Devp4|x64.ActiveCfg = Debug|Any CPU
		{05B3942E-35CB-4B41-8EF2-956279487107}.Devp4|x64.Build.0 = Debug|Any CPU
		{05B3942E-35CB-4B41-8EF2-956279487107}.Devp4|x86.ActiveCfg = Debug|Any CPU
		{05B3942E-35CB-4B41-8EF2-956279487107}.Devp4|x86.Build.0 = Debug|Any CPU
		{05B3942E-35CB-4B41-8EF2-956279487107}.Release|Any CPU.ActiveCfg = Release|Any CPU
		{05B3942E-35CB-4B41-8EF2-956279487107}.Release|Any CPU.Build.0 = Release|Any CPU
		{05B3942E-35CB-4B41-8EF2-956279487107}.Release|ARM.ActiveCfg = Release|Any CPU
		{05B3942E-35CB-4B41-8EF2-956279487107}.Release|ARM.Build.0 = Release|Any CPU
		{05B3942E-35CB-4B41-8EF2-956279487107}.Release|x64.ActiveCfg = Release|Any CPU
		{05B3942E-35CB-4B41-8EF2-956279487107}.Release|x64.Build.0 = Release|Any CPU
		{05B3942E-35CB-4B41-8EF2-956279487107}.Release|x86.ActiveCfg = Release|Any CPU
		{05B3942E-35CB-4B41-8EF2-956279487107}.Release|x86.Build.0 = Release|Any CPU
		{5FB03C6C-9078-4F9B-89DF-6D1A866BBAA4}.Debug|Any CPU.ActiveCfg = Debug|Any CPU
		{5FB03C6C-9078-4F9B-89DF-6D1A866BBAA4}.Debug|Any CPU.Build.0 = Debug|Any CPU
		{5FB03C6C-9078-4F9B-89DF-6D1A866BBAA4}.Debug|ARM.ActiveCfg = Debug|Any CPU
		{5FB03C6C-9078-4F9B-89DF-6D1A866BBAA4}.Debug|ARM.Build.0 = Debug|Any CPU
		{5FB03C6C-9078-4F9B-89DF-6D1A866BBAA4}.Debug|x64.ActiveCfg = Debug|Any CPU
		{5FB03C6C-9078-4F9B-89DF-6D1A866BBAA4}.Debug|x64.Build.0 = Debug|Any CPU
		{5FB03C6C-9078-4F9B-89DF-6D1A866BBAA4}.Debug|x86.ActiveCfg = Debug|Any CPU
		{5FB03C6C-9078-4F9B-89DF-6D1A866BBAA4}.Debug|x86.Build.0 = Debug|Any CPU
		{5FB03C6C-9078-4F9B-89DF-6D1A866BBAA4}.Dev|Any CPU.ActiveCfg = Debug|Any CPU
		{5FB03C6C-9078-4F9B-89DF-6D1A866BBAA4}.Dev|Any CPU.Build.0 = Debug|Any CPU
		{5FB03C6C-9078-4F9B-89DF-6D1A866BBAA4}.Dev|ARM.ActiveCfg = Debug|Any CPU
		{5FB03C6C-9078-4F9B-89DF-6D1A866BBAA4}.Dev|ARM.Build.0 = Debug|Any CPU
		{5FB03C6C-9078-4F9B-89DF-6D1A866BBAA4}.Dev|x64.ActiveCfg = Debug|Any CPU
		{5FB03C6C-9078-4F9B-89DF-6D1A866BBAA4}.Dev|x64.Build.0 = Debug|Any CPU
		{5FB03C6C-9078-4F9B-89DF-6D1A866BBAA4}.Dev|x86.ActiveCfg = Debug|Any CPU
		{5FB03C6C-9078-4F9B-89DF-6D1A866BBAA4}.Dev|x86.Build.0 = Debug|Any CPU
		{5FB03C6C-9078-4F9B-89DF-6D1A866BBAA4}.Devp4|Any CPU.ActiveCfg = Debug|Any CPU
		{5FB03C6C-9078-4F9B-89DF-6D1A866BBAA4}.Devp4|Any CPU.Build.0 = Debug|Any CPU
		{5FB03C6C-9078-4F9B-89DF-6D1A866BBAA4}.Devp4|ARM.ActiveCfg = Debug|Any CPU
		{5FB03C6C-9078-4F9B-89DF-6D1A866BBAA4}.Devp4|ARM.Build.0 = Debug|Any CPU
		{5FB03C6C-9078-4F9B-89DF-6D1A866BBAA4}.Devp4|x64.ActiveCfg = Debug|Any CPU
		{5FB03C6C-9078-4F9B-89DF-6D1A866BBAA4}.Devp4|x64.Build.0 = Debug|Any CPU
		{5FB03C6C-9078-4F9B-89DF-6D1A866BBAA4}.Devp4|x86.ActiveCfg = Debug|Any CPU
		{5FB03C6C-9078-4F9B-89DF-6D1A866BBAA4}.Devp4|x86.Build.0 = Debug|Any CPU
		{5FB03C6C-9078-4F9B-89DF-6D1A866BBAA4}.Release|Any CPU.ActiveCfg = Release|Any CPU
		{5FB03C6C-9078-4F9B-89DF-6D1A866BBAA4}.Release|Any CPU.Build.0 = Release|Any CPU
		{5FB03C6C-9078-4F9B-89DF-6D1A866BBAA4}.Release|ARM.ActiveCfg = Release|Any CPU
		{5FB03C6C-9078-4F9B-89DF-6D1A866BBAA4}.Release|ARM.Build.0 = Release|Any CPU
		{5FB03C6C-9078-4F9B-89DF-6D1A866BBAA4}.Release|x64.ActiveCfg = Release|Any CPU
		{5FB03C6C-9078-4F9B-89DF-6D1A866BBAA4}.Release|x64.Build.0 = Release|Any CPU
		{5FB03C6C-9078-4F9B-89DF-6D1A866BBAA4}.Release|x86.ActiveCfg = Release|Any CPU
		{5FB03C6C-9078-4F9B-89DF-6D1A866BBAA4}.Release|x86.Build.0 = Release|Any CPU
		{678D2A7D-01C6-447F-9E3A-153CED2F2F25}.Debug|Any CPU.ActiveCfg = Debug|Any CPU
		{678D2A7D-01C6-447F-9E3A-153CED2F2F25}.Debug|Any CPU.Build.0 = Debug|Any CPU
		{678D2A7D-01C6-447F-9E3A-153CED2F2F25}.Debug|ARM.ActiveCfg = Debug|Any CPU
		{678D2A7D-01C6-447F-9E3A-153CED2F2F25}.Debug|ARM.Build.0 = Debug|Any CPU
		{678D2A7D-01C6-447F-9E3A-153CED2F2F25}.Debug|x64.ActiveCfg = Debug|Any CPU
		{678D2A7D-01C6-447F-9E3A-153CED2F2F25}.Debug|x64.Build.0 = Debug|Any CPU
		{678D2A7D-01C6-447F-9E3A-153CED2F2F25}.Debug|x86.ActiveCfg = Debug|Any CPU
		{678D2A7D-01C6-447F-9E3A-153CED2F2F25}.Debug|x86.Build.0 = Debug|Any CPU
		{678D2A7D-01C6-447F-9E3A-153CED2F2F25}.Dev|Any CPU.ActiveCfg = Debug|Any CPU
		{678D2A7D-01C6-447F-9E3A-153CED2F2F25}.Dev|Any CPU.Build.0 = Debug|Any CPU
		{678D2A7D-01C6-447F-9E3A-153CED2F2F25}.Dev|ARM.ActiveCfg = Debug|Any CPU
		{678D2A7D-01C6-447F-9E3A-153CED2F2F25}.Dev|ARM.Build.0 = Debug|Any CPU
		{678D2A7D-01C6-447F-9E3A-153CED2F2F25}.Dev|x64.ActiveCfg = Debug|Any CPU
		{678D2A7D-01C6-447F-9E3A-153CED2F2F25}.Dev|x64.Build.0 = Debug|Any CPU
		{678D2A7D-01C6-447F-9E3A-153CED2F2F25}.Dev|x86.ActiveCfg = Debug|Any CPU
		{678D2A7D-01C6-447F-9E3A-153CED2F2F25}.Dev|x86.Build.0 = Debug|Any CPU
		{678D2A7D-01C6-447F-9E3A-153CED2F2F25}.Devp4|Any CPU.ActiveCfg = Debug|Any CPU
		{678D2A7D-01C6-447F-9E3A-153CED2F2F25}.Devp4|Any CPU.Build.0 = Debug|Any CPU
		{678D2A7D-01C6-447F-9E3A-153CED2F2F25}.Devp4|ARM.ActiveCfg = Debug|Any CPU
		{678D2A7D-01C6-447F-9E3A-153CED2F2F25}.Devp4|ARM.Build.0 = Debug|Any CPU
		{678D2A7D-01C6-447F-9E3A-153CED2F2F25}.Devp4|x64.ActiveCfg = Debug|Any CPU
		{678D2A7D-01C6-447F-9E3A-153CED2F2F25}.Devp4|x64.Build.0 = Debug|Any CPU
		{678D2A7D-01C6-447F-9E3A-153CED2F2F25}.Devp4|x86.ActiveCfg = Debug|Any CPU
		{678D2A7D-01C6-447F-9E3A-153CED2F2F25}.Devp4|x86.Build.0 = Debug|Any CPU
		{678D2A7D-01C6-447F-9E3A-153CED2F2F25}.Release|Any CPU.ActiveCfg = Release|Any CPU
		{678D2A7D-01C6-447F-9E3A-153CED2F2F25}.Release|Any CPU.Build.0 = Release|Any CPU
		{678D2A7D-01C6-447F-9E3A-153CED2F2F25}.Release|ARM.ActiveCfg = Release|Any CPU
		{678D2A7D-01C6-447F-9E3A-153CED2F2F25}.Release|ARM.Build.0 = Release|Any CPU
		{678D2A7D-01C6-447F-9E3A-153CED2F2F25}.Release|x64.ActiveCfg = Release|Any CPU
		{678D2A7D-01C6-447F-9E3A-153CED2F2F25}.Release|x64.Build.0 = Release|Any CPU
		{678D2A7D-01C6-447F-9E3A-153CED2F2F25}.Release|x86.ActiveCfg = Release|Any CPU
		{678D2A7D-01C6-447F-9E3A-153CED2F2F25}.Release|x86.Build.0 = Release|Any CPU
	EndGlobalSection
	GlobalSection(SolutionProperties) = preSolution
		HideSolutionNode = FALSE
	EndGlobalSection
	GlobalSection(NestedProjects) = preSolution
		{2A4BD262-D6EB-4611-A28B-27B6DAEB089B} = {59F722D5-6E5C-4544-A849-18E7CE876FDF}
		{F039D7BE-0761-4618-BFA4-924E96584219} = {500D1F06-7CD8-4A02-92F5-15140CD4C043}
		{470C034F-1F1F-499C-9499-DC00B9EEEDE9} = {023F1F7D-5F49-430F-9CC4-5FF891439548}
		{D17DD647-76CF-4D87-BDF7-75E1704E8783} = {5014C740-F6C7-4995-8D40-C250FB159A20}
		{3F27EC2C-1972-4F4D-9560-D89A4F86C459} = {FA582319-EA17-4C52-870D-C00EF793628F}
		{DD67297D-2682-4748-8394-F0D4964586C8} = {5014C740-F6C7-4995-8D40-C250FB159A20}
		{05B3942E-35CB-4B41-8EF2-956279487107} = {5014C740-F6C7-4995-8D40-C250FB159A20}
		{5FB03C6C-9078-4F9B-89DF-6D1A866BBAA4} = {59F722D5-6E5C-4544-A849-18E7CE876FDF}
		{678D2A7D-01C6-447F-9E3A-153CED2F2F25} = {16A9EA72-79A5-448D-B7A3-55E7D8362479}
	EndGlobalSection
EndGlobal
