
Microsoft Visual Studio Solution File, Format Version 12.00
# Visual Studio 2013
VisualStudioVersion = 12.0.30501.0
MinimumVisualStudioVersion = 10.0.40219.1
Project("{FAE04EC0-301F-11D3-BF4B-00C04F79EFBC}") = "MoonSharp", "MoonSharp\MoonSharp.csproj", "{2A4BD262-D6EB-4611-A28B-27B6DAEB089B}"
EndProject
Project("{FAE04EC0-301F-11D3-BF4B-00C04F79EFBC}") = "MoonSharp.Interpreter", "MoonSharp.Interpreter\MoonSharp.Interpreter.csproj", "{91EA9B9D-FE03-4273-BDAF-8AD42EDE1E59}"
EndProject
Project("{FAE04EC0-301F-11D3-BF4B-00C04F79EFBC}") = "MoonSharp.Interpreter.Tests", "MoonSharp.Interpreter.Tests\MoonSharp.Interpreter.Tests.csproj", "{4AD350E6-E296-43EF-9FEA-CB70358467E4}"
EndProject
Project("{FAE04EC0-301F-11D3-BF4B-00C04F79EFBC}") = "PerformanceComparison", "PerformanceComparison\PerformanceComparison.csproj", "{01C3C379-C816-4779-942D-0263763F8EA5}"
EndProject
Project("{FAE04EC0-301F-11D3-BF4B-00C04F79EFBC}") = "MoonSharpTests", "MoonSharpTests\MoonSharpTests.csproj", "{470C034F-1F1F-499C-9499-DC00B9EEEDE9}"
EndProject
Project("{2150E333-8FDC-42A3-9474-1A3956D46DE8}") = "root", "root", "{F02DBEDA-6AEB-461A-9557-DA7E2CB56C5A}"
	ProjectSection(SolutionItems) = preProject
		..\LICENSE = ..\LICENSE
		..\README.md = ..\README.md
	EndProjectSection
EndProject
Global
	GlobalSection(SolutionConfigurationPlatforms) = preSolution
		Debug|Any CPU = Debug|Any CPU
		Release|Any CPU = Release|Any CPU
	EndGlobalSection
	GlobalSection(ProjectConfigurationPlatforms) = postSolution
		{2A4BD262-D6EB-4611-A28B-27B6DAEB089B}.Debug|Any CPU.ActiveCfg = Debug|Any CPU
		{2A4BD262-D6EB-4611-A28B-27B6DAEB089B}.Debug|Any CPU.Build.0 = Debug|Any CPU
		{2A4BD262-D6EB-4611-A28B-27B6DAEB089B}.Release|Any CPU.ActiveCfg = Release|Any CPU
		{91EA9B9D-FE03-4273-BDAF-8AD42EDE1E59}.Debug|Any CPU.ActiveCfg = Debug|Any CPU
		{91EA9B9D-FE03-4273-BDAF-8AD42EDE1E59}.Debug|Any CPU.Build.0 = Debug|Any CPU
		{91EA9B9D-FE03-4273-BDAF-8AD42EDE1E59}.Release|Any CPU.ActiveCfg = Release|Any CPU
		{91EA9B9D-FE03-4273-BDAF-8AD42EDE1E59}.Release|Any CPU.Build.0 = Release|Any CPU
		{4AD350E6-E296-43EF-9FEA-CB70358467E4}.Debug|Any CPU.ActiveCfg = Debug|Any CPU
		{4AD350E6-E296-43EF-9FEA-CB70358467E4}.Debug|Any CPU.Build.0 = Debug|Any CPU
		{4AD350E6-E296-43EF-9FEA-CB70358467E4}.Release|Any CPU.ActiveCfg = Release|Any CPU
		{4AD350E6-E296-43EF-9FEA-CB70358467E4}.Release|Any CPU.Build.0 = Release|Any CPU
		{01C3C379-C816-4779-942D-0263763F8EA5}.Debug|Any CPU.ActiveCfg = Debug|Any CPU
		{01C3C379-C816-4779-942D-0263763F8EA5}.Debug|Any CPU.Build.0 = Debug|Any CPU
		{01C3C379-C816-4779-942D-0263763F8EA5}.Release|Any CPU.ActiveCfg = Release|Any CPU
		{01C3C379-C816-4779-942D-0263763F8EA5}.Release|Any CPU.Build.0 = Release|Any CPU
		{470C034F-1F1F-499C-9499-DC00B9EEEDE9}.Debug|Any CPU.ActiveCfg = Debug|Any CPU
		{470C034F-1F1F-499C-9499-DC00B9EEEDE9}.Debug|Any CPU.Build.0 = Debug|Any CPU
		{470C034F-1F1F-499C-9499-DC00B9EEEDE9}.Release|Any CPU.ActiveCfg = Release|Any CPU
		{470C034F-1F1F-499C-9499-DC00B9EEEDE9}.Release|Any CPU.Build.0 = Release|Any CPU
	EndGlobalSection
	GlobalSection(SolutionProperties) = preSolution
		HideSolutionNode = FALSE
	EndGlobalSection
	GlobalSection(Performance) = preSolution
		HasPerformanceSessions = true
	EndGlobalSection
EndGlobal
