
Microsoft Visual Studio Solution File, Format Version 12.00
# Visual Studio 15
VisualStudioVersion = 15.0.27703.2035
MinimumVisualStudioVersion = 10.0.40219.1
Project("{2150E333-8FDC-42A3-9474-1A3956D46DE8}") = "root", "root", "{F02DBEDA-6AEB-461A-9557-DA7E2CB56C5A}"
	ProjectSection(SolutionItems) = preProject
		..\LICENSE = ..\LICENSE
		..\README.md = ..\README.md
	EndProjectSection
EndProject
Project("{2150E333-8FDC-42A3-9474-1A3956D46DE8}") = "DevTools", "DevTools", "{3C626068-E8CE-4F62-8974-F42A56F4EFD3}"
EndProject
Project("{2150E333-8FDC-42A3-9474-1A3956D46DE8}") = "Interpreters", "Interpreters", "{16A9EA72-79A5-448D-B7A3-55E7D8362479}"
EndProject
Project("{2150E333-8FDC-42A3-9474-1A3956D46DE8}") = "RemoteDebuggers", "RemoteDebuggers", "{5014C740-F6C7-4995-8D40-C250FB159A20}"
EndProject
Project("{2150E333-8FDC-42A3-9474-1A3956D46DE8}") = "Distribution", "Distribution", "{59F722D5-6E5C-4544-A849-18E7CE876FDF}"
EndProject
Project("{2150E333-8FDC-42A3-9474-1A3956D46DE8}") = "Tests", "Tests", "{FA582319-EA17-4C52-870D-C00EF793628F}"
EndProject
Project("{2150E333-8FDC-42A3-9474-1A3956D46DE8}") = "TestRunners", "TestRunners", "{023F1F7D-5F49-430F-9CC4-5FF891439548}"
EndProject
Project("{2150E333-8FDC-42A3-9474-1A3956D46DE8}") = "Extensions", "Extensions", "{32D6B30B-3970-45A0-AE63-2150CAEC325A}"
EndProject
Project("{2150E333-8FDC-42A3-9474-1A3956D46DE8}") = "Tutorial", "Tutorial", "{1AD0980F-0C79-4F83-A638-5CB22ED62675}"
EndProject
Project("{FAE04EC0-301F-11D3-BF4B-00C04F79EFBC}") = "MoonSharp", "MoonSharp\MoonSharp.csproj", "{2A4BD262-D6EB-4611-A28B-27B6DAEB089B}"
EndProject
Project("{7CF6DF6D-3B04-46F8-A40B-537D21BCA0B4}") = "MoonSharp.Documentation", "MoonSharp.Documentation\MoonSharp.Documentation.shfbproj", "{26B3033C-D1E2-4188-870C-D197E95A7F6B}"
EndProject
Project("{FAE04EC0-301F-11D3-BF4B-00C04F79EFBC}") = "PerformanceComparison", "DevTools\PerformanceComparison\PerformanceComparison.csproj", "{01C3C379-C816-4779-942D-0263763F8EA5}"
EndProject
Project("{FAE04EC0-301F-11D3-BF4B-00C04F79EFBC}") = "ConsoleTestRunner", "TestRunners\ConsoleTestRunner\ConsoleTestRunner.csproj", "{470C034F-1F1F-499C-9499-DC00B9EEEDE9}"
EndProject
Project("{FAE04EC0-301F-11D3-BF4B-00C04F79EFBC}") = "Tutorials", "Tutorial\Tutorials\Tutorials.csproj", "{56301BAA-FD15-46D4-9C77-84F9DC299C56}"
EndProject
Project("{9A19103F-16F7-4668-BE54-9A1E7A4F7556}") = "DotNetCoreTestRunner", "TestRunners\DotNetCoreTestRunner\DotNetCoreTestRunner.csproj", "{541C9DCC-3656-459D-AD99-A0CD03D264D6}"
EndProject
Project("{FAE04EC0-301F-11D3-BF4B-00C04F79EFBC}") = "MoonSharp.RemoteDebugger", "MoonSharp.RemoteDebugger\MoonSharp.RemoteDebugger.csproj", "{1FB1A02C-04C3-4941-9DB5-95B57AEC92EF}"
EndProject
Project("{FAE04EC0-301F-11D3-BF4B-00C04F79EFBC}") = "MoonSharp.VsCodeDebugger", "MoonSharp.VsCodeDebugger\MoonSharp.VsCodeDebugger.csproj", "{6E473859-B8E9-475A-819D-8481795C18D5}"
EndProject
Project("{FAE04EC0-301F-11D3-BF4B-00C04F79EFBC}") = "MoonSharp.Interpreter", "MoonSharp.Interpreter\MoonSharp.Interpreter.csproj", "{CDC87613-B3F5-4BB3-847D-5866FE2C8779}"
EndProject
Project("{FAE04EC0-301F-11D3-BF4B-00C04F79EFBC}") = "MoonSharp.Interpreter.Tests", "MoonSharp.Interpreter.Tests\MoonSharp.Interpreter.Tests.csproj", "{C9CCA283-A76C-4281-B8A3-AE2DFDD31494}"
EndProject
Project("{FAE04EC0-301F-11D3-BF4B-00C04F79EFBC}") = "MoonSharp.Hardwire", "MoonSharp.Hardwire\MoonSharp.Hardwire.csproj", "{8602F82D-8C1C-48E5-8343-C55D9D5DB477}"
EndProject
Global
	GlobalSection(SolutionConfigurationPlatforms) = preSolution
		CI|Any CPU = CI|Any CPU
		CI|ARM = CI|ARM
		CI|x64 = CI|x64
		CI|x86 = CI|x86
		Debug|Any CPU = Debug|Any CPU
		Debug|ARM = Debug|ARM
		Debug|x64 = Debug|x64
		Debug|x86 = Debug|x86
		Dev|Any CPU = Dev|Any CPU
		Dev|ARM = Dev|ARM
		Dev|x64 = Dev|x64
		Dev|x86 = Dev|x86
		Devp4|Any CPU = Devp4|Any CPU
		Devp4|ARM = Devp4|ARM
		Devp4|x64 = Devp4|x64
		Devp4|x86 = Devp4|x86
		Release|Any CPU = Release|Any CPU
		Release|ARM = Release|ARM
		Release|x64 = Release|x64
		Release|x86 = Release|x86
	EndGlobalSection
	GlobalSection(ProjectConfigurationPlatforms) = postSolution
		{2A4BD262-D6EB-4611-A28B-27B6DAEB089B}.CI|Any CPU.ActiveCfg = Release|Any CPU
		{2A4BD262-D6EB-4611-A28B-27B6DAEB089B}.CI|Any CPU.Build.0 = Release|Any CPU
		{2A4BD262-D6EB-4611-A28B-27B6DAEB089B}.CI|ARM.ActiveCfg = Release|Any CPU
		{2A4BD262-D6EB-4611-A28B-27B6DAEB089B}.CI|x64.ActiveCfg = Release|Any CPU
		{2A4BD262-D6EB-4611-A28B-27B6DAEB089B}.CI|x86.ActiveCfg = Release|x86
		{2A4BD262-D6EB-4611-A28B-27B6DAEB089B}.CI|x86.Build.0 = Release|x86
		{2A4BD262-D6EB-4611-A28B-27B6DAEB089B}.Debug|Any CPU.ActiveCfg = Debug|Any CPU
		{2A4BD262-D6EB-4611-A28B-27B6DAEB089B}.Debug|Any CPU.Build.0 = Debug|Any CPU
		{2A4BD262-D6EB-4611-A28B-27B6DAEB089B}.Debug|ARM.ActiveCfg = Debug|Any CPU
		{2A4BD262-D6EB-4611-A28B-27B6DAEB089B}.Debug|x64.ActiveCfg = Debug|Any CPU
		{2A4BD262-D6EB-4611-A28B-27B6DAEB089B}.Debug|x86.ActiveCfg = Debug|x86
		{2A4BD262-D6EB-4611-A28B-27B6DAEB089B}.Debug|x86.Build.0 = Debug|x86
		{2A4BD262-D6EB-4611-A28B-27B6DAEB089B}.Dev|Any CPU.ActiveCfg = Dev|Any CPU
		{2A4BD262-D6EB-4611-A28B-27B6DAEB089B}.Dev|Any CPU.Build.0 = Dev|Any CPU
		{2A4BD262-D6EB-4611-A28B-27B6DAEB089B}.Dev|ARM.ActiveCfg = Dev|Any CPU
		{2A4BD262-D6EB-4611-A28B-27B6DAEB089B}.Dev|x64.ActiveCfg = Dev|Any CPU
		{2A4BD262-D6EB-4611-A28B-27B6DAEB089B}.Dev|x86.ActiveCfg = Dev|x86
		{2A4BD262-D6EB-4611-A28B-27B6DAEB089B}.Dev|x86.Build.0 = Dev|x86
		{2A4BD262-D6EB-4611-A28B-27B6DAEB089B}.Devp4|Any CPU.ActiveCfg = Devp4|Any CPU
		{2A4BD262-D6EB-4611-A28B-27B6DAEB089B}.Devp4|ARM.ActiveCfg = Devp4|Any CPU
		{2A4BD262-D6EB-4611-A28B-27B6DAEB089B}.Devp4|x64.ActiveCfg = Devp4|Any CPU
		{2A4BD262-D6EB-4611-A28B-27B6DAEB089B}.Devp4|x86.ActiveCfg = Devp4|x86
		{2A4BD262-D6EB-4611-A28B-27B6DAEB089B}.Devp4|x86.Build.0 = Devp4|x86
		{2A4BD262-D6EB-4611-A28B-27B6DAEB089B}.Release|Any CPU.ActiveCfg = Release|Any CPU
		{2A4BD262-D6EB-4611-A28B-27B6DAEB089B}.Release|Any CPU.Build.0 = Release|Any CPU
		{2A4BD262-D6EB-4611-A28B-27B6DAEB089B}.Release|ARM.ActiveCfg = Release|Any CPU
		{2A4BD262-D6EB-4611-A28B-27B6DAEB089B}.Release|x64.ActiveCfg = Release|Any CPU
		{2A4BD262-D6EB-4611-A28B-27B6DAEB089B}.Release|x86.ActiveCfg = Release|x86
		{2A4BD262-D6EB-4611-A28B-27B6DAEB089B}.Release|x86.Build.0 = Release|x86
		{2A4BD262-D6EB-4611-A28B-27B6DAEB089B}.Release|x64.Build.0 = Release|Any CPU
		{26B3033C-D1E2-4188-870C-D197E95A7F6B}.CI|Any CPU.ActiveCfg = Release|Any CPU
		{26B3033C-D1E2-4188-870C-D197E95A7F6B}.CI|ARM.ActiveCfg = Release|Any CPU
		{26B3033C-D1E2-4188-870C-D197E95A7F6B}.CI|x64.ActiveCfg = Release|Any CPU
		{26B3033C-D1E2-4188-870C-D197E95A7F6B}.CI|x86.ActiveCfg = Release|Any CPU
		{26B3033C-D1E2-4188-870C-D197E95A7F6B}.Debug|Any CPU.ActiveCfg = Debug|Any CPU
		{26B3033C-D1E2-4188-870C-D197E95A7F6B}.Debug|ARM.ActiveCfg = Debug|Any CPU
		{26B3033C-D1E2-4188-870C-D197E95A7F6B}.Debug|x64.ActiveCfg = Debug|Any CPU
		{26B3033C-D1E2-4188-870C-D197E95A7F6B}.Debug|x86.ActiveCfg = Debug|Any CPU
		{26B3033C-D1E2-4188-870C-D197E95A7F6B}.Dev|Any CPU.ActiveCfg = Dev|Any CPU
		{26B3033C-D1E2-4188-870C-D197E95A7F6B}.Dev|ARM.ActiveCfg = Dev|Any CPU
		{26B3033C-D1E2-4188-870C-D197E95A7F6B}.Dev|x64.ActiveCfg = Dev|Any CPU
		{26B3033C-D1E2-4188-870C-D197E95A7F6B}.Dev|x86.ActiveCfg = Dev|Any CPU
		{26B3033C-D1E2-4188-870C-D197E95A7F6B}.Devp4|Any CPU.ActiveCfg = Devp4|Any CPU
		{26B3033C-D1E2-4188-870C-D197E95A7F6B}.Devp4|ARM.ActiveCfg = Devp4|Any CPU
		{26B3033C-D1E2-4188-870C-D197E95A7F6B}.Devp4|x64.ActiveCfg = Devp4|Any CPU
		{26B3033C-D1E2-4188-870C-D197E95A7F6B}.Devp4|x86.ActiveCfg = Devp4|Any CPU
		{26B3033C-D1E2-4188-870C-D197E95A7F6B}.Release|Any CPU.ActiveCfg = Release|Any CPU
		{26B3033C-D1E2-4188-870C-D197E95A7F6B}.Release|ARM.ActiveCfg = Release|Any CPU
		{26B3033C-D1E2-4188-870C-D197E95A7F6B}.Release|x64.ActiveCfg = Release|Any CPU
		{26B3033C-D1E2-4188-870C-D197E95A7F6B}.Release|x86.ActiveCfg = Release|Any CPU
		{01C3C379-C816-4779-942D-0263763F8EA5}.CI|Any CPU.ActiveCfg = Release|Any CPU
		{01C3C379-C816-4779-942D-0263763F8EA5}.CI|ARM.ActiveCfg = Release|Any CPU
		{01C3C379-C816-4779-942D-0263763F8EA5}.CI|x64.ActiveCfg = Release|Any CPU
		{01C3C379-C816-4779-942D-0263763F8EA5}.CI|x86.ActiveCfg = Release|x86
		{01C3C379-C816-4779-942D-0263763F8EA5}.CI|x86.Build.0 = Release|x86
		{01C3C379-C816-4779-942D-0263763F8EA5}.Debug|Any CPU.ActiveCfg = Debug|Any CPU
		{01C3C379-C816-4779-942D-0263763F8EA5}.Debug|ARM.ActiveCfg = Debug|Any CPU
		{01C3C379-C816-4779-942D-0263763F8EA5}.Debug|x64.ActiveCfg = Debug|Any CPU
		{01C3C379-C816-4779-942D-0263763F8EA5}.Debug|x86.ActiveCfg = Debug|x86
		{01C3C379-C816-4779-942D-0263763F8EA5}.Debug|x86.Build.0 = Debug|x86
		{01C3C379-C816-4779-942D-0263763F8EA5}.Dev|Any CPU.ActiveCfg = Dev|Any CPU
		{01C3C379-C816-4779-942D-0263763F8EA5}.Dev|ARM.ActiveCfg = Dev|Any CPU
		{01C3C379-C816-4779-942D-0263763F8EA5}.Dev|x64.ActiveCfg = Dev|Any CPU
		{01C3C379-C816-4779-942D-0263763F8EA5}.Dev|x86.ActiveCfg = Dev|x86
		{01C3C379-C816-4779-942D-0263763F8EA5}.Dev|x86.Build.0 = Dev|x86
		{01C3C379-C816-4779-942D-0263763F8EA5}.Devp4|Any CPU.ActiveCfg = Devp4|Any CPU
		{01C3C379-C816-4779-942D-0263763F8EA5}.Devp4|ARM.ActiveCfg = Devp4|Any CPU
		{01C3C379-C816-4779-942D-0263763F8EA5}.Devp4|x64.ActiveCfg = Devp4|Any CPU
		{01C3C379-C816-4779-942D-0263763F8EA5}.Devp4|x86.ActiveCfg = Devp4|x86
		{01C3C379-C816-4779-942D-0263763F8EA5}.Devp4|x86.Build.0 = Devp4|x86
		{01C3C379-C816-4779-942D-0263763F8EA5}.Release|Any CPU.ActiveCfg = Release|Any CPU
		{01C3C379-C816-4779-942D-0263763F8EA5}.Release|ARM.ActiveCfg = Release|Any CPU
		{01C3C379-C816-4779-942D-0263763F8EA5}.Release|x64.ActiveCfg = Release|Any CPU
		{01C3C379-C816-4779-942D-0263763F8EA5}.Release|x86.ActiveCfg = Release|x86
		{01C3C379-C816-4779-942D-0263763F8EA5}.Release|x86.Build.0 = Release|x86
		{01C3C379-C816-4779-942D-0263763F8EA5}.Release|x64.Build.0 = Release|Any CPU
		{470C034F-1F1F-499C-9499-DC00B9EEEDE9}.CI|Any CPU.ActiveCfg = Release|Any CPU
		{470C034F-1F1F-499C-9499-DC00B9EEEDE9}.CI|Any CPU.Build.0 = Release|Any CPU
		{470C034F-1F1F-499C-9499-DC00B9EEEDE9}.CI|ARM.ActiveCfg = Release|Any CPU
		{470C034F-1F1F-499C-9499-DC00B9EEEDE9}.CI|x64.ActiveCfg = Release|Any CPU
		{470C034F-1F1F-499C-9499-DC00B9EEEDE9}.CI|x86.ActiveCfg = Release|x86
		{470C034F-1F1F-499C-9499-DC00B9EEEDE9}.CI|x86.Build.0 = Release|x86
		{470C034F-1F1F-499C-9499-DC00B9EEEDE9}.Debug|Any CPU.ActiveCfg = Debug|Any CPU
		{470C034F-1F1F-499C-9499-DC00B9EEEDE9}.Debug|Any CPU.Build.0 = Debug|Any CPU
		{470C034F-1F1F-499C-9499-DC00B9EEEDE9}.Debug|ARM.ActiveCfg = Debug|Any CPU
		{470C034F-1F1F-499C-9499-DC00B9EEEDE9}.Debug|x64.ActiveCfg = Debug|Any CPU
		{470C034F-1F1F-499C-9499-DC00B9EEEDE9}.Debug|x86.ActiveCfg = Debug|x86
		{470C034F-1F1F-499C-9499-DC00B9EEEDE9}.Debug|x86.Build.0 = Debug|x86
		{470C034F-1F1F-499C-9499-DC00B9EEEDE9}.Dev|Any CPU.ActiveCfg = Dev|Any CPU
		{470C034F-1F1F-499C-9499-DC00B9EEEDE9}.Dev|ARM.ActiveCfg = Dev|Any CPU
		{470C034F-1F1F-499C-9499-DC00B9EEEDE9}.Dev|x64.ActiveCfg = Dev|Any CPU
		{470C034F-1F1F-499C-9499-DC00B9EEEDE9}.Dev|x86.ActiveCfg = Dev|x86
		{470C034F-1F1F-499C-9499-DC00B9EEEDE9}.Dev|x86.Build.0 = Dev|x86
		{470C034F-1F1F-499C-9499-DC00B9EEEDE9}.Devp4|Any CPU.ActiveCfg = Devp4|Any CPU
		{470C034F-1F1F-499C-9499-DC00B9EEEDE9}.Devp4|ARM.ActiveCfg = Devp4|Any CPU
		{470C034F-1F1F-499C-9499-DC00B9EEEDE9}.Devp4|x64.ActiveCfg = Devp4|Any CPU
		{470C034F-1F1F-499C-9499-DC00B9EEEDE9}.Devp4|x86.ActiveCfg = Devp4|x86
		{470C034F-1F1F-499C-9499-DC00B9EEEDE9}.Devp4|x86.Build.0 = Devp4|x86
		{470C034F-1F1F-499C-9499-DC00B9EEEDE9}.Release|Any CPU.ActiveCfg = Release|Any CPU
		{470C034F-1F1F-499C-9499-DC00B9EEEDE9}.Release|Any CPU.Build.0 = Release|Any CPU
		{470C034F-1F1F-499C-9499-DC00B9EEEDE9}.Release|ARM.ActiveCfg = Release|Any CPU
		{470C034F-1F1F-499C-9499-DC00B9EEEDE9}.Release|x64.ActiveCfg = Release|Any CPU
		{470C034F-1F1F-499C-9499-DC00B9EEEDE9}.Release|x86.ActiveCfg = Release|x86
		{470C034F-1F1F-499C-9499-DC00B9EEEDE9}.Release|x86.Build.0 = Release|x86
		{470C034F-1F1F-499C-9499-DC00B9EEEDE9}.Release|x64.Build.0 = Release|Any CPU
		{56301BAA-FD15-46D4-9C77-84F9DC299C56}.CI|Any CPU.ActiveCfg = Release|Any CPU
		{56301BAA-FD15-46D4-9C77-84F9DC299C56}.CI|Any CPU.Build.0 = Release|Any CPU
		{56301BAA-FD15-46D4-9C77-84F9DC299C56}.CI|ARM.ActiveCfg = Release|Any CPU
		{56301BAA-FD15-46D4-9C77-84F9DC299C56}.CI|x64.ActiveCfg = Release|Any CPU
		{56301BAA-FD15-46D4-9C77-84F9DC299C56}.CI|x86.ActiveCfg = Release|Any CPU
		{56301BAA-FD15-46D4-9C77-84F9DC299C56}.Debug|Any CPU.ActiveCfg = Debug|Any CPU
		{56301BAA-FD15-46D4-9C77-84F9DC299C56}.Debug|Any CPU.Build.0 = Debug|Any CPU
		{56301BAA-FD15-46D4-9C77-84F9DC299C56}.Debug|ARM.ActiveCfg = Debug|Any CPU
		{56301BAA-FD15-46D4-9C77-84F9DC299C56}.Debug|x64.ActiveCfg = Debug|Any CPU
		{56301BAA-FD15-46D4-9C77-84F9DC299C56}.Debug|x86.ActiveCfg = Debug|Any CPU
		{56301BAA-FD15-46D4-9C77-84F9DC299C56}.Dev|Any CPU.ActiveCfg = Debug|Any CPU
		{56301BAA-FD15-46D4-9C77-84F9DC299C56}.Dev|Any CPU.Build.0 = Debug|Any CPU
		{56301BAA-FD15-46D4-9C77-84F9DC299C56}.Dev|ARM.ActiveCfg = Debug|Any CPU
		{56301BAA-FD15-46D4-9C77-84F9DC299C56}.Dev|x64.ActiveCfg = Debug|Any CPU
		{56301BAA-FD15-46D4-9C77-84F9DC299C56}.Dev|x86.ActiveCfg = Debug|Any CPU
		{56301BAA-FD15-46D4-9C77-84F9DC299C56}.Devp4|Any CPU.ActiveCfg = Debug|Any CPU
		{56301BAA-FD15-46D4-9C77-84F9DC299C56}.Devp4|Any CPU.Build.0 = Debug|Any CPU
		{56301BAA-FD15-46D4-9C77-84F9DC299C56}.Devp4|ARM.ActiveCfg = Debug|Any CPU
		{56301BAA-FD15-46D4-9C77-84F9DC299C56}.Devp4|x64.ActiveCfg = Debug|Any CPU
		{56301BAA-FD15-46D4-9C77-84F9DC299C56}.Devp4|x86.ActiveCfg = Debug|Any CPU
		{56301BAA-FD15-46D4-9C77-84F9DC299C56}.Release|Any CPU.ActiveCfg = Release|Any CPU
		{56301BAA-FD15-46D4-9C77-84F9DC299C56}.Release|Any CPU.Build.0 = Release|Any CPU
		{56301BAA-FD15-46D4-9C77-84F9DC299C56}.Release|ARM.ActiveCfg = Release|Any CPU
		{56301BAA-FD15-46D4-9C77-84F9DC299C56}.Release|x64.ActiveCfg = Release|Any CPU
		{56301BAA-FD15-46D4-9C77-84F9DC299C56}.Release|x86.ActiveCfg = Release|Any CPU
		{56301BAA-FD15-46D4-9C77-84F9DC299C56}.Release|x64.Build.0 = Release|Any CPU
		{541C9DCC-3656-459D-AD99-A0CD03D264D6}.CI|Any CPU.ActiveCfg = Debug|Any CPU
		{541C9DCC-3656-459D-AD99-A0CD03D264D6}.CI|Any CPU.Build.0 = Debug|Any CPU
		{541C9DCC-3656-459D-AD99-A0CD03D264D6}.CI|ARM.ActiveCfg = Debug|Any CPU
		{541C9DCC-3656-459D-AD99-A0CD03D264D6}.CI|ARM.Build.0 = Debug|Any CPU
		{541C9DCC-3656-459D-AD99-A0CD03D264D6}.CI|x64.ActiveCfg = Debug|Any CPU
		{541C9DCC-3656-459D-AD99-A0CD03D264D6}.CI|x64.Build.0 = Debug|Any CPU
		{541C9DCC-3656-459D-AD99-A0CD03D264D6}.CI|x86.ActiveCfg = Debug|Any CPU
		{541C9DCC-3656-459D-AD99-A0CD03D264D6}.CI|x86.Build.0 = Debug|Any CPU
		{541C9DCC-3656-459D-AD99-A0CD03D264D6}.Debug|Any CPU.ActiveCfg = Debug|Any CPU
		{541C9DCC-3656-459D-AD99-A0CD03D264D6}.Debug|Any CPU.Build.0 = Debug|Any CPU
		{541C9DCC-3656-459D-AD99-A0CD03D264D6}.Debug|ARM.ActiveCfg = Debug|Any CPU
		{541C9DCC-3656-459D-AD99-A0CD03D264D6}.Debug|ARM.Build.0 = Debug|Any CPU
		{541C9DCC-3656-459D-AD99-A0CD03D264D6}.Debug|x64.ActiveCfg = Debug|Any CPU
		{541C9DCC-3656-459D-AD99-A0CD03D264D6}.Debug|x64.Build.0 = Debug|Any CPU
		{541C9DCC-3656-459D-AD99-A0CD03D264D6}.Debug|x86.ActiveCfg = Debug|Any CPU
		{541C9DCC-3656-459D-AD99-A0CD03D264D6}.Debug|x86.Build.0 = Debug|Any CPU
		{541C9DCC-3656-459D-AD99-A0CD03D264D6}.Dev|Any CPU.ActiveCfg = Debug|Any CPU
		{541C9DCC-3656-459D-AD99-A0CD03D264D6}.Dev|Any CPU.Build.0 = Debug|Any CPU
		{541C9DCC-3656-459D-AD99-A0CD03D264D6}.Dev|ARM.ActiveCfg = Debug|Any CPU
		{541C9DCC-3656-459D-AD99-A0CD03D264D6}.Dev|ARM.Build.0 = Debug|Any CPU
		{541C9DCC-3656-459D-AD99-A0CD03D264D6}.Dev|x64.ActiveCfg = Debug|Any CPU
		{541C9DCC-3656-459D-AD99-A0CD03D264D6}.Dev|x64.Build.0 = Debug|Any CPU
		{541C9DCC-3656-459D-AD99-A0CD03D264D6}.Dev|x86.ActiveCfg = Debug|Any CPU
		{541C9DCC-3656-459D-AD99-A0CD03D264D6}.Dev|x86.Build.0 = Debug|Any CPU
		{541C9DCC-3656-459D-AD99-A0CD03D264D6}.Devp4|Any CPU.ActiveCfg = Debug|Any CPU
		{541C9DCC-3656-459D-AD99-A0CD03D264D6}.Devp4|Any CPU.Build.0 = Debug|Any CPU
		{541C9DCC-3656-459D-AD99-A0CD03D264D6}.Devp4|ARM.ActiveCfg = Debug|Any CPU
		{541C9DCC-3656-459D-AD99-A0CD03D264D6}.Devp4|ARM.Build.0 = Debug|Any CPU
		{541C9DCC-3656-459D-AD99-A0CD03D264D6}.Devp4|x64.ActiveCfg = Debug|Any CPU
		{541C9DCC-3656-459D-AD99-A0CD03D264D6}.Devp4|x64.Build.0 = Debug|Any CPU
		{541C9DCC-3656-459D-AD99-A0CD03D264D6}.Devp4|x86.ActiveCfg = Debug|Any CPU
		{541C9DCC-3656-459D-AD99-A0CD03D264D6}.Devp4|x86.Build.0 = Debug|Any CPU
		{541C9DCC-3656-459D-AD99-A0CD03D264D6}.Release|Any CPU.ActiveCfg = Release|Any CPU
		{541C9DCC-3656-459D-AD99-A0CD03D264D6}.Release|Any CPU.Build.0 = Release|Any CPU
		{541C9DCC-3656-459D-AD99-A0CD03D264D6}.Release|ARM.ActiveCfg = Release|Any CPU
		{541C9DCC-3656-459D-AD99-A0CD03D264D6}.Release|ARM.Build.0 = Release|Any CPU
		{541C9DCC-3656-459D-AD99-A0CD03D264D6}.Release|x64.ActiveCfg = Release|Any CPU
		{541C9DCC-3656-459D-AD99-A0CD03D264D6}.Release|x64.Build.0 = Release|Any CPU
		{541C9DCC-3656-459D-AD99-A0CD03D264D6}.Release|x86.ActiveCfg = Release|Any CPU
		{541C9DCC-3656-459D-AD99-A0CD03D264D6}.Release|x86.Build.0 = Release|Any CPU
		{1FB1A02C-04C3-4941-9DB5-95B57AEC92EF}.CI|Any CPU.ActiveCfg = Debug|Any CPU
		{1FB1A02C-04C3-4941-9DB5-95B57AEC92EF}.CI|Any CPU.Build.0 = Debug|Any CPU
		{1FB1A02C-04C3-4941-9DB5-95B57AEC92EF}.CI|ARM.ActiveCfg = Debug|Any CPU
		{1FB1A02C-04C3-4941-9DB5-95B57AEC92EF}.CI|ARM.Build.0 = Debug|Any CPU
		{1FB1A02C-04C3-4941-9DB5-95B57AEC92EF}.CI|x64.ActiveCfg = Debug|Any CPU
		{1FB1A02C-04C3-4941-9DB5-95B57AEC92EF}.CI|x64.Build.0 = Debug|Any CPU
		{1FB1A02C-04C3-4941-9DB5-95B57AEC92EF}.CI|x86.ActiveCfg = Debug|Any CPU
		{1FB1A02C-04C3-4941-9DB5-95B57AEC92EF}.CI|x86.Build.0 = Debug|Any CPU
		{1FB1A02C-04C3-4941-9DB5-95B57AEC92EF}.Debug|Any CPU.ActiveCfg = Debug|Any CPU
		{1FB1A02C-04C3-4941-9DB5-95B57AEC92EF}.Debug|Any CPU.Build.0 = Debug|Any CPU
		{1FB1A02C-04C3-4941-9DB5-95B57AEC92EF}.Debug|ARM.ActiveCfg = Debug|Any CPU
		{1FB1A02C-04C3-4941-9DB5-95B57AEC92EF}.Debug|ARM.Build.0 = Debug|Any CPU
		{1FB1A02C-04C3-4941-9DB5-95B57AEC92EF}.Debug|x64.ActiveCfg = Debug|Any CPU
		{1FB1A02C-04C3-4941-9DB5-95B57AEC92EF}.Debug|x64.Build.0 = Debug|Any CPU
		{1FB1A02C-04C3-4941-9DB5-95B57AEC92EF}.Debug|x86.ActiveCfg = Debug|Any CPU
		{1FB1A02C-04C3-4941-9DB5-95B57AEC92EF}.Debug|x86.Build.0 = Debug|Any CPU
		{1FB1A02C-04C3-4941-9DB5-95B57AEC92EF}.Dev|Any CPU.ActiveCfg = Debug|Any CPU
		{1FB1A02C-04C3-4941-9DB5-95B57AEC92EF}.Dev|Any CPU.Build.0 = Debug|Any CPU
		{1FB1A02C-04C3-4941-9DB5-95B57AEC92EF}.Dev|ARM.ActiveCfg = Debug|Any CPU
		{1FB1A02C-04C3-4941-9DB5-95B57AEC92EF}.Dev|ARM.Build.0 = Debug|Any CPU
		{1FB1A02C-04C3-4941-9DB5-95B57AEC92EF}.Dev|x64.ActiveCfg = Debug|Any CPU
		{1FB1A02C-04C3-4941-9DB5-95B57AEC92EF}.Dev|x64.Build.0 = Debug|Any CPU
		{1FB1A02C-04C3-4941-9DB5-95B57AEC92EF}.Dev|x86.ActiveCfg = Debug|Any CPU
		{1FB1A02C-04C3-4941-9DB5-95B57AEC92EF}.Dev|x86.Build.0 = Debug|Any CPU
		{1FB1A02C-04C3-4941-9DB5-95B57AEC92EF}.Devp4|Any CPU.ActiveCfg = Debug|Any CPU
		{1FB1A02C-04C3-4941-9DB5-95B57AEC92EF}.Devp4|Any CPU.Build.0 = Debug|Any CPU
		{1FB1A02C-04C3-4941-9DB5-95B57AEC92EF}.Devp4|ARM.ActiveCfg = Debug|Any CPU
		{1FB1A02C-04C3-4941-9DB5-95B57AEC92EF}.Devp4|ARM.Build.0 = Debug|Any CPU
		{1FB1A02C-04C3-4941-9DB5-95B57AEC92EF}.Devp4|x64.ActiveCfg = Debug|Any CPU
		{1FB1A02C-04C3-4941-9DB5-95B57AEC92EF}.Devp4|x64.Build.0 = Debug|Any CPU
		{1FB1A02C-04C3-4941-9DB5-95B57AEC92EF}.Devp4|x86.ActiveCfg = Debug|Any CPU
		{1FB1A02C-04C3-4941-9DB5-95B57AEC92EF}.Devp4|x86.Build.0 = Debug|Any CPU
		{1FB1A02C-04C3-4941-9DB5-95B57AEC92EF}.Release|Any CPU.ActiveCfg = Release|Any CPU
		{1FB1A02C-04C3-4941-9DB5-95B57AEC92EF}.Release|Any CPU.Build.0 = Release|Any CPU
		{1FB1A02C-04C3-4941-9DB5-95B57AEC92EF}.Release|ARM.ActiveCfg = Release|Any CPU
		{1FB1A02C-04C3-4941-9DB5-95B57AEC92EF}.Release|ARM.Build.0 = Release|Any CPU
		{1FB1A02C-04C3-4941-9DB5-95B57AEC92EF}.Release|x64.ActiveCfg = Release|Any CPU
		{1FB1A02C-04C3-4941-9DB5-95B57AEC92EF}.Release|x64.Build.0 = Release|Any CPU
		{1FB1A02C-04C3-4941-9DB5-95B57AEC92EF}.Release|x86.ActiveCfg = Release|Any CPU
		{1FB1A02C-04C3-4941-9DB5-95B57AEC92EF}.Release|x86.Build.0 = Release|Any CPU
		{6E473859-B8E9-475A-819D-8481795C18D5}.CI|Any CPU.ActiveCfg = Debug|Any CPU
		{6E473859-B8E9-475A-819D-8481795C18D5}.CI|Any CPU.Build.0 = Debug|Any CPU
		{6E473859-B8E9-475A-819D-8481795C18D5}.CI|ARM.ActiveCfg = Debug|Any CPU
		{6E473859-B8E9-475A-819D-8481795C18D5}.CI|ARM.Build.0 = Debug|Any CPU
		{6E473859-B8E9-475A-819D-8481795C18D5}.CI|x64.ActiveCfg = Debug|Any CPU
		{6E473859-B8E9-475A-819D-8481795C18D5}.CI|x64.Build.0 = Debug|Any CPU
		{6E473859-B8E9-475A-819D-8481795C18D5}.CI|x86.ActiveCfg = Debug|Any CPU
		{6E473859-B8E9-475A-819D-8481795C18D5}.CI|x86.Build.0 = Debug|Any CPU
		{6E473859-B8E9-475A-819D-8481795C18D5}.Debug|Any CPU.ActiveCfg = Debug|Any CPU
		{6E473859-B8E9-475A-819D-8481795C18D5}.Debug|Any CPU.Build.0 = Debug|Any CPU
		{6E473859-B8E9-475A-819D-8481795C18D5}.Debug|ARM.ActiveCfg = Debug|Any CPU
		{6E473859-B8E9-475A-819D-8481795C18D5}.Debug|ARM.Build.0 = Debug|Any CPU
		{6E473859-B8E9-475A-819D-8481795C18D5}.Debug|x64.ActiveCfg = Debug|Any CPU
		{6E473859-B8E9-475A-819D-8481795C18D5}.Debug|x64.Build.0 = Debug|Any CPU
		{6E473859-B8E9-475A-819D-8481795C18D5}.Debug|x86.ActiveCfg = Debug|Any CPU
		{6E473859-B8E9-475A-819D-8481795C18D5}.Debug|x86.Build.0 = Debug|Any CPU
		{6E473859-B8E9-475A-819D-8481795C18D5}.Dev|Any CPU.ActiveCfg = Debug|Any CPU
		{6E473859-B8E9-475A-819D-8481795C18D5}.Dev|Any CPU.Build.0 = Debug|Any CPU
		{6E473859-B8E9-475A-819D-8481795C18D5}.Dev|ARM.ActiveCfg = Debug|Any CPU
		{6E473859-B8E9-475A-819D-8481795C18D5}.Dev|ARM.Build.0 = Debug|Any CPU
		{6E473859-B8E9-475A-819D-8481795C18D5}.Dev|x64.ActiveCfg = Debug|Any CPU
		{6E473859-B8E9-475A-819D-8481795C18D5}.Dev|x64.Build.0 = Debug|Any CPU
		{6E473859-B8E9-475A-819D-8481795C18D5}.Dev|x86.ActiveCfg = Debug|Any CPU
		{6E473859-B8E9-475A-819D-8481795C18D5}.Dev|x86.Build.0 = Debug|Any CPU
		{6E473859-B8E9-475A-819D-8481795C18D5}.Devp4|Any CPU.ActiveCfg = Debug|Any CPU
		{6E473859-B8E9-475A-819D-8481795C18D5}.Devp4|Any CPU.Build.0 = Debug|Any CPU
		{6E473859-B8E9-475A-819D-8481795C18D5}.Devp4|ARM.ActiveCfg = Debug|Any CPU
		{6E473859-B8E9-475A-819D-8481795C18D5}.Devp4|ARM.Build.0 = Debug|Any CPU
		{6E473859-B8E9-475A-819D-8481795C18D5}.Devp4|x64.ActiveCfg = Debug|Any CPU
		{6E473859-B8E9-475A-819D-8481795C18D5}.Devp4|x64.Build.0 = Debug|Any CPU
		{6E473859-B8E9-475A-819D-8481795C18D5}.Devp4|x86.ActiveCfg = Debug|Any CPU
		{6E473859-B8E9-475A-819D-8481795C18D5}.Devp4|x86.Build.0 = Debug|Any CPU
		{6E473859-B8E9-475A-819D-8481795C18D5}.Release|Any CPU.ActiveCfg = Release|Any CPU
		{6E473859-B8E9-475A-819D-8481795C18D5}.Release|Any CPU.Build.0 = Release|Any CPU
		{6E473859-B8E9-475A-819D-8481795C18D5}.Release|ARM.ActiveCfg = Release|Any CPU
		{6E473859-B8E9-475A-819D-8481795C18D5}.Release|ARM.Build.0 = Release|Any CPU
		{6E473859-B8E9-475A-819D-8481795C18D5}.Release|x64.ActiveCfg = Release|Any CPU
		{6E473859-B8E9-475A-819D-8481795C18D5}.Release|x64.Build.0 = Release|Any CPU
		{6E473859-B8E9-475A-819D-8481795C18D5}.Release|x86.ActiveCfg = Release|Any CPU
		{6E473859-B8E9-475A-819D-8481795C18D5}.Release|x86.Build.0 = Release|Any CPU
		{CDC87613-B3F5-4BB3-847D-5866FE2C8779}.CI|Any CPU.ActiveCfg = Debug|Any CPU
		{CDC87613-B3F5-4BB3-847D-5866FE2C8779}.CI|Any CPU.Build.0 = Debug|Any CPU
		{CDC87613-B3F5-4BB3-847D-5866FE2C8779}.CI|ARM.ActiveCfg = Debug|Any CPU
		{CDC87613-B3F5-4BB3-847D-5866FE2C8779}.CI|ARM.Build.0 = Debug|Any CPU
		{CDC87613-B3F5-4BB3-847D-5866FE2C8779}.CI|x64.ActiveCfg = Debug|Any CPU
		{CDC87613-B3F5-4BB3-847D-5866FE2C8779}.CI|x64.Build.0 = Debug|Any CPU
		{CDC87613-B3F5-4BB3-847D-5866FE2C8779}.CI|x86.ActiveCfg = Debug|Any CPU
		{CDC87613-B3F5-4BB3-847D-5866FE2C8779}.CI|x86.Build.0 = Debug|Any CPU
		{CDC87613-B3F5-4BB3-847D-5866FE2C8779}.Debug|Any CPU.ActiveCfg = Debug|Any CPU
		{CDC87613-B3F5-4BB3-847D-5866FE2C8779}.Debug|Any CPU.Build.0 = Debug|Any CPU
		{CDC87613-B3F5-4BB3-847D-5866FE2C8779}.Debug|ARM.ActiveCfg = Debug|Any CPU
		{CDC87613-B3F5-4BB3-847D-5866FE2C8779}.Debug|ARM.Build.0 = Debug|Any CPU
		{CDC87613-B3F5-4BB3-847D-5866FE2C8779}.Debug|x64.ActiveCfg = Debug|Any CPU
		{CDC87613-B3F5-4BB3-847D-5866FE2C8779}.Debug|x64.Build.0 = Debug|Any CPU
		{CDC87613-B3F5-4BB3-847D-5866FE2C8779}.Debug|x86.ActiveCfg = Debug|Any CPU
		{CDC87613-B3F5-4BB3-847D-5866FE2C8779}.Debug|x86.Build.0 = Debug|Any CPU
		{CDC87613-B3F5-4BB3-847D-5866FE2C8779}.Dev|Any CPU.ActiveCfg = Debug|Any CPU
		{CDC87613-B3F5-4BB3-847D-5866FE2C8779}.Dev|Any CPU.Build.0 = Debug|Any CPU
		{CDC87613-B3F5-4BB3-847D-5866FE2C8779}.Dev|ARM.ActiveCfg = Debug|Any CPU
		{CDC87613-B3F5-4BB3-847D-5866FE2C8779}.Dev|ARM.Build.0 = Debug|Any CPU
		{CDC87613-B3F5-4BB3-847D-5866FE2C8779}.Dev|x64.ActiveCfg = Debug|Any CPU
		{CDC87613-B3F5-4BB3-847D-5866FE2C8779}.Dev|x64.Build.0 = Debug|Any CPU
		{CDC87613-B3F5-4BB3-847D-5866FE2C8779}.Dev|x86.ActiveCfg = Debug|Any CPU
		{CDC87613-B3F5-4BB3-847D-5866FE2C8779}.Dev|x86.Build.0 = Debug|Any CPU
		{CDC87613-B3F5-4BB3-847D-5866FE2C8779}.Devp4|Any CPU.ActiveCfg = Debug|Any CPU
		{CDC87613-B3F5-4BB3-847D-5866FE2C8779}.Devp4|Any CPU.Build.0 = Debug|Any CPU
		{CDC87613-B3F5-4BB3-847D-5866FE2C8779}.Devp4|ARM.ActiveCfg = Debug|Any CPU
		{CDC87613-B3F5-4BB3-847D-5866FE2C8779}.Devp4|ARM.Build.0 = Debug|Any CPU
		{CDC87613-B3F5-4BB3-847D-5866FE2C8779}.Devp4|x64.ActiveCfg = Debug|Any CPU
		{CDC87613-B3F5-4BB3-847D-5866FE2C8779}.Devp4|x64.Build.0 = Debug|Any CPU
		{CDC87613-B3F5-4BB3-847D-5866FE2C8779}.Devp4|x86.ActiveCfg = Debug|Any CPU
		{CDC87613-B3F5-4BB3-847D-5866FE2C8779}.Devp4|x86.Build.0 = Debug|Any CPU
		{CDC87613-B3F5-4BB3-847D-5866FE2C8779}.Release|Any CPU.ActiveCfg = Release|Any CPU
		{CDC87613-B3F5-4BB3-847D-5866FE2C8779}.Release|Any CPU.Build.0 = Release|Any CPU
		{CDC87613-B3F5-4BB3-847D-5866FE2C8779}.Release|ARM.ActiveCfg = Release|Any CPU
		{CDC87613-B3F5-4BB3-847D-5866FE2C8779}.Release|ARM.Build.0 = Release|Any CPU
		{CDC87613-B3F5-4BB3-847D-5866FE2C8779}.Release|x64.ActiveCfg = Release|Any CPU
		{CDC87613-B3F5-4BB3-847D-5866FE2C8779}.Release|x64.Build.0 = Release|Any CPU
		{CDC87613-B3F5-4BB3-847D-5866FE2C8779}.Release|x86.ActiveCfg = Release|Any CPU
		{CDC87613-B3F5-4BB3-847D-5866FE2C8779}.Release|x86.Build.0 = Release|Any CPU
		{C9CCA283-A76C-4281-B8A3-AE2DFDD31494}.CI|Any CPU.ActiveCfg = Debug|Any CPU
		{C9CCA283-A76C-4281-B8A3-AE2DFDD31494}.CI|Any CPU.Build.0 = Debug|Any CPU
		{C9CCA283-A76C-4281-B8A3-AE2DFDD31494}.CI|ARM.ActiveCfg = Debug|Any CPU
		{C9CCA283-A76C-4281-B8A3-AE2DFDD31494}.CI|ARM.Build.0 = Debug|Any CPU
		{C9CCA283-A76C-4281-B8A3-AE2DFDD31494}.CI|x64.ActiveCfg = Debug|Any CPU
		{C9CCA283-A76C-4281-B8A3-AE2DFDD31494}.CI|x64.Build.0 = Debug|Any CPU
		{C9CCA283-A76C-4281-B8A3-AE2DFDD31494}.CI|x86.ActiveCfg = Debug|Any CPU
		{C9CCA283-A76C-4281-B8A3-AE2DFDD31494}.CI|x86.Build.0 = Debug|Any CPU
		{C9CCA283-A76C-4281-B8A3-AE2DFDD31494}.Debug|Any CPU.ActiveCfg = Debug|Any CPU
		{C9CCA283-A76C-4281-B8A3-AE2DFDD31494}.Debug|Any CPU.Build.0 = Debug|Any CPU
		{C9CCA283-A76C-4281-B8A3-AE2DFDD31494}.Debug|ARM.ActiveCfg = Debug|Any CPU
		{C9CCA283-A76C-4281-B8A3-AE2DFDD31494}.Debug|ARM.Build.0 = Debug|Any CPU
		{C9CCA283-A76C-4281-B8A3-AE2DFDD31494}.Debug|x64.ActiveCfg = Debug|Any CPU
		{C9CCA283-A76C-4281-B8A3-AE2DFDD31494}.Debug|x64.Build.0 = Debug|Any CPU
		{C9CCA283-A76C-4281-B8A3-AE2DFDD31494}.Debug|x86.ActiveCfg = Debug|Any CPU
		{C9CCA283-A76C-4281-B8A3-AE2DFDD31494}.Debug|x86.Build.0 = Debug|Any CPU
		{C9CCA283-A76C-4281-B8A3-AE2DFDD31494}.Dev|Any CPU.ActiveCfg = Debug|Any CPU
		{C9CCA283-A76C-4281-B8A3-AE2DFDD31494}.Dev|Any CPU.Build.0 = Debug|Any CPU
		{C9CCA283-A76C-4281-B8A3-AE2DFDD31494}.Dev|ARM.ActiveCfg = Debug|Any CPU
		{C9CCA283-A76C-4281-B8A3-AE2DFDD31494}.Dev|ARM.Build.0 = Debug|Any CPU
		{C9CCA283-A76C-4281-B8A3-AE2DFDD31494}.Dev|x64.ActiveCfg = Debug|Any CPU
		{C9CCA283-A76C-4281-B8A3-AE2DFDD31494}.Dev|x64.Build.0 = Debug|Any CPU
		{C9CCA283-A76C-4281-B8A3-AE2DFDD31494}.Dev|x86.ActiveCfg = Debug|Any CPU
		{C9CCA283-A76C-4281-B8A3-AE2DFDD31494}.Dev|x86.Build.0 = Debug|Any CPU
		{C9CCA283-A76C-4281-B8A3-AE2DFDD31494}.Devp4|Any CPU.ActiveCfg = Debug|Any CPU
		{C9CCA283-A76C-4281-B8A3-AE2DFDD31494}.Devp4|Any CPU.Build.0 = Debug|Any CPU
		{C9CCA283-A76C-4281-B8A3-AE2DFDD31494}.Devp4|ARM.ActiveCfg = Debug|Any CPU
		{C9CCA283-A76C-4281-B8A3-AE2DFDD31494}.Devp4|ARM.Build.0 = Debug|Any CPU
		{C9CCA283-A76C-4281-B8A3-AE2DFDD31494}.Devp4|x64.ActiveCfg = Debug|Any CPU
		{C9CCA283-A76C-4281-B8A3-AE2DFDD31494}.Devp4|x64.Build.0 = Debug|Any CPU
		{C9CCA283-A76C-4281-B8A3-AE2DFDD31494}.Devp4|x86.ActiveCfg = Debug|Any CPU
		{C9CCA283-A76C-4281-B8A3-AE2DFDD31494}.Devp4|x86.Build.0 = Debug|Any CPU
		{C9CCA283-A76C-4281-B8A3-AE2DFDD31494}.Release|Any CPU.ActiveCfg = Release|Any CPU
		{C9CCA283-A76C-4281-B8A3-AE2DFDD31494}.Release|Any CPU.Build.0 = Release|Any CPU
		{C9CCA283-A76C-4281-B8A3-AE2DFDD31494}.Release|ARM.ActiveCfg = Release|Any CPU
		{C9CCA283-A76C-4281-B8A3-AE2DFDD31494}.Release|ARM.Build.0 = Release|Any CPU
		{C9CCA283-A76C-4281-B8A3-AE2DFDD31494}.Release|x64.ActiveCfg = Release|Any CPU
		{C9CCA283-A76C-4281-B8A3-AE2DFDD31494}.Release|x64.Build.0 = Release|Any CPU
		{C9CCA283-A76C-4281-B8A3-AE2DFDD31494}.Release|x86.ActiveCfg = Release|Any CPU
		{C9CCA283-A76C-4281-B8A3-AE2DFDD31494}.Release|x86.Build.0 = Release|Any CPU
		{8602F82D-8C1C-48E5-8343-C55D9D5DB477}.CI|Any CPU.ActiveCfg = Debug|Any CPU
		{8602F82D-8C1C-48E5-8343-C55D9D5DB477}.CI|Any CPU.Build.0 = Debug|Any CPU
		{8602F82D-8C1C-48E5-8343-C55D9D5DB477}.CI|ARM.ActiveCfg = Debug|Any CPU
		{8602F82D-8C1C-48E5-8343-C55D9D5DB477}.CI|ARM.Build.0 = Debug|Any CPU
		{8602F82D-8C1C-48E5-8343-C55D9D5DB477}.CI|x64.ActiveCfg = Debug|Any CPU
		{8602F82D-8C1C-48E5-8343-C55D9D5DB477}.CI|x64.Build.0 = Debug|Any CPU
		{8602F82D-8C1C-48E5-8343-C55D9D5DB477}.CI|x86.ActiveCfg = Debug|Any CPU
		{8602F82D-8C1C-48E5-8343-C55D9D5DB477}.CI|x86.Build.0 = Debug|Any CPU
		{8602F82D-8C1C-48E5-8343-C55D9D5DB477}.Debug|Any CPU.ActiveCfg = Debug|Any CPU
		{8602F82D-8C1C-48E5-8343-C55D9D5DB477}.Debug|Any CPU.Build.0 = Debug|Any CPU
		{8602F82D-8C1C-48E5-8343-C55D9D5DB477}.Debug|ARM.ActiveCfg = Debug|Any CPU
		{8602F82D-8C1C-48E5-8343-C55D9D5DB477}.Debug|ARM.Build.0 = Debug|Any CPU
		{8602F82D-8C1C-48E5-8343-C55D9D5DB477}.Debug|x64.ActiveCfg = Debug|Any CPU
		{8602F82D-8C1C-48E5-8343-C55D9D5DB477}.Debug|x64.Build.0 = Debug|Any CPU
		{8602F82D-8C1C-48E5-8343-C55D9D5DB477}.Debug|x86.ActiveCfg = Debug|Any CPU
		{8602F82D-8C1C-48E5-8343-C55D9D5DB477}.Debug|x86.Build.0 = Debug|Any CPU
		{8602F82D-8C1C-48E5-8343-C55D9D5DB477}.Dev|Any CPU.ActiveCfg = Debug|Any CPU
		{8602F82D-8C1C-48E5-8343-C55D9D5DB477}.Dev|Any CPU.Build.0 = Debug|Any CPU
		{8602F82D-8C1C-48E5-8343-C55D9D5DB477}.Dev|ARM.ActiveCfg = Debug|Any CPU
		{8602F82D-8C1C-48E5-8343-C55D9D5DB477}.Dev|ARM.Build.0 = Debug|Any CPU
		{8602F82D-8C1C-48E5-8343-C55D9D5DB477}.Dev|x64.ActiveCfg = Debug|Any CPU
		{8602F82D-8C1C-48E5-8343-C55D9D5DB477}.Dev|x64.Build.0 = Debug|Any CPU
		{8602F82D-8C1C-48E5-8343-C55D9D5DB477}.Dev|x86.ActiveCfg = Debug|Any CPU
		{8602F82D-8C1C-48E5-8343-C55D9D5DB477}.Dev|x86.Build.0 = Debug|Any CPU
		{8602F82D-8C1C-48E5-8343-C55D9D5DB477}.Devp4|Any CPU.ActiveCfg = Debug|Any CPU
		{8602F82D-8C1C-48E5-8343-C55D9D5DB477}.Devp4|Any CPU.Build.0 = Debug|Any CPU
		{8602F82D-8C1C-48E5-8343-C55D9D5DB477}.Devp4|ARM.ActiveCfg = Debug|Any CPU
		{8602F82D-8C1C-48E5-8343-C55D9D5DB477}.Devp4|ARM.Build.0 = Debug|Any CPU
		{8602F82D-8C1C-48E5-8343-C55D9D5DB477}.Devp4|x64.ActiveCfg = Debug|Any CPU
		{8602F82D-8C1C-48E5-8343-C55D9D5DB477}.Devp4|x64.Build.0 = Debug|Any CPU
		{8602F82D-8C1C-48E5-8343-C55D9D5DB477}.Devp4|x86.ActiveCfg = Debug|Any CPU
		{8602F82D-8C1C-48E5-8343-C55D9D5DB477}.Devp4|x86.Build.0 = Debug|Any CPU
		{8602F82D-8C1C-48E5-8343-C55D9D5DB477}.Release|Any CPU.ActiveCfg = Release|Any CPU
		{8602F82D-8C1C-48E5-8343-C55D9D5DB477}.Release|Any CPU.Build.0 = Release|Any CPU
		{8602F82D-8C1C-48E5-8343-C55D9D5DB477}.Release|ARM.ActiveCfg = Release|Any CPU
		{8602F82D-8C1C-48E5-8343-C55D9D5DB477}.Release|ARM.Build.0 = Release|Any CPU
		{8602F82D-8C1C-48E5-8343-C55D9D5DB477}.Release|x64.ActiveCfg = Release|Any CPU
		{8602F82D-8C1C-48E5-8343-C55D9D5DB477}.Release|x64.Build.0 = Release|Any CPU
		{8602F82D-8C1C-48E5-8343-C55D9D5DB477}.Release|x86.ActiveCfg = Release|Any CPU
		{8602F82D-8C1C-48E5-8343-C55D9D5DB477}.Release|x86.Build.0 = Release|Any CPU
	EndGlobalSection
	GlobalSection(SolutionProperties) = preSolution
		HideSolutionNode = FALSE
	EndGlobalSection
	GlobalSection(NestedProjects) = preSolution
		{2A4BD262-D6EB-4611-A28B-27B6DAEB089B} = {59F722D5-6E5C-4544-A849-18E7CE876FDF}
		{26B3033C-D1E2-4188-870C-D197E95A7F6B} = {59F722D5-6E5C-4544-A849-18E7CE876FDF}
		{01C3C379-C816-4779-942D-0263763F8EA5} = {3C626068-E8CE-4F62-8974-F42A56F4EFD3}
		{470C034F-1F1F-499C-9499-DC00B9EEEDE9} = {023F1F7D-5F49-430F-9CC4-5FF891439548}
		{56301BAA-FD15-46D4-9C77-84F9DC299C56} = {1AD0980F-0C79-4F83-A638-5CB22ED62675}
		{541C9DCC-3656-459D-AD99-A0CD03D264D6} = {023F1F7D-5F49-430F-9CC4-5FF891439548}
		{1FB1A02C-04C3-4941-9DB5-95B57AEC92EF} = {5014C740-F6C7-4995-8D40-C250FB159A20}
		{6E473859-B8E9-475A-819D-8481795C18D5} = {5014C740-F6C7-4995-8D40-C250FB159A20}
		{CDC87613-B3F5-4BB3-847D-5866FE2C8779} = {16A9EA72-79A5-448D-B7A3-55E7D8362479}
		{C9CCA283-A76C-4281-B8A3-AE2DFDD31494} = {FA582319-EA17-4C52-870D-C00EF793628F}
		{8602F82D-8C1C-48E5-8343-C55D9D5DB477} = {59F722D5-6E5C-4544-A849-18E7CE876FDF}
	EndGlobalSection
	GlobalSection(ExtensibilityGlobals) = postSolution
		SolutionGuid = {2CBD5A8C-E3D2-41F2-9202-D9B8280AA317}
	EndGlobalSection
EndGlobal
