
Microsoft Visual Studio Solution File, Format Version 12.00
# Visual Studio 2013
VisualStudioVersion = 12.0.30723.0
MinimumVisualStudioVersion = 10.0.40219.1
Project("{FAE04EC0-301F-11D3-BF4B-00C04F79EFBC}") = "MoonSharp", "MoonSharp\MoonSharp.csproj", "{2A4BD262-D6EB-4611-A28B-27B6DAEB089B}"
EndProject
Project("{FAE04EC0-301F-11D3-BF4B-00C04F79EFBC}") = "MoonSharp.Interpreter", "MoonSharp.Interpreter\MoonSharp.Interpreter.csproj", "{91EA9B9D-FE03-4273-BDAF-8AD42EDE1E59}"
EndProject
Project("{FAE04EC0-301F-11D3-BF4B-00C04F79EFBC}") = "MoonSharp.Interpreter.Tests", "MoonSharp.Interpreter.Tests\MoonSharp.Interpreter.Tests.csproj", "{4AD350E6-E296-43EF-9FEA-CB70358467E4}"
EndProject
Project("{FAE04EC0-301F-11D3-BF4B-00C04F79EFBC}") = "PerformanceComparison", "PerformanceComparison\PerformanceComparison.csproj", "{01C3C379-C816-4779-942D-0263763F8EA5}"
EndProject
Project("{FAE04EC0-301F-11D3-BF4B-00C04F79EFBC}") = "MoonSharpTests", "MoonSharpTests\MoonSharpTests.csproj", "{470C034F-1F1F-499C-9499-DC00B9EEEDE9}"
EndProject
Project("{2150E333-8FDC-42A3-9474-1A3956D46DE8}") = "root", "root", "{F02DBEDA-6AEB-461A-9557-DA7E2CB56C5A}"
	ProjectSection(SolutionItems) = preProject
		..\LICENSE = ..\LICENSE
		..\README.md = ..\README.md
	EndProjectSection
EndProject
Project("{FAE04EC0-301F-11D3-BF4B-00C04F79EFBC}") = "MoonSharp.Debugger", "MoonSharp.Debugger\MoonSharp.Debugger.csproj", "{F4F82CCE-2E13-441B-939C-63CF2343B1C9}"
EndProject
Project("{7CF6DF6D-3B04-46F8-A40B-537D21BCA0B4}") = "MoonSharp.Documentation", "MoonSharp.Documentation\MoonSharp.Documentation.shfbproj", "{26B3033C-D1E2-4188-870C-D197E95A7F6B}"
EndProject
Project("{FAE04EC0-301F-11D3-BF4B-00C04F79EFBC}") = "MoonSharp.RemoteDebugger", "MoonSharp.RemoteDebugger\MoonSharp.RemoteDebugger.csproj", "{43D3AD52-FED5-4305-B0F4-6B991220CD0A}"
EndProject
Project("{2150E333-8FDC-42A3-9474-1A3956D46DE8}") = "DevTools", "DevTools", "{3C626068-E8CE-4F62-8974-F42A56F4EFD3}"
EndProject
Project("{2150E333-8FDC-42A3-9474-1A3956D46DE8}") = "Interpreters", "Interpreters", "{16A9EA72-79A5-448D-B7A3-55E7D8362479}"
EndProject
Project("{2150E333-8FDC-42A3-9474-1A3956D46DE8}") = "RemoteDebuggers", "RemoteDebuggers", "{5014C740-F6C7-4995-8D40-C250FB159A20}"
EndProject
Project("{2150E333-8FDC-42A3-9474-1A3956D46DE8}") = "Distribution", "Distribution", "{59F722D5-6E5C-4544-A849-18E7CE876FDF}"
EndProject
Project("{2150E333-8FDC-42A3-9474-1A3956D46DE8}") = "Tests", "Tests", "{FA582319-EA17-4C52-870D-C00EF793628F}"
EndProject
Project("{FAE04EC0-301F-11D3-BF4B-00C04F79EFBC}") = "LexerTestBed", "Tools\LexerTestBed\LexerTestBed.csproj", "{2C77D8EC-0F52-42B2-A408-EFAC85126153}"
EndProject
Global
	GlobalSection(SolutionConfigurationPlatforms) = preSolution
		Debug|Any CPU = Debug|Any CPU
		Debug|x86 = Debug|x86
		Release|Any CPU = Release|Any CPU
		Release|x86 = Release|x86
	EndGlobalSection
	GlobalSection(ProjectConfigurationPlatforms) = postSolution
		{2A4BD262-D6EB-4611-A28B-27B6DAEB089B}.Debug|Any CPU.ActiveCfg = Debug|Any CPU
		{2A4BD262-D6EB-4611-A28B-27B6DAEB089B}.Debug|Any CPU.Build.0 = Debug|Any CPU
		{2A4BD262-D6EB-4611-A28B-27B6DAEB089B}.Debug|x86.ActiveCfg = Debug|x86
		{2A4BD262-D6EB-4611-A28B-27B6DAEB089B}.Debug|x86.Build.0 = Debug|x86
		{2A4BD262-D6EB-4611-A28B-27B6DAEB089B}.Release|Any CPU.ActiveCfg = Release|Any CPU
		{2A4BD262-D6EB-4611-A28B-27B6DAEB089B}.Release|Any CPU.Build.0 = Release|Any CPU
		{2A4BD262-D6EB-4611-A28B-27B6DAEB089B}.Release|x86.ActiveCfg = Release|x86
		{2A4BD262-D6EB-4611-A28B-27B6DAEB089B}.Release|x86.Build.0 = Release|x86
		{91EA9B9D-FE03-4273-BDAF-8AD42EDE1E59}.Debug|Any CPU.ActiveCfg = Debug|Any CPU
		{91EA9B9D-FE03-4273-BDAF-8AD42EDE1E59}.Debug|Any CPU.Build.0 = Debug|Any CPU
		{91EA9B9D-FE03-4273-BDAF-8AD42EDE1E59}.Debug|x86.ActiveCfg = Debug|x86
		{91EA9B9D-FE03-4273-BDAF-8AD42EDE1E59}.Debug|x86.Build.0 = Debug|x86
		{91EA9B9D-FE03-4273-BDAF-8AD42EDE1E59}.Release|Any CPU.ActiveCfg = Release|Any CPU
		{91EA9B9D-FE03-4273-BDAF-8AD42EDE1E59}.Release|Any CPU.Build.0 = Release|Any CPU
		{91EA9B9D-FE03-4273-BDAF-8AD42EDE1E59}.Release|x86.ActiveCfg = Release|x86
		{91EA9B9D-FE03-4273-BDAF-8AD42EDE1E59}.Release|x86.Build.0 = Release|x86
		{4AD350E6-E296-43EF-9FEA-CB70358467E4}.Debug|Any CPU.ActiveCfg = Debug|Any CPU
		{4AD350E6-E296-43EF-9FEA-CB70358467E4}.Debug|Any CPU.Build.0 = Debug|Any CPU
		{4AD350E6-E296-43EF-9FEA-CB70358467E4}.Debug|x86.ActiveCfg = Debug|x86
		{4AD350E6-E296-43EF-9FEA-CB70358467E4}.Debug|x86.Build.0 = Debug|x86
		{4AD350E6-E296-43EF-9FEA-CB70358467E4}.Release|Any CPU.ActiveCfg = Release|Any CPU
		{4AD350E6-E296-43EF-9FEA-CB70358467E4}.Release|Any CPU.Build.0 = Release|Any CPU
		{4AD350E6-E296-43EF-9FEA-CB70358467E4}.Release|x86.ActiveCfg = Release|x86
		{4AD350E6-E296-43EF-9FEA-CB70358467E4}.Release|x86.Build.0 = Release|x86
		{01C3C379-C816-4779-942D-0263763F8EA5}.Debug|Any CPU.ActiveCfg = Debug|Any CPU
		{01C3C379-C816-4779-942D-0263763F8EA5}.Debug|Any CPU.Build.0 = Debug|Any CPU
		{01C3C379-C816-4779-942D-0263763F8EA5}.Debug|x86.ActiveCfg = Debug|x86
		{01C3C379-C816-4779-942D-0263763F8EA5}.Debug|x86.Build.0 = Debug|x86
		{01C3C379-C816-4779-942D-0263763F8EA5}.Release|Any CPU.ActiveCfg = Release|Any CPU
		{01C3C379-C816-4779-942D-0263763F8EA5}.Release|Any CPU.Build.0 = Release|Any CPU
		{01C3C379-C816-4779-942D-0263763F8EA5}.Release|x86.ActiveCfg = Release|x86
		{01C3C379-C816-4779-942D-0263763F8EA5}.Release|x86.Build.0 = Release|x86
		{470C034F-1F1F-499C-9499-DC00B9EEEDE9}.Debug|Any CPU.ActiveCfg = Debug|Any CPU
		{470C034F-1F1F-499C-9499-DC00B9EEEDE9}.Debug|Any CPU.Build.0 = Debug|Any CPU
		{470C034F-1F1F-499C-9499-DC00B9EEEDE9}.Debug|x86.ActiveCfg = Debug|x86
		{470C034F-1F1F-499C-9499-DC00B9EEEDE9}.Debug|x86.Build.0 = Debug|x86
		{470C034F-1F1F-499C-9499-DC00B9EEEDE9}.Release|Any CPU.ActiveCfg = Release|Any CPU
		{470C034F-1F1F-499C-9499-DC00B9EEEDE9}.Release|Any CPU.Build.0 = Release|Any CPU
		{470C034F-1F1F-499C-9499-DC00B9EEEDE9}.Release|x86.ActiveCfg = Release|x86
		{470C034F-1F1F-499C-9499-DC00B9EEEDE9}.Release|x86.Build.0 = Release|x86
		{F4F82CCE-2E13-441B-939C-63CF2343B1C9}.Debug|Any CPU.ActiveCfg = Debug|Any CPU
		{F4F82CCE-2E13-441B-939C-63CF2343B1C9}.Debug|Any CPU.Build.0 = Debug|Any CPU
		{F4F82CCE-2E13-441B-939C-63CF2343B1C9}.Debug|x86.ActiveCfg = Debug|x86
		{F4F82CCE-2E13-441B-939C-63CF2343B1C9}.Debug|x86.Build.0 = Debug|x86
		{F4F82CCE-2E13-441B-939C-63CF2343B1C9}.Release|Any CPU.ActiveCfg = Release|Any CPU
		{F4F82CCE-2E13-441B-939C-63CF2343B1C9}.Release|Any CPU.Build.0 = Release|Any CPU
		{F4F82CCE-2E13-441B-939C-63CF2343B1C9}.Release|x86.ActiveCfg = Release|x86
		{F4F82CCE-2E13-441B-939C-63CF2343B1C9}.Release|x86.Build.0 = Release|x86
		{26B3033C-D1E2-4188-870C-D197E95A7F6B}.Debug|Any CPU.ActiveCfg = Debug|Any CPU
		{26B3033C-D1E2-4188-870C-D197E95A7F6B}.Debug|x86.ActiveCfg = Debug|Any CPU
		{26B3033C-D1E2-4188-870C-D197E95A7F6B}.Release|Any CPU.ActiveCfg = Release|Any CPU
		{26B3033C-D1E2-4188-870C-D197E95A7F6B}.Release|x86.ActiveCfg = Release|Any CPU
		{43D3AD52-FED5-4305-B0F4-6B991220CD0A}.Debug|Any CPU.ActiveCfg = Debug|Any CPU
		{43D3AD52-FED5-4305-B0F4-6B991220CD0A}.Debug|Any CPU.Build.0 = Debug|Any CPU
		{43D3AD52-FED5-4305-B0F4-6B991220CD0A}.Debug|x86.ActiveCfg = Debug|Any CPU
		{43D3AD52-FED5-4305-B0F4-6B991220CD0A}.Release|Any CPU.ActiveCfg = Release|Any CPU
		{43D3AD52-FED5-4305-B0F4-6B991220CD0A}.Release|Any CPU.Build.0 = Release|Any CPU
		{43D3AD52-FED5-4305-B0F4-6B991220CD0A}.Release|x86.ActiveCfg = Release|Any CPU
		{2C77D8EC-0F52-42B2-A408-EFAC85126153}.Debug|Any CPU.ActiveCfg = Debug|Any CPU
		{2C77D8EC-0F52-42B2-A408-EFAC85126153}.Debug|Any CPU.Build.0 = Debug|Any CPU
		{2C77D8EC-0F52-42B2-A408-EFAC85126153}.Debug|x86.ActiveCfg = Debug|Any CPU
		{2C77D8EC-0F52-42B2-A408-EFAC85126153}.Release|Any CPU.ActiveCfg = Release|Any CPU
		{2C77D8EC-0F52-42B2-A408-EFAC85126153}.Release|Any CPU.Build.0 = Release|Any CPU
		{2C77D8EC-0F52-42B2-A408-EFAC85126153}.Release|x86.ActiveCfg = Release|Any CPU
	EndGlobalSection
	GlobalSection(SolutionProperties) = preSolution
		HideSolutionNode = FALSE
	EndGlobalSection
	GlobalSection(NestedProjects) = preSolution
		{2A4BD262-D6EB-4611-A28B-27B6DAEB089B} = {59F722D5-6E5C-4544-A849-18E7CE876FDF}
		{91EA9B9D-FE03-4273-BDAF-8AD42EDE1E59} = {16A9EA72-79A5-448D-B7A3-55E7D8362479}
		{4AD350E6-E296-43EF-9FEA-CB70358467E4} = {FA582319-EA17-4C52-870D-C00EF793628F}
		{01C3C379-C816-4779-942D-0263763F8EA5} = {3C626068-E8CE-4F62-8974-F42A56F4EFD3}
		{470C034F-1F1F-499C-9499-DC00B9EEEDE9} = {3C626068-E8CE-4F62-8974-F42A56F4EFD3}
		{F4F82CCE-2E13-441B-939C-63CF2343B1C9} = {3C626068-E8CE-4F62-8974-F42A56F4EFD3}
		{26B3033C-D1E2-4188-870C-D197E95A7F6B} = {59F722D5-6E5C-4544-A849-18E7CE876FDF}
		{43D3AD52-FED5-4305-B0F4-6B991220CD0A} = {5014C740-F6C7-4995-8D40-C250FB159A20}
		{2C77D8EC-0F52-42B2-A408-EFAC85126153} = {3C626068-E8CE-4F62-8974-F42A56F4EFD3}
	EndGlobalSection
EndGlobal
