
Microsoft Visual Studio Solution File, Format Version 12.00
# Visual Studio 2012
Project("{FAE04EC0-301F-11D3-BF4B-00C04F79EFBC}") = "XamarinTestBed_Android", "XamarinTestBed_Android\XamarinTestBed_Android.csproj", "{7E437BCC-8483-45C1-8F90-BCE931749061}"
EndProject
Global
	GlobalSection(SolutionConfigurationPlatforms) = preSolution
		Debug|Any CPU = Debug|Any CPU
		Release|Any CPU = Release|Any CPU
	EndGlobalSection
	GlobalSection(ProjectConfigurationPlatforms) = postSolution
		{7E437BCC-8483-45C1-8F90-BCE931749061}.Debug|Any CPU.ActiveCfg = Debug|Any CPU
		{7E437BCC-8483-45C1-8F90-BCE931749061}.Debug|Any CPU.Build.0 = Debug|Any CPU
		{7E437BCC-8483-45C1-8F90-BCE931749061}.Release|Any CPU.ActiveCfg = Release|Any CPU
		{7E437BCC-8483-45C1-8F90-BCE931749061}.Release|Any CPU.Build.0 = Release|Any CPU
	EndGlobalSection
	GlobalSection(MonoDevelopProperties) = preSolution
		StartupItem = XamarinTestBed_Android\XamarinTestBed_Android.csproj
	EndGlobalSection
EndGlobal
